
Microsoft Visual Studio Solution File, Format Version 12.00
# Visual Studio 15
VisualStudioVersion = 15.0.27703.2026
MinimumVisualStudioVersion = 10.0.40219.1
Project("{FAE04EC0-301F-11D3-BF4B-00C04F79EFBC}") = "App1780.Android", "App1780\App1780.Android\App1780.Android.csproj", "{8DA29737-2BE7-4F32-9EB2-82D063206459}"
EndProject
Project("{FAE04EC0-301F-11D3-BF4B-00C04F79EFBC}") = "App1780.iOS", "App1780\App1780.iOS\App1780.iOS.csproj", "{2C025ACC-7D44-47B0-AB23-2FCAA55A78C4}"
EndProject
Project("{FAE04EC0-301F-11D3-BF4B-00C04F79EFBC}") = "App1780.UWP", "App1780\App1780.UWP\App1780.UWP.csproj", "{18CDE764-9864-4EAC-BC02-BB3BA500B004}"
EndProject
Project("{D954291E-2A0B-460D-934E-DC6B0785DB48}") = "App1780", "App1780\App1780\App1780.shproj", "{8434CE75-D8F4-41B5-9A42-5C6C4A21617D}"
EndProject
Global
	GlobalSection(SharedMSBuildProjectFiles) = preSolution
		App1780\App1780\App1780.projitems*{18cde764-9864-4eac-bc02-bb3ba500b004}*SharedItemsImports = 4
		App1780\App1780\App1780.projitems*{2c025acc-7d44-47b0-ab23-2fcaa55a78c4}*SharedItemsImports = 4
		App1780\App1780\App1780.projitems*{8434ce75-d8f4-41b5-9a42-5c6c4a21617d}*SharedItemsImports = 13
		App1780\App1780\App1780.projitems*{8da29737-2be7-4f32-9eb2-82d063206459}*SharedItemsImports = 4
	EndGlobalSection
	GlobalSection(SolutionConfigurationPlatforms) = preSolution
		Ad-Hoc|Any CPU = Ad-Hoc|Any CPU
		Ad-Hoc|ARM = Ad-Hoc|ARM
		Ad-Hoc|iPhone = Ad-Hoc|iPhone
		Ad-Hoc|iPhoneSimulator = Ad-Hoc|iPhoneSimulator
		Ad-Hoc|x64 = Ad-Hoc|x64
		Ad-Hoc|x86 = Ad-Hoc|x86
		AppStore|Any CPU = AppStore|Any CPU
		AppStore|ARM = AppStore|ARM
		AppStore|iPhone = AppStore|iPhone
		AppStore|iPhoneSimulator = AppStore|iPhoneSimulator
		AppStore|x64 = AppStore|x64
		AppStore|x86 = AppStore|x86
		Debug|Any CPU = Debug|Any CPU
		Debug|ARM = Debug|ARM
		Debug|iPhone = Debug|iPhone
		Debug|iPhoneSimulator = Debug|iPhoneSimulator
		Debug|x64 = Debug|x64
		Debug|x86 = Debug|x86
		Release|Any CPU = Release|Any CPU
		Release|ARM = Release|ARM
		Release|iPhone = Release|iPhone
		Release|iPhoneSimulator = Release|iPhoneSimulator
		Release|x64 = Release|x64
		Release|x86 = Release|x86
	EndGlobalSection
	GlobalSection(ProjectConfigurationPlatforms) = postSolution
		{8DA29737-2BE7-4F32-9EB2-82D063206459}.Ad-Hoc|Any CPU.ActiveCfg = Release|Any CPU
		{8DA29737-2BE7-4F32-9EB2-82D063206459}.Ad-Hoc|Any CPU.Build.0 = Release|Any CPU
		{8DA29737-2BE7-4F32-9EB2-82D063206459}.Ad-Hoc|Any CPU.Deploy.0 = Release|Any CPU
		{8DA29737-2BE7-4F32-9EB2-82D063206459}.Ad-Hoc|ARM.ActiveCfg = Release|Any CPU
		{8DA29737-2BE7-4F32-9EB2-82D063206459}.Ad-Hoc|ARM.Build.0 = Release|Any CPU
		{8DA29737-2BE7-4F32-9EB2-82D063206459}.Ad-Hoc|ARM.Deploy.0 = Release|Any CPU
		{8DA29737-2BE7-4F32-9EB2-82D063206459}.Ad-Hoc|iPhone.ActiveCfg = Release|Any CPU
		{8DA29737-2BE7-4F32-9EB2-82D063206459}.Ad-Hoc|iPhone.Build.0 = Release|Any CPU
		{8DA29737-2BE7-4F32-9EB2-82D063206459}.Ad-Hoc|iPhone.Deploy.0 = Release|Any CPU
		{8DA29737-2BE7-4F32-9EB2-82D063206459}.Ad-Hoc|iPhoneSimulator.ActiveCfg = Release|Any CPU
		{8DA29737-2BE7-4F32-9EB2-82D063206459}.Ad-Hoc|iPhoneSimulator.Build.0 = Release|Any CPU
		{8DA29737-2BE7-4F32-9EB2-82D063206459}.Ad-Hoc|iPhoneSimulator.Deploy.0 = Release|Any CPU
		{8DA29737-2BE7-4F32-9EB2-82D063206459}.Ad-Hoc|x64.ActiveCfg = Release|Any CPU
		{8DA29737-2BE7-4F32-9EB2-82D063206459}.Ad-Hoc|x64.Build.0 = Release|Any CPU
		{8DA29737-2BE7-4F32-9EB2-82D063206459}.Ad-Hoc|x64.Deploy.0 = Release|Any CPU
		{8DA29737-2BE7-4F32-9EB2-82D063206459}.Ad-Hoc|x86.ActiveCfg = Release|Any CPU
		{8DA29737-2BE7-4F32-9EB2-82D063206459}.Ad-Hoc|x86.Build.0 = Release|Any CPU
		{8DA29737-2BE7-4F32-9EB2-82D063206459}.Ad-Hoc|x86.Deploy.0 = Release|Any CPU
		{8DA29737-2BE7-4F32-9EB2-82D063206459}.AppStore|Any CPU.ActiveCfg = Release|Any CPU
		{8DA29737-2BE7-4F32-9EB2-82D063206459}.AppStore|Any CPU.Build.0 = Release|Any CPU
		{8DA29737-2BE7-4F32-9EB2-82D063206459}.AppStore|Any CPU.Deploy.0 = Release|Any CPU
		{8DA29737-2BE7-4F32-9EB2-82D063206459}.AppStore|ARM.ActiveCfg = Release|Any CPU
		{8DA29737-2BE7-4F32-9EB2-82D063206459}.AppStore|ARM.Build.0 = Release|Any CPU
		{8DA29737-2BE7-4F32-9EB2-82D063206459}.AppStore|ARM.Deploy.0 = Release|Any CPU
		{8DA29737-2BE7-4F32-9EB2-82D063206459}.AppStore|iPhone.ActiveCfg = Release|Any CPU
		{8DA29737-2BE7-4F32-9EB2-82D063206459}.AppStore|iPhone.Build.0 = Release|Any CPU
		{8DA29737-2BE7-4F32-9EB2-82D063206459}.AppStore|iPhone.Deploy.0 = Release|Any CPU
		{8DA29737-2BE7-4F32-9EB2-82D063206459}.AppStore|iPhoneSimulator.ActiveCfg = Release|Any CPU
		{8DA29737-2BE7-4F32-9EB2-82D063206459}.AppStore|iPhoneSimulator.Build.0 = Release|Any CPU
		{8DA29737-2BE7-4F32-9EB2-82D063206459}.AppStore|iPhoneSimulator.Deploy.0 = Release|Any CPU
		{8DA29737-2BE7-4F32-9EB2-82D063206459}.AppStore|x64.ActiveCfg = Release|Any CPU
		{8DA29737-2BE7-4F32-9EB2-82D063206459}.AppStore|x64.Build.0 = Release|Any CPU
		{8DA29737-2BE7-4F32-9EB2-82D063206459}.AppStore|x64.Deploy.0 = Release|Any CPU
		{8DA29737-2BE7-4F32-9EB2-82D063206459}.AppStore|x86.ActiveCfg = Release|Any CPU
		{8DA29737-2BE7-4F32-9EB2-82D063206459}.AppStore|x86.Build.0 = Release|Any CPU
		{8DA29737-2BE7-4F32-9EB2-82D063206459}.AppStore|x86.Deploy.0 = Release|Any CPU
		{8DA29737-2BE7-4F32-9EB2-82D063206459}.Debug|Any CPU.ActiveCfg = Debug|Any CPU
		{8DA29737-2BE7-4F32-9EB2-82D063206459}.Debug|Any CPU.Build.0 = Debug|Any CPU
		{8DA29737-2BE7-4F32-9EB2-82D063206459}.Debug|Any CPU.Deploy.0 = Debug|Any CPU
		{8DA29737-2BE7-4F32-9EB2-82D063206459}.Debug|ARM.ActiveCfg = Debug|Any CPU
		{8DA29737-2BE7-4F32-9EB2-82D063206459}.Debug|ARM.Build.0 = Debug|Any CPU
		{8DA29737-2BE7-4F32-9EB2-82D063206459}.Debug|ARM.Deploy.0 = Debug|Any CPU
		{8DA29737-2BE7-4F32-9EB2-82D063206459}.Debug|iPhone.ActiveCfg = Debug|Any CPU
		{8DA29737-2BE7-4F32-9EB2-82D063206459}.Debug|iPhone.Build.0 = Debug|Any CPU
		{8DA29737-2BE7-4F32-9EB2-82D063206459}.Debug|iPhone.Deploy.0 = Debug|Any CPU
		{8DA29737-2BE7-4F32-9EB2-82D063206459}.Debug|iPhoneSimulator.ActiveCfg = Debug|Any CPU
		{8DA29737-2BE7-4F32-9EB2-82D063206459}.Debug|iPhoneSimulator.Build.0 = Debug|Any CPU
		{8DA29737-2BE7-4F32-9EB2-82D063206459}.Debug|iPhoneSimulator.Deploy.0 = Debug|Any CPU
		{8DA29737-2BE7-4F32-9EB2-82D063206459}.Debug|x64.ActiveCfg = Debug|Any CPU
		{8DA29737-2BE7-4F32-9EB2-82D063206459}.Debug|x64.Build.0 = Debug|Any CPU
		{8DA29737-2BE7-4F32-9EB2-82D063206459}.Debug|x64.Deploy.0 = Debug|Any CPU
		{8DA29737-2BE7-4F32-9EB2-82D063206459}.Debug|x86.ActiveCfg = Debug|Any CPU
		{8DA29737-2BE7-4F32-9EB2-82D063206459}.Debug|x86.Build.0 = Debug|Any CPU
		{8DA29737-2BE7-4F32-9EB2-82D063206459}.Debug|x86.Deploy.0 = Debug|Any CPU
		{8DA29737-2BE7-4F32-9EB2-82D063206459}.Release|Any CPU.ActiveCfg = Release|Any CPU
		{8DA29737-2BE7-4F32-9EB2-82D063206459}.Release|Any CPU.Build.0 = Release|Any CPU
		{8DA29737-2BE7-4F32-9EB2-82D063206459}.Release|Any CPU.Deploy.0 = Release|Any CPU
		{8DA29737-2BE7-4F32-9EB2-82D063206459}.Release|ARM.ActiveCfg = Release|Any CPU
		{8DA29737-2BE7-4F32-9EB2-82D063206459}.Release|ARM.Build.0 = Release|Any CPU
		{8DA29737-2BE7-4F32-9EB2-82D063206459}.Release|ARM.Deploy.0 = Release|Any CPU
		{8DA29737-2BE7-4F32-9EB2-82D063206459}.Release|iPhone.ActiveCfg = Release|Any CPU
		{8DA29737-2BE7-4F32-9EB2-82D063206459}.Release|iPhone.Build.0 = Release|Any CPU
		{8DA29737-2BE7-4F32-9EB2-82D063206459}.Release|iPhone.Deploy.0 = Release|Any CPU
		{8DA29737-2BE7-4F32-9EB2-82D063206459}.Release|iPhoneSimulator.ActiveCfg = Release|Any CPU
		{8DA29737-2BE7-4F32-9EB2-82D063206459}.Release|iPhoneSimulator.Build.0 = Release|Any CPU
		{8DA29737-2BE7-4F32-9EB2-82D063206459}.Release|iPhoneSimulator.Deploy.0 = Release|Any CPU
		{8DA29737-2BE7-4F32-9EB2-82D063206459}.Release|x64.ActiveCfg = Release|Any CPU
		{8DA29737-2BE7-4F32-9EB2-82D063206459}.Release|x64.Build.0 = Release|Any CPU
		{8DA29737-2BE7-4F32-9EB2-82D063206459}.Release|x64.Deploy.0 = Release|Any CPU
		{8DA29737-2BE7-4F32-9EB2-82D063206459}.Release|x86.ActiveCfg = Release|Any CPU
		{8DA29737-2BE7-4F32-9EB2-82D063206459}.Release|x86.Build.0 = Release|Any CPU
		{8DA29737-2BE7-4F32-9EB2-82D063206459}.Release|x86.Deploy.0 = Release|Any CPU
		{2C025ACC-7D44-47B0-AB23-2FCAA55A78C4}.Ad-Hoc|Any CPU.ActiveCfg = Ad-Hoc|iPhone
		{2C025ACC-7D44-47B0-AB23-2FCAA55A78C4}.Ad-Hoc|Any CPU.Build.0 = Ad-Hoc|iPhone
		{2C025ACC-7D44-47B0-AB23-2FCAA55A78C4}.Ad-Hoc|Any CPU.Deploy.0 = Ad-Hoc|iPhone
		{2C025ACC-7D44-47B0-AB23-2FCAA55A78C4}.Ad-Hoc|ARM.ActiveCfg = Ad-Hoc|iPhone
		{2C025ACC-7D44-47B0-AB23-2FCAA55A78C4}.Ad-Hoc|ARM.Build.0 = Ad-Hoc|iPhone
		{2C025ACC-7D44-47B0-AB23-2FCAA55A78C4}.Ad-Hoc|ARM.Deploy.0 = Ad-Hoc|iPhone
		{2C025ACC-7D44-47B0-AB23-2FCAA55A78C4}.Ad-Hoc|iPhone.ActiveCfg = Ad-Hoc|iPhone
		{2C025ACC-7D44-47B0-AB23-2FCAA55A78C4}.Ad-Hoc|iPhone.Build.0 = Ad-Hoc|iPhone
		{2C025ACC-7D44-47B0-AB23-2FCAA55A78C4}.Ad-Hoc|iPhone.Deploy.0 = Ad-Hoc|iPhone
		{2C025ACC-7D44-47B0-AB23-2FCAA55A78C4}.Ad-Hoc|iPhoneSimulator.ActiveCfg = Ad-Hoc|iPhoneSimulator
		{2C025ACC-7D44-47B0-AB23-2FCAA55A78C4}.Ad-Hoc|iPhoneSimulator.Build.0 = Ad-Hoc|iPhoneSimulator
		{2C025ACC-7D44-47B0-AB23-2FCAA55A78C4}.Ad-Hoc|iPhoneSimulator.Deploy.0 = Ad-Hoc|iPhoneSimulator
		{2C025ACC-7D44-47B0-AB23-2FCAA55A78C4}.Ad-Hoc|x64.ActiveCfg = Ad-Hoc|iPhone
		{2C025ACC-7D44-47B0-AB23-2FCAA55A78C4}.Ad-Hoc|x64.Build.0 = Ad-Hoc|iPhone
		{2C025ACC-7D44-47B0-AB23-2FCAA55A78C4}.Ad-Hoc|x64.Deploy.0 = Ad-Hoc|iPhone
		{2C025ACC-7D44-47B0-AB23-2FCAA55A78C4}.Ad-Hoc|x86.ActiveCfg = Ad-Hoc|iPhone
		{2C025ACC-7D44-47B0-AB23-2FCAA55A78C4}.Ad-Hoc|x86.Build.0 = Ad-Hoc|iPhone
		{2C025ACC-7D44-47B0-AB23-2FCAA55A78C4}.Ad-Hoc|x86.Deploy.0 = Ad-Hoc|iPhone
		{2C025ACC-7D44-47B0-AB23-2FCAA55A78C4}.AppStore|Any CPU.ActiveCfg = AppStore|iPhone
		{2C025ACC-7D44-47B0-AB23-2FCAA55A78C4}.AppStore|Any CPU.Build.0 = AppStore|iPhone
		{2C025ACC-7D44-47B0-AB23-2FCAA55A78C4}.AppStore|Any CPU.Deploy.0 = AppStore|iPhone
		{2C025ACC-7D44-47B0-AB23-2FCAA55A78C4}.AppStore|ARM.ActiveCfg = AppStore|iPhone
		{2C025ACC-7D44-47B0-AB23-2FCAA55A78C4}.AppStore|ARM.Build.0 = AppStore|iPhone
		{2C025ACC-7D44-47B0-AB23-2FCAA55A78C4}.AppStore|ARM.Deploy.0 = AppStore|iPhone
		{2C025ACC-7D44-47B0-AB23-2FCAA55A78C4}.AppStore|iPhone.ActiveCfg = AppStore|iPhone
		{2C025ACC-7D44-47B0-AB23-2FCAA55A78C4}.AppStore|iPhone.Build.0 = AppStore|iPhone
		{2C025ACC-7D44-47B0-AB23-2FCAA55A78C4}.AppStore|iPhone.Deploy.0 = AppStore|iPhone
		{2C025ACC-7D44-47B0-AB23-2FCAA55A78C4}.AppStore|iPhoneSimulator.ActiveCfg = AppStore|iPhoneSimulator
		{2C025ACC-7D44-47B0-AB23-2FCAA55A78C4}.AppStore|iPhoneSimulator.Build.0 = AppStore|iPhoneSimulator
		{2C025ACC-7D44-47B0-AB23-2FCAA55A78C4}.AppStore|iPhoneSimulator.Deploy.0 = AppStore|iPhoneSimulator
		{2C025ACC-7D44-47B0-AB23-2FCAA55A78C4}.AppStore|x64.ActiveCfg = AppStore|iPhone
		{2C025ACC-7D44-47B0-AB23-2FCAA55A78C4}.AppStore|x64.Build.0 = AppStore|iPhone
		{2C025ACC-7D44-47B0-AB23-2FCAA55A78C4}.AppStore|x64.Deploy.0 = AppStore|iPhone
		{2C025ACC-7D44-47B0-AB23-2FCAA55A78C4}.AppStore|x86.ActiveCfg = AppStore|iPhone
		{2C025ACC-7D44-47B0-AB23-2FCAA55A78C4}.AppStore|x86.Build.0 = AppStore|iPhone
		{2C025ACC-7D44-47B0-AB23-2FCAA55A78C4}.AppStore|x86.Deploy.0 = AppStore|iPhone
		{2C025ACC-7D44-47B0-AB23-2FCAA55A78C4}.Debug|Any CPU.ActiveCfg = Debug|iPhone
		{2C025ACC-7D44-47B0-AB23-2FCAA55A78C4}.Debug|Any CPU.Build.0 = Debug|iPhone
		{2C025ACC-7D44-47B0-AB23-2FCAA55A78C4}.Debug|Any CPU.Deploy.0 = Debug|iPhone
		{2C025ACC-7D44-47B0-AB23-2FCAA55A78C4}.Debug|ARM.ActiveCfg = Debug|iPhone
		{2C025ACC-7D44-47B0-AB23-2FCAA55A78C4}.Debug|ARM.Build.0 = Debug|iPhone
		{2C025ACC-7D44-47B0-AB23-2FCAA55A78C4}.Debug|ARM.Deploy.0 = Debug|iPhone
		{2C025ACC-7D44-47B0-AB23-2FCAA55A78C4}.Debug|iPhone.ActiveCfg = Debug|iPhone
		{2C025ACC-7D44-47B0-AB23-2FCAA55A78C4}.Debug|iPhone.Build.0 = Debug|iPhone
		{2C025ACC-7D44-47B0-AB23-2FCAA55A78C4}.Debug|iPhone.Deploy.0 = Debug|iPhone
		{2C025ACC-7D44-47B0-AB23-2FCAA55A78C4}.Debug|iPhoneSimulator.ActiveCfg = Debug|iPhoneSimulator
		{2C025ACC-7D44-47B0-AB23-2FCAA55A78C4}.Debug|iPhoneSimulator.Build.0 = Debug|iPhoneSimulator
		{2C025ACC-7D44-47B0-AB23-2FCAA55A78C4}.Debug|iPhoneSimulator.Deploy.0 = Debug|iPhoneSimulator
		{2C025ACC-7D44-47B0-AB23-2FCAA55A78C4}.Debug|x64.ActiveCfg = Debug|iPhone
		{2C025ACC-7D44-47B0-AB23-2FCAA55A78C4}.Debug|x64.Build.0 = Debug|iPhone
		{2C025ACC-7D44-47B0-AB23-2FCAA55A78C4}.Debug|x64.Deploy.0 = Debug|iPhone
		{2C025ACC-7D44-47B0-AB23-2FCAA55A78C4}.Debug|x86.ActiveCfg = Debug|iPhoneSimulator
		{2C025ACC-7D44-47B0-AB23-2FCAA55A78C4}.Debug|x86.Build.0 = Debug|iPhoneSimulator
		{2C025ACC-7D44-47B0-AB23-2FCAA55A78C4}.Debug|x86.Deploy.0 = Debug|iPhoneSimulator
		{2C025ACC-7D44-47B0-AB23-2FCAA55A78C4}.Release|Any CPU.ActiveCfg = Release|iPhone
		{2C025ACC-7D44-47B0-AB23-2FCAA55A78C4}.Release|Any CPU.Build.0 = Release|iPhone
		{2C025ACC-7D44-47B0-AB23-2FCAA55A78C4}.Release|Any CPU.Deploy.0 = Release|iPhone
		{2C025ACC-7D44-47B0-AB23-2FCAA55A78C4}.Release|ARM.ActiveCfg = Release|iPhone
		{2C025ACC-7D44-47B0-AB23-2FCAA55A78C4}.Release|ARM.Build.0 = Release|iPhone
		{2C025ACC-7D44-47B0-AB23-2FCAA55A78C4}.Release|ARM.Deploy.0 = Release|iPhone
		{2C025ACC-7D44-47B0-AB23-2FCAA55A78C4}.Release|iPhone.ActiveCfg = Release|iPhone
		{2C025ACC-7D44-47B0-AB23-2FCAA55A78C4}.Release|iPhone.Build.0 = Release|iPhone
		{2C025ACC-7D44-47B0-AB23-2FCAA55A78C4}.Release|iPhone.Deploy.0 = Release|iPhone
		{2C025ACC-7D44-47B0-AB23-2FCAA55A78C4}.Release|iPhoneSimulator.ActiveCfg = Release|iPhoneSimulator
		{2C025ACC-7D44-47B0-AB23-2FCAA55A78C4}.Release|iPhoneSimulator.Build.0 = Release|iPhoneSimulator
		{2C025ACC-7D44-47B0-AB23-2FCAA55A78C4}.Release|iPhoneSimulator.Deploy.0 = Release|iPhoneSimulator
		{2C025ACC-7D44-47B0-AB23-2FCAA55A78C4}.Release|x64.ActiveCfg = Release|iPhone
		{2C025ACC-7D44-47B0-AB23-2FCAA55A78C4}.Release|x64.Build.0 = Release|iPhone
		{2C025ACC-7D44-47B0-AB23-2FCAA55A78C4}.Release|x64.Deploy.0 = Release|iPhone
		{2C025ACC-7D44-47B0-AB23-2FCAA55A78C4}.Release|x86.ActiveCfg = Release|iPhone
		{2C025ACC-7D44-47B0-AB23-2FCAA55A78C4}.Release|x86.Build.0 = Release|iPhone
		{2C025ACC-7D44-47B0-AB23-2FCAA55A78C4}.Release|x86.Deploy.0 = Release|iPhone
		{18CDE764-9864-4EAC-BC02-BB3BA500B004}.Ad-Hoc|Any CPU.ActiveCfg = Release|x86
		{18CDE764-9864-4EAC-BC02-BB3BA500B004}.Ad-Hoc|Any CPU.Build.0 = Release|x86
		{18CDE764-9864-4EAC-BC02-BB3BA500B004}.Ad-Hoc|Any CPU.Deploy.0 = Release|x86
		{18CDE764-9864-4EAC-BC02-BB3BA500B004}.Ad-Hoc|ARM.ActiveCfg = Release|ARM
		{18CDE764-9864-4EAC-BC02-BB3BA500B004}.Ad-Hoc|ARM.Build.0 = Release|ARM
		{18CDE764-9864-4EAC-BC02-BB3BA500B004}.Ad-Hoc|ARM.Deploy.0 = Release|ARM
		{18CDE764-9864-4EAC-BC02-BB3BA500B004}.Ad-Hoc|iPhone.ActiveCfg = Release|x86
		{18CDE764-9864-4EAC-BC02-BB3BA500B004}.Ad-Hoc|iPhone.Build.0 = Release|x86
		{18CDE764-9864-4EAC-BC02-BB3BA500B004}.Ad-Hoc|iPhone.Deploy.0 = Release|x86
		{18CDE764-9864-4EAC-BC02-BB3BA500B004}.Ad-Hoc|iPhoneSimulator.ActiveCfg = Release|x86
		{18CDE764-9864-4EAC-BC02-BB3BA500B004}.Ad-Hoc|iPhoneSimulator.Build.0 = Release|x86
		{18CDE764-9864-4EAC-BC02-BB3BA500B004}.Ad-Hoc|iPhoneSimulator.Deploy.0 = Release|x86
		{18CDE764-9864-4EAC-BC02-BB3BA500B004}.Ad-Hoc|x64.ActiveCfg = Release|x64
		{18CDE764-9864-4EAC-BC02-BB3BA500B004}.Ad-Hoc|x64.Build.0 = Release|x64
		{18CDE764-9864-4EAC-BC02-BB3BA500B004}.Ad-Hoc|x64.Deploy.0 = Release|x64
		{18CDE764-9864-4EAC-BC02-BB3BA500B004}.Ad-Hoc|x86.ActiveCfg = Release|x86
		{18CDE764-9864-4EAC-BC02-BB3BA500B004}.Ad-Hoc|x86.Build.0 = Release|x86
		{18CDE764-9864-4EAC-BC02-BB3BA500B004}.Ad-Hoc|x86.Deploy.0 = Release|x86
		{18CDE764-9864-4EAC-BC02-BB3BA500B004}.AppStore|Any CPU.ActiveCfg = Release|x86
		{18CDE764-9864-4EAC-BC02-BB3BA500B004}.AppStore|Any CPU.Build.0 = Release|x86
		{18CDE764-9864-4EAC-BC02-BB3BA500B004}.AppStore|Any CPU.Deploy.0 = Release|x86
		{18CDE764-9864-4EAC-BC02-BB3BA500B004}.AppStore|ARM.ActiveCfg = Release|ARM
		{18CDE764-9864-4EAC-BC02-BB3BA500B004}.AppStore|ARM.Build.0 = Release|ARM
		{18CDE764-9864-4EAC-BC02-BB3BA500B004}.AppStore|ARM.Deploy.0 = Release|ARM
		{18CDE764-9864-4EAC-BC02-BB3BA500B004}.AppStore|iPhone.ActiveCfg = Release|x86
		{18CDE764-9864-4EAC-BC02-BB3BA500B004}.AppStore|iPhone.Build.0 = Release|x86
		{18CDE764-9864-4EAC-BC02-BB3BA500B004}.AppStore|iPhone.Deploy.0 = Release|x86
		{18CDE764-9864-4EAC-BC02-BB3BA500B004}.AppStore|iPhoneSimulator.ActiveCfg = Release|x86
		{18CDE764-9864-4EAC-BC02-BB3BA500B004}.AppStore|iPhoneSimulator.Build.0 = Release|x86
		{18CDE764-9864-4EAC-BC02-BB3BA500B004}.AppStore|iPhoneSimulator.Deploy.0 = Release|x86
		{18CDE764-9864-4EAC-BC02-BB3BA500B004}.AppStore|x64.ActiveCfg = Release|x64
		{18CDE764-9864-4EAC-BC02-BB3BA500B004}.AppStore|x64.Build.0 = Release|x64
		{18CDE764-9864-4EAC-BC02-BB3BA500B004}.AppStore|x64.Deploy.0 = Release|x64
		{18CDE764-9864-4EAC-BC02-BB3BA500B004}.AppStore|x86.ActiveCfg = Release|x86
		{18CDE764-9864-4EAC-BC02-BB3BA500B004}.AppStore|x86.Build.0 = Release|x86
		{18CDE764-9864-4EAC-BC02-BB3BA500B004}.AppStore|x86.Deploy.0 = Release|x86
		{18CDE764-9864-4EAC-BC02-BB3BA500B004}.Debug|Any CPU.ActiveCfg = Debug|x86
		{18CDE764-9864-4EAC-BC02-BB3BA500B004}.Debug|Any CPU.Build.0 = Debug|x86
		{18CDE764-9864-4EAC-BC02-BB3BA500B004}.Debug|Any CPU.Deploy.0 = Debug|x86
		{18CDE764-9864-4EAC-BC02-BB3BA500B004}.Debug|ARM.ActiveCfg = Debug|ARM
		{18CDE764-9864-4EAC-BC02-BB3BA500B004}.Debug|ARM.Build.0 = Debug|ARM
		{18CDE764-9864-4EAC-BC02-BB3BA500B004}.Debug|ARM.Deploy.0 = Debug|ARM
		{18CDE764-9864-4EAC-BC02-BB3BA500B004}.Debug|iPhone.ActiveCfg = Debug|x86
		{18CDE764-9864-4EAC-BC02-BB3BA500B004}.Debug|iPhone.Build.0 = Debug|x86
		{18CDE764-9864-4EAC-BC02-BB3BA500B004}.Debug|iPhone.Deploy.0 = Debug|x86
		{18CDE764-9864-4EAC-BC02-BB3BA500B004}.Debug|iPhoneSimulator.ActiveCfg = Debug|x86
		{18CDE764-9864-4EAC-BC02-BB3BA500B004}.Debug|iPhoneSimulator.Build.0 = Debug|x86
		{18CDE764-9864-4EAC-BC02-BB3BA500B004}.Debug|iPhoneSimulator.Deploy.0 = Debug|x86
		{18CDE764-9864-4EAC-BC02-BB3BA500B004}.Debug|x64.ActiveCfg = Debug|x64
		{18CDE764-9864-4EAC-BC02-BB3BA500B004}.Debug|x64.Build.0 = Debug|x64
		{18CDE764-9864-4EAC-BC02-BB3BA500B004}.Debug|x64.Deploy.0 = Debug|x64
		{18CDE764-9864-4EAC-BC02-BB3BA500B004}.Debug|x86.ActiveCfg = Debug|x86
		{18CDE764-9864-4EAC-BC02-BB3BA500B004}.Debug|x86.Build.0 = Debug|x86
		{18CDE764-9864-4EAC-BC02-BB3BA500B004}.Debug|x86.Deploy.0 = Debug|x86
		{18CDE764-9864-4EAC-BC02-BB3BA500B004}.Release|Any CPU.ActiveCfg = Release|x86
		{18CDE764-9864-4EAC-BC02-BB3BA500B004}.Release|Any CPU.Build.0 = Release|x86
		{18CDE764-9864-4EAC-BC02-BB3BA500B004}.Release|Any CPU.Deploy.0 = Release|x86
		{18CDE764-9864-4EAC-BC02-BB3BA500B004}.Release|ARM.ActiveCfg = Release|ARM
		{18CDE764-9864-4EAC-BC02-BB3BA500B004}.Release|ARM.Build.0 = Release|ARM
		{18CDE764-9864-4EAC-BC02-BB3BA500B004}.Release|ARM.Deploy.0 = Release|ARM
		{18CDE764-9864-4EAC-BC02-BB3BA500B004}.Release|iPhone.ActiveCfg = Release|x86
		{18CDE764-9864-4EAC-BC02-BB3BA500B004}.Release|iPhone.Build.0 = Release|x86
		{18CDE764-9864-4EAC-BC02-BB3BA500B004}.Release|iPhone.Deploy.0 = Release|x86
		{18CDE764-9864-4EAC-BC02-BB3BA500B004}.Release|iPhoneSimulator.ActiveCfg = Release|x86
		{18CDE764-9864-4EAC-BC02-BB3BA500B004}.Release|iPhoneSimulator.Build.0 = Release|x86
		{18CDE764-9864-4EAC-BC02-BB3BA500B004}.Release|iPhoneSimulator.Deploy.0 = Release|x86
		{18CDE764-9864-4EAC-BC02-BB3BA500B004}.Release|x64.ActiveCfg = Release|x64
		{18CDE764-9864-4EAC-BC02-BB3BA500B004}.Release|x64.Build.0 = Release|x64
		{18CDE764-9864-4EAC-BC02-BB3BA500B004}.Release|x64.Deploy.0 = Release|x64
		{18CDE764-9864-4EAC-BC02-BB3BA500B004}.Release|x86.ActiveCfg = Release|x86
		{18CDE764-9864-4EAC-BC02-BB3BA500B004}.Release|x86.Build.0 = Release|x86
		{18CDE764-9864-4EAC-BC02-BB3BA500B004}.Release|x86.Deploy.0 = Release|x86
	EndGlobalSection
	GlobalSection(SolutionProperties) = preSolution
		HideSolutionNode = FALSE
	EndGlobalSection
	GlobalSection(ExtensibilityGlobals) = postSolution
		SolutionGuid = {2C7BB760-DD90-448A-A1A9-62AE835DC4F4}
	EndGlobalSection
EndGlobal
