
Microsoft Visual Studio Solution File, Format Version 12.00
# Visual Studio 14
VisualStudioVersion = 14.0.25420.1
MinimumVisualStudioVersion = 10.0.40219.1
Project("{FAE04EC0-301F-11D3-BF4B-00C04F79EFBC}") = "lab.AppNative.Android", "lab.AppNative\lab.AppNative.Android\lab.AppNative.Android.csproj", "{BF446CFB-39AD-41D5-815D-4D9B4DA3AB77}"
EndProject
Project("{FAE04EC0-301F-11D3-BF4B-00C04F79EFBC}") = "lab.AppNative.iOS", "lab.AppNative\lab.AppNative.iOS\lab.AppNative.iOS.csproj", "{675CC400-96CD-4507-825D-0140D866987D}"
EndProject
Project("{FAE04EC0-301F-11D3-BF4B-00C04F79EFBC}") = "lab.AppNative", "lab.AppNative\lab.AppNative\lab.AppNative.csproj", "{BBB0C44F-9DD5-436F-8AB1-A91CBF30AAD4}"
EndProject
Global
	GlobalSection(SolutionConfigurationPlatforms) = preSolution
		Debug|Any CPU = Debug|Any CPU
		Debug|iPhone = Debug|iPhone
		Debug|iPhoneSimulator = Debug|iPhoneSimulator
		Release|Any CPU = Release|Any CPU
		Release|iPhone = Release|iPhone
		Release|iPhoneSimulator = Release|iPhoneSimulator
	EndGlobalSection
	GlobalSection(ProjectConfigurationPlatforms) = postSolution
		{BF446CFB-39AD-41D5-815D-4D9B4DA3AB77}.Debug|Any CPU.ActiveCfg = Debug|Any CPU
		{BF446CFB-39AD-41D5-815D-4D9B4DA3AB77}.Debug|Any CPU.Build.0 = Debug|Any CPU
		{BF446CFB-39AD-41D5-815D-4D9B4DA3AB77}.Debug|Any CPU.Deploy.0 = Debug|Any CPU
		{BF446CFB-39AD-41D5-815D-4D9B4DA3AB77}.Debug|iPhone.ActiveCfg = Debug|Any CPU
		{BF446CFB-39AD-41D5-815D-4D9B4DA3AB77}.Debug|iPhone.Build.0 = Debug|Any CPU
		{BF446CFB-39AD-41D5-815D-4D9B4DA3AB77}.Debug|iPhone.Deploy.0 = Debug|Any CPU
		{BF446CFB-39AD-41D5-815D-4D9B4DA3AB77}.Debug|iPhoneSimulator.ActiveCfg = Debug|Any CPU
		{BF446CFB-39AD-41D5-815D-4D9B4DA3AB77}.Debug|iPhoneSimulator.Build.0 = Debug|Any CPU
		{BF446CFB-39AD-41D5-815D-4D9B4DA3AB77}.Debug|iPhoneSimulator.Deploy.0 = Debug|Any CPU
		{BF446CFB-39AD-41D5-815D-4D9B4DA3AB77}.Release|Any CPU.ActiveCfg = Release|Any CPU
		{BF446CFB-39AD-41D5-815D-4D9B4DA3AB77}.Release|Any CPU.Build.0 = Release|Any CPU
		{BF446CFB-39AD-41D5-815D-4D9B4DA3AB77}.Release|Any CPU.Deploy.0 = Release|Any CPU
		{BF446CFB-39AD-41D5-815D-4D9B4DA3AB77}.Release|iPhone.ActiveCfg = Release|Any CPU
		{BF446CFB-39AD-41D5-815D-4D9B4DA3AB77}.Release|iPhone.Build.0 = Release|Any CPU
		{BF446CFB-39AD-41D5-815D-4D9B4DA3AB77}.Release|iPhone.Deploy.0 = Release|Any CPU
		{BF446CFB-39AD-41D5-815D-4D9B4DA3AB77}.Release|iPhoneSimulator.ActiveCfg = Release|Any CPU
		{BF446CFB-39AD-41D5-815D-4D9B4DA3AB77}.Release|iPhoneSimulator.Build.0 = Release|Any CPU
		{BF446CFB-39AD-41D5-815D-4D9B4DA3AB77}.Release|iPhoneSimulator.Deploy.0 = Release|Any CPU
		{675CC400-96CD-4507-825D-0140D866987D}.Debug|Any CPU.ActiveCfg = Debug|iPhone
		{675CC400-96CD-4507-825D-0140D866987D}.Debug|Any CPU.Build.0 = Debug|iPhone
		{675CC400-96CD-4507-825D-0140D866987D}.Debug|Any CPU.Deploy.0 = Debug|iPhone
		{675CC400-96CD-4507-825D-0140D866987D}.Debug|iPhone.ActiveCfg = Debug|iPhone
		{675CC400-96CD-4507-825D-0140D866987D}.Debug|iPhone.Build.0 = Debug|iPhone
		{675CC400-96CD-4507-825D-0140D866987D}.Debug|iPhone.Deploy.0 = Debug|iPhone
		{675CC400-96CD-4507-825D-0140D866987D}.Debug|iPhoneSimulator.ActiveCfg = Debug|iPhoneSimulator
		{675CC400-96CD-4507-825D-0140D866987D}.Debug|iPhoneSimulator.Build.0 = Debug|iPhoneSimulator
		{675CC400-96CD-4507-825D-0140D866987D}.Debug|iPhoneSimulator.Deploy.0 = Debug|iPhoneSimulator
		{675CC400-96CD-4507-825D-0140D866987D}.Release|Any CPU.ActiveCfg = Release|iPhone
		{675CC400-96CD-4507-825D-0140D866987D}.Release|Any CPU.Build.0 = Release|iPhone
		{675CC400-96CD-4507-825D-0140D866987D}.Release|Any CPU.Deploy.0 = Release|iPhone
		{675CC400-96CD-4507-825D-0140D866987D}.Release|iPhone.ActiveCfg = Release|iPhone
		{675CC400-96CD-4507-825D-0140D866987D}.Release|iPhone.Build.0 = Release|iPhone
		{675CC400-96CD-4507-825D-0140D866987D}.Release|iPhone.Deploy.0 = Release|iPhone
		{675CC400-96CD-4507-825D-0140D866987D}.Release|iPhoneSimulator.ActiveCfg = Release|iPhoneSimulator
		{675CC400-96CD-4507-825D-0140D866987D}.Release|iPhoneSimulator.Build.0 = Release|iPhoneSimulator
		{675CC400-96CD-4507-825D-0140D866987D}.Release|iPhoneSimulator.Deploy.0 = Release|iPhoneSimulator
		{BBB0C44F-9DD5-436F-8AB1-A91CBF30AAD4}.Debug|Any CPU.ActiveCfg = Debug|Any CPU
		{BBB0C44F-9DD5-436F-8AB1-A91CBF30AAD4}.Debug|Any CPU.Build.0 = Debug|Any CPU
		{BBB0C44F-9DD5-436F-8AB1-A91CBF30AAD4}.Debug|Any CPU.Deploy.0 = Debug|Any CPU
		{BBB0C44F-9DD5-436F-8AB1-A91CBF30AAD4}.Debug|iPhone.ActiveCfg = Debug|Any CPU
		{BBB0C44F-9DD5-436F-8AB1-A91CBF30AAD4}.Debug|iPhone.Build.0 = Debug|Any CPU
		{BBB0C44F-9DD5-436F-8AB1-A91CBF30AAD4}.Debug|iPhone.Deploy.0 = Debug|Any CPU
		{BBB0C44F-9DD5-436F-8AB1-A91CBF30AAD4}.Debug|iPhoneSimulator.ActiveCfg = Debug|Any CPU
		{BBB0C44F-9DD5-436F-8AB1-A91CBF30AAD4}.Debug|iPhoneSimulator.Build.0 = Debug|Any CPU
		{BBB0C44F-9DD5-436F-8AB1-A91CBF30AAD4}.Debug|iPhoneSimulator.Deploy.0 = Debug|Any CPU
		{BBB0C44F-9DD5-436F-8AB1-A91CBF30AAD4}.Release|Any CPU.ActiveCfg = Release|Any CPU
		{BBB0C44F-9DD5-436F-8AB1-A91CBF30AAD4}.Release|Any CPU.Build.0 = Release|Any CPU
		{BBB0C44F-9DD5-436F-8AB1-A91CBF30AAD4}.Release|Any CPU.Deploy.0 = Release|Any CPU
		{BBB0C44F-9DD5-436F-8AB1-A91CBF30AAD4}.Release|iPhone.ActiveCfg = Release|Any CPU
		{BBB0C44F-9DD5-436F-8AB1-A91CBF30AAD4}.Release|iPhone.Build.0 = Release|Any CPU
		{BBB0C44F-9DD5-436F-8AB1-A91CBF30AAD4}.Release|iPhone.Deploy.0 = Release|Any CPU
		{BBB0C44F-9DD5-436F-8AB1-A91CBF30AAD4}.Release|iPhoneSimulator.ActiveCfg = Release|Any CPU
		{BBB0C44F-9DD5-436F-8AB1-A91CBF30AAD4}.Release|iPhoneSimulator.Build.0 = Release|Any CPU
		{BBB0C44F-9DD5-436F-8AB1-A91CBF30AAD4}.Release|iPhoneSimulator.Deploy.0 = Release|Any CPU
	EndGlobalSection
	GlobalSection(SolutionProperties) = preSolution
		HideSolutionNode = FALSE
	EndGlobalSection
EndGlobal
