
Microsoft Visual Studio Solution File, Format Version 12.00
# Visual Studio 15
VisualStudioVersion = 15.0.27703.2026
MinimumVisualStudioVersion = 10.0.40219.1
Project("{FAE04EC0-301F-11D3-BF4B-00C04F79EFBC}") = "App1770.Android", "App1770\App1770.Android\App1770.Android.csproj", "{1A109C9A-69DC-4F72-9D38-C670963B3CB6}"
EndProject
Project("{FAE04EC0-301F-11D3-BF4B-00C04F79EFBC}") = "App1770.iOS", "App1770\App1770.iOS\App1770.iOS.csproj", "{34424F7E-EAD9-4E1A-869F-DB48E7E99EEF}"
EndProject
Project("{FAE04EC0-301F-11D3-BF4B-00C04F79EFBC}") = "App1770.UWP", "App1770\App1770.UWP\App1770.UWP.csproj", "{B53DC533-7704-4237-B5F7-E3387A66467B}"
EndProject
Project("{D954291E-2A0B-460D-934E-DC6B0785DB48}") = "App1770", "App1770\App1770\App1770.shproj", "{156BBEF7-9894-42E2-A269-66FC41233F69}"
EndProject
Global
	GlobalSection(SharedMSBuildProjectFiles) = preSolution
		App1770\App1770\App1770.projitems*{156bbef7-9894-42e2-a269-66fc41233f69}*SharedItemsImports = 13
		App1770\App1770\App1770.projitems*{1a109c9a-69dc-4f72-9d38-c670963b3cb6}*SharedItemsImports = 4
		App1770\App1770\App1770.projitems*{34424f7e-ead9-4e1a-869f-db48e7e99eef}*SharedItemsImports = 4
		App1770\App1770\App1770.projitems*{b53dc533-7704-4237-b5f7-e3387a66467b}*SharedItemsImports = 4
	EndGlobalSection
	GlobalSection(SolutionConfigurationPlatforms) = preSolution
		Ad-Hoc|Any CPU = Ad-Hoc|Any CPU
		Ad-Hoc|ARM = Ad-Hoc|ARM
		Ad-Hoc|iPhone = Ad-Hoc|iPhone
		Ad-Hoc|iPhoneSimulator = Ad-Hoc|iPhoneSimulator
		Ad-Hoc|x64 = Ad-Hoc|x64
		Ad-Hoc|x86 = Ad-Hoc|x86
		AppStore|Any CPU = AppStore|Any CPU
		AppStore|ARM = AppStore|ARM
		AppStore|iPhone = AppStore|iPhone
		AppStore|iPhoneSimulator = AppStore|iPhoneSimulator
		AppStore|x64 = AppStore|x64
		AppStore|x86 = AppStore|x86
		Debug|Any CPU = Debug|Any CPU
		Debug|ARM = Debug|ARM
		Debug|iPhone = Debug|iPhone
		Debug|iPhoneSimulator = Debug|iPhoneSimulator
		Debug|x64 = Debug|x64
		Debug|x86 = Debug|x86
		Release|Any CPU = Release|Any CPU
		Release|ARM = Release|ARM
		Release|iPhone = Release|iPhone
		Release|iPhoneSimulator = Release|iPhoneSimulator
		Release|x64 = Release|x64
		Release|x86 = Release|x86
	EndGlobalSection
	GlobalSection(ProjectConfigurationPlatforms) = postSolution
		{1A109C9A-69DC-4F72-9D38-C670963B3CB6}.Ad-Hoc|Any CPU.ActiveCfg = Release|Any CPU
		{1A109C9A-69DC-4F72-9D38-C670963B3CB6}.Ad-Hoc|Any CPU.Build.0 = Release|Any CPU
		{1A109C9A-69DC-4F72-9D38-C670963B3CB6}.Ad-Hoc|Any CPU.Deploy.0 = Release|Any CPU
		{1A109C9A-69DC-4F72-9D38-C670963B3CB6}.Ad-Hoc|ARM.ActiveCfg = Release|Any CPU
		{1A109C9A-69DC-4F72-9D38-C670963B3CB6}.Ad-Hoc|ARM.Build.0 = Release|Any CPU
		{1A109C9A-69DC-4F72-9D38-C670963B3CB6}.Ad-Hoc|ARM.Deploy.0 = Release|Any CPU
		{1A109C9A-69DC-4F72-9D38-C670963B3CB6}.Ad-Hoc|iPhone.ActiveCfg = Release|Any CPU
		{1A109C9A-69DC-4F72-9D38-C670963B3CB6}.Ad-Hoc|iPhone.Build.0 = Release|Any CPU
		{1A109C9A-69DC-4F72-9D38-C670963B3CB6}.Ad-Hoc|iPhone.Deploy.0 = Release|Any CPU
		{1A109C9A-69DC-4F72-9D38-C670963B3CB6}.Ad-Hoc|iPhoneSimulator.ActiveCfg = Release|Any CPU
		{1A109C9A-69DC-4F72-9D38-C670963B3CB6}.Ad-Hoc|iPhoneSimulator.Build.0 = Release|Any CPU
		{1A109C9A-69DC-4F72-9D38-C670963B3CB6}.Ad-Hoc|iPhoneSimulator.Deploy.0 = Release|Any CPU
		{1A109C9A-69DC-4F72-9D38-C670963B3CB6}.Ad-Hoc|x64.ActiveCfg = Release|Any CPU
		{1A109C9A-69DC-4F72-9D38-C670963B3CB6}.Ad-Hoc|x64.Build.0 = Release|Any CPU
		{1A109C9A-69DC-4F72-9D38-C670963B3CB6}.Ad-Hoc|x64.Deploy.0 = Release|Any CPU
		{1A109C9A-69DC-4F72-9D38-C670963B3CB6}.Ad-Hoc|x86.ActiveCfg = Release|Any CPU
		{1A109C9A-69DC-4F72-9D38-C670963B3CB6}.Ad-Hoc|x86.Build.0 = Release|Any CPU
		{1A109C9A-69DC-4F72-9D38-C670963B3CB6}.Ad-Hoc|x86.Deploy.0 = Release|Any CPU
		{1A109C9A-69DC-4F72-9D38-C670963B3CB6}.AppStore|Any CPU.ActiveCfg = Release|Any CPU
		{1A109C9A-69DC-4F72-9D38-C670963B3CB6}.AppStore|Any CPU.Build.0 = Release|Any CPU
		{1A109C9A-69DC-4F72-9D38-C670963B3CB6}.AppStore|Any CPU.Deploy.0 = Release|Any CPU
		{1A109C9A-69DC-4F72-9D38-C670963B3CB6}.AppStore|ARM.ActiveCfg = Release|Any CPU
		{1A109C9A-69DC-4F72-9D38-C670963B3CB6}.AppStore|ARM.Build.0 = Release|Any CPU
		{1A109C9A-69DC-4F72-9D38-C670963B3CB6}.AppStore|ARM.Deploy.0 = Release|Any CPU
		{1A109C9A-69DC-4F72-9D38-C670963B3CB6}.AppStore|iPhone.ActiveCfg = Release|Any CPU
		{1A109C9A-69DC-4F72-9D38-C670963B3CB6}.AppStore|iPhone.Build.0 = Release|Any CPU
		{1A109C9A-69DC-4F72-9D38-C670963B3CB6}.AppStore|iPhone.Deploy.0 = Release|Any CPU
		{1A109C9A-69DC-4F72-9D38-C670963B3CB6}.AppStore|iPhoneSimulator.ActiveCfg = Release|Any CPU
		{1A109C9A-69DC-4F72-9D38-C670963B3CB6}.AppStore|iPhoneSimulator.Build.0 = Release|Any CPU
		{1A109C9A-69DC-4F72-9D38-C670963B3CB6}.AppStore|iPhoneSimulator.Deploy.0 = Release|Any CPU
		{1A109C9A-69DC-4F72-9D38-C670963B3CB6}.AppStore|x64.ActiveCfg = Release|Any CPU
		{1A109C9A-69DC-4F72-9D38-C670963B3CB6}.AppStore|x64.Build.0 = Release|Any CPU
		{1A109C9A-69DC-4F72-9D38-C670963B3CB6}.AppStore|x64.Deploy.0 = Release|Any CPU
		{1A109C9A-69DC-4F72-9D38-C670963B3CB6}.AppStore|x86.ActiveCfg = Release|Any CPU
		{1A109C9A-69DC-4F72-9D38-C670963B3CB6}.AppStore|x86.Build.0 = Release|Any CPU
		{1A109C9A-69DC-4F72-9D38-C670963B3CB6}.AppStore|x86.Deploy.0 = Release|Any CPU
		{1A109C9A-69DC-4F72-9D38-C670963B3CB6}.Debug|Any CPU.ActiveCfg = Debug|Any CPU
		{1A109C9A-69DC-4F72-9D38-C670963B3CB6}.Debug|Any CPU.Build.0 = Debug|Any CPU
		{1A109C9A-69DC-4F72-9D38-C670963B3CB6}.Debug|Any CPU.Deploy.0 = Debug|Any CPU
		{1A109C9A-69DC-4F72-9D38-C670963B3CB6}.Debug|ARM.ActiveCfg = Debug|Any CPU
		{1A109C9A-69DC-4F72-9D38-C670963B3CB6}.Debug|ARM.Build.0 = Debug|Any CPU
		{1A109C9A-69DC-4F72-9D38-C670963B3CB6}.Debug|ARM.Deploy.0 = Debug|Any CPU
		{1A109C9A-69DC-4F72-9D38-C670963B3CB6}.Debug|iPhone.ActiveCfg = Debug|Any CPU
		{1A109C9A-69DC-4F72-9D38-C670963B3CB6}.Debug|iPhone.Build.0 = Debug|Any CPU
		{1A109C9A-69DC-4F72-9D38-C670963B3CB6}.Debug|iPhone.Deploy.0 = Debug|Any CPU
		{1A109C9A-69DC-4F72-9D38-C670963B3CB6}.Debug|iPhoneSimulator.ActiveCfg = Debug|Any CPU
		{1A109C9A-69DC-4F72-9D38-C670963B3CB6}.Debug|iPhoneSimulator.Build.0 = Debug|Any CPU
		{1A109C9A-69DC-4F72-9D38-C670963B3CB6}.Debug|iPhoneSimulator.Deploy.0 = Debug|Any CPU
		{1A109C9A-69DC-4F72-9D38-C670963B3CB6}.Debug|x64.ActiveCfg = Debug|Any CPU
		{1A109C9A-69DC-4F72-9D38-C670963B3CB6}.Debug|x64.Build.0 = Debug|Any CPU
		{1A109C9A-69DC-4F72-9D38-C670963B3CB6}.Debug|x64.Deploy.0 = Debug|Any CPU
		{1A109C9A-69DC-4F72-9D38-C670963B3CB6}.Debug|x86.ActiveCfg = Debug|Any CPU
		{1A109C9A-69DC-4F72-9D38-C670963B3CB6}.Debug|x86.Build.0 = Debug|Any CPU
		{1A109C9A-69DC-4F72-9D38-C670963B3CB6}.Debug|x86.Deploy.0 = Debug|Any CPU
		{1A109C9A-69DC-4F72-9D38-C670963B3CB6}.Release|Any CPU.ActiveCfg = Release|Any CPU
		{1A109C9A-69DC-4F72-9D38-C670963B3CB6}.Release|Any CPU.Build.0 = Release|Any CPU
		{1A109C9A-69DC-4F72-9D38-C670963B3CB6}.Release|Any CPU.Deploy.0 = Release|Any CPU
		{1A109C9A-69DC-4F72-9D38-C670963B3CB6}.Release|ARM.ActiveCfg = Release|Any CPU
		{1A109C9A-69DC-4F72-9D38-C670963B3CB6}.Release|ARM.Build.0 = Release|Any CPU
		{1A109C9A-69DC-4F72-9D38-C670963B3CB6}.Release|ARM.Deploy.0 = Release|Any CPU
		{1A109C9A-69DC-4F72-9D38-C670963B3CB6}.Release|iPhone.ActiveCfg = Release|Any CPU
		{1A109C9A-69DC-4F72-9D38-C670963B3CB6}.Release|iPhone.Build.0 = Release|Any CPU
		{1A109C9A-69DC-4F72-9D38-C670963B3CB6}.Release|iPhone.Deploy.0 = Release|Any CPU
		{1A109C9A-69DC-4F72-9D38-C670963B3CB6}.Release|iPhoneSimulator.ActiveCfg = Release|Any CPU
		{1A109C9A-69DC-4F72-9D38-C670963B3CB6}.Release|iPhoneSimulator.Build.0 = Release|Any CPU
		{1A109C9A-69DC-4F72-9D38-C670963B3CB6}.Release|iPhoneSimulator.Deploy.0 = Release|Any CPU
		{1A109C9A-69DC-4F72-9D38-C670963B3CB6}.Release|x64.ActiveCfg = Release|Any CPU
		{1A109C9A-69DC-4F72-9D38-C670963B3CB6}.Release|x64.Build.0 = Release|Any CPU
		{1A109C9A-69DC-4F72-9D38-C670963B3CB6}.Release|x64.Deploy.0 = Release|Any CPU
		{1A109C9A-69DC-4F72-9D38-C670963B3CB6}.Release|x86.ActiveCfg = Release|Any CPU
		{1A109C9A-69DC-4F72-9D38-C670963B3CB6}.Release|x86.Build.0 = Release|Any CPU
		{1A109C9A-69DC-4F72-9D38-C670963B3CB6}.Release|x86.Deploy.0 = Release|Any CPU
		{34424F7E-EAD9-4E1A-869F-DB48E7E99EEF}.Ad-Hoc|Any CPU.ActiveCfg = Ad-Hoc|iPhone
		{34424F7E-EAD9-4E1A-869F-DB48E7E99EEF}.Ad-Hoc|Any CPU.Build.0 = Ad-Hoc|iPhone
		{34424F7E-EAD9-4E1A-869F-DB48E7E99EEF}.Ad-Hoc|Any CPU.Deploy.0 = Ad-Hoc|iPhone
		{34424F7E-EAD9-4E1A-869F-DB48E7E99EEF}.Ad-Hoc|ARM.ActiveCfg = Ad-Hoc|iPhone
		{34424F7E-EAD9-4E1A-869F-DB48E7E99EEF}.Ad-Hoc|ARM.Build.0 = Ad-Hoc|iPhone
		{34424F7E-EAD9-4E1A-869F-DB48E7E99EEF}.Ad-Hoc|ARM.Deploy.0 = Ad-Hoc|iPhone
		{34424F7E-EAD9-4E1A-869F-DB48E7E99EEF}.Ad-Hoc|iPhone.ActiveCfg = Ad-Hoc|iPhone
		{34424F7E-EAD9-4E1A-869F-DB48E7E99EEF}.Ad-Hoc|iPhone.Build.0 = Ad-Hoc|iPhone
		{34424F7E-EAD9-4E1A-869F-DB48E7E99EEF}.Ad-Hoc|iPhone.Deploy.0 = Ad-Hoc|iPhone
		{34424F7E-EAD9-4E1A-869F-DB48E7E99EEF}.Ad-Hoc|iPhoneSimulator.ActiveCfg = Ad-Hoc|iPhoneSimulator
		{34424F7E-EAD9-4E1A-869F-DB48E7E99EEF}.Ad-Hoc|iPhoneSimulator.Build.0 = Ad-Hoc|iPhoneSimulator
		{34424F7E-EAD9-4E1A-869F-DB48E7E99EEF}.Ad-Hoc|iPhoneSimulator.Deploy.0 = Ad-Hoc|iPhoneSimulator
		{34424F7E-EAD9-4E1A-869F-DB48E7E99EEF}.Ad-Hoc|x64.ActiveCfg = Ad-Hoc|iPhone
		{34424F7E-EAD9-4E1A-869F-DB48E7E99EEF}.Ad-Hoc|x64.Build.0 = Ad-Hoc|iPhone
		{34424F7E-EAD9-4E1A-869F-DB48E7E99EEF}.Ad-Hoc|x64.Deploy.0 = Ad-Hoc|iPhone
		{34424F7E-EAD9-4E1A-869F-DB48E7E99EEF}.Ad-Hoc|x86.ActiveCfg = Ad-Hoc|iPhone
		{34424F7E-EAD9-4E1A-869F-DB48E7E99EEF}.Ad-Hoc|x86.Build.0 = Ad-Hoc|iPhone
		{34424F7E-EAD9-4E1A-869F-DB48E7E99EEF}.Ad-Hoc|x86.Deploy.0 = Ad-Hoc|iPhone
		{34424F7E-EAD9-4E1A-869F-DB48E7E99EEF}.AppStore|Any CPU.ActiveCfg = AppStore|iPhone
		{34424F7E-EAD9-4E1A-869F-DB48E7E99EEF}.AppStore|Any CPU.Build.0 = AppStore|iPhone
		{34424F7E-EAD9-4E1A-869F-DB48E7E99EEF}.AppStore|Any CPU.Deploy.0 = AppStore|iPhone
		{34424F7E-EAD9-4E1A-869F-DB48E7E99EEF}.AppStore|ARM.ActiveCfg = AppStore|iPhone
		{34424F7E-EAD9-4E1A-869F-DB48E7E99EEF}.AppStore|ARM.Build.0 = AppStore|iPhone
		{34424F7E-EAD9-4E1A-869F-DB48E7E99EEF}.AppStore|ARM.Deploy.0 = AppStore|iPhone
		{34424F7E-EAD9-4E1A-869F-DB48E7E99EEF}.AppStore|iPhone.ActiveCfg = AppStore|iPhone
		{34424F7E-EAD9-4E1A-869F-DB48E7E99EEF}.AppStore|iPhone.Build.0 = AppStore|iPhone
		{34424F7E-EAD9-4E1A-869F-DB48E7E99EEF}.AppStore|iPhone.Deploy.0 = AppStore|iPhone
		{34424F7E-EAD9-4E1A-869F-DB48E7E99EEF}.AppStore|iPhoneSimulator.ActiveCfg = AppStore|iPhoneSimulator
		{34424F7E-EAD9-4E1A-869F-DB48E7E99EEF}.AppStore|iPhoneSimulator.Build.0 = AppStore|iPhoneSimulator
		{34424F7E-EAD9-4E1A-869F-DB48E7E99EEF}.AppStore|iPhoneSimulator.Deploy.0 = AppStore|iPhoneSimulator
		{34424F7E-EAD9-4E1A-869F-DB48E7E99EEF}.AppStore|x64.ActiveCfg = AppStore|iPhone
		{34424F7E-EAD9-4E1A-869F-DB48E7E99EEF}.AppStore|x64.Build.0 = AppStore|iPhone
		{34424F7E-EAD9-4E1A-869F-DB48E7E99EEF}.AppStore|x64.Deploy.0 = AppStore|iPhone
		{34424F7E-EAD9-4E1A-869F-DB48E7E99EEF}.AppStore|x86.ActiveCfg = AppStore|iPhone
		{34424F7E-EAD9-4E1A-869F-DB48E7E99EEF}.AppStore|x86.Build.0 = AppStore|iPhone
		{34424F7E-EAD9-4E1A-869F-DB48E7E99EEF}.AppStore|x86.Deploy.0 = AppStore|iPhone
		{34424F7E-EAD9-4E1A-869F-DB48E7E99EEF}.Debug|Any CPU.ActiveCfg = Debug|iPhone
		{34424F7E-EAD9-4E1A-869F-DB48E7E99EEF}.Debug|Any CPU.Build.0 = Debug|iPhone
		{34424F7E-EAD9-4E1A-869F-DB48E7E99EEF}.Debug|Any CPU.Deploy.0 = Debug|iPhone
		{34424F7E-EAD9-4E1A-869F-DB48E7E99EEF}.Debug|ARM.ActiveCfg = Debug|iPhone
		{34424F7E-EAD9-4E1A-869F-DB48E7E99EEF}.Debug|ARM.Build.0 = Debug|iPhone
		{34424F7E-EAD9-4E1A-869F-DB48E7E99EEF}.Debug|ARM.Deploy.0 = Debug|iPhone
		{34424F7E-EAD9-4E1A-869F-DB48E7E99EEF}.Debug|iPhone.ActiveCfg = Debug|iPhone
		{34424F7E-EAD9-4E1A-869F-DB48E7E99EEF}.Debug|iPhone.Build.0 = Debug|iPhone
		{34424F7E-EAD9-4E1A-869F-DB48E7E99EEF}.Debug|iPhone.Deploy.0 = Debug|iPhone
		{34424F7E-EAD9-4E1A-869F-DB48E7E99EEF}.Debug|iPhoneSimulator.ActiveCfg = Debug|iPhoneSimulator
		{34424F7E-EAD9-4E1A-869F-DB48E7E99EEF}.Debug|iPhoneSimulator.Build.0 = Debug|iPhoneSimulator
		{34424F7E-EAD9-4E1A-869F-DB48E7E99EEF}.Debug|iPhoneSimulator.Deploy.0 = Debug|iPhoneSimulator
		{34424F7E-EAD9-4E1A-869F-DB48E7E99EEF}.Debug|x64.ActiveCfg = Debug|iPhone
		{34424F7E-EAD9-4E1A-869F-DB48E7E99EEF}.Debug|x64.Build.0 = Debug|iPhone
		{34424F7E-EAD9-4E1A-869F-DB48E7E99EEF}.Debug|x64.Deploy.0 = Debug|iPhone
		{34424F7E-EAD9-4E1A-869F-DB48E7E99EEF}.Debug|x86.ActiveCfg = Debug|iPhoneSimulator
		{34424F7E-EAD9-4E1A-869F-DB48E7E99EEF}.Debug|x86.Build.0 = Debug|iPhoneSimulator
		{34424F7E-EAD9-4E1A-869F-DB48E7E99EEF}.Debug|x86.Deploy.0 = Debug|iPhoneSimulator
		{34424F7E-EAD9-4E1A-869F-DB48E7E99EEF}.Release|Any CPU.ActiveCfg = Release|iPhone
		{34424F7E-EAD9-4E1A-869F-DB48E7E99EEF}.Release|Any CPU.Build.0 = Release|iPhone
		{34424F7E-EAD9-4E1A-869F-DB48E7E99EEF}.Release|Any CPU.Deploy.0 = Release|iPhone
		{34424F7E-EAD9-4E1A-869F-DB48E7E99EEF}.Release|ARM.ActiveCfg = Release|iPhone
		{34424F7E-EAD9-4E1A-869F-DB48E7E99EEF}.Release|ARM.Build.0 = Release|iPhone
		{34424F7E-EAD9-4E1A-869F-DB48E7E99EEF}.Release|ARM.Deploy.0 = Release|iPhone
		{34424F7E-EAD9-4E1A-869F-DB48E7E99EEF}.Release|iPhone.ActiveCfg = Release|iPhone
		{34424F7E-EAD9-4E1A-869F-DB48E7E99EEF}.Release|iPhone.Build.0 = Release|iPhone
		{34424F7E-EAD9-4E1A-869F-DB48E7E99EEF}.Release|iPhone.Deploy.0 = Release|iPhone
		{34424F7E-EAD9-4E1A-869F-DB48E7E99EEF}.Release|iPhoneSimulator.ActiveCfg = Release|iPhoneSimulator
		{34424F7E-EAD9-4E1A-869F-DB48E7E99EEF}.Release|iPhoneSimulator.Build.0 = Release|iPhoneSimulator
		{34424F7E-EAD9-4E1A-869F-DB48E7E99EEF}.Release|iPhoneSimulator.Deploy.0 = Release|iPhoneSimulator
		{34424F7E-EAD9-4E1A-869F-DB48E7E99EEF}.Release|x64.ActiveCfg = Release|iPhone
		{34424F7E-EAD9-4E1A-869F-DB48E7E99EEF}.Release|x64.Build.0 = Release|iPhone
		{34424F7E-EAD9-4E1A-869F-DB48E7E99EEF}.Release|x64.Deploy.0 = Release|iPhone
		{34424F7E-EAD9-4E1A-869F-DB48E7E99EEF}.Release|x86.ActiveCfg = Release|iPhone
		{34424F7E-EAD9-4E1A-869F-DB48E7E99EEF}.Release|x86.Build.0 = Release|iPhone
		{34424F7E-EAD9-4E1A-869F-DB48E7E99EEF}.Release|x86.Deploy.0 = Release|iPhone
		{B53DC533-7704-4237-B5F7-E3387A66467B}.Ad-Hoc|Any CPU.ActiveCfg = Release|x86
		{B53DC533-7704-4237-B5F7-E3387A66467B}.Ad-Hoc|Any CPU.Build.0 = Release|x86
		{B53DC533-7704-4237-B5F7-E3387A66467B}.Ad-Hoc|Any CPU.Deploy.0 = Release|x86
		{B53DC533-7704-4237-B5F7-E3387A66467B}.Ad-Hoc|ARM.ActiveCfg = Release|ARM
		{B53DC533-7704-4237-B5F7-E3387A66467B}.Ad-Hoc|ARM.Build.0 = Release|ARM
		{B53DC533-7704-4237-B5F7-E3387A66467B}.Ad-Hoc|ARM.Deploy.0 = Release|ARM
		{B53DC533-7704-4237-B5F7-E3387A66467B}.Ad-Hoc|iPhone.ActiveCfg = Release|x86
		{B53DC533-7704-4237-B5F7-E3387A66467B}.Ad-Hoc|iPhone.Build.0 = Release|x86
		{B53DC533-7704-4237-B5F7-E3387A66467B}.Ad-Hoc|iPhone.Deploy.0 = Release|x86
		{B53DC533-7704-4237-B5F7-E3387A66467B}.Ad-Hoc|iPhoneSimulator.ActiveCfg = Release|x86
		{B53DC533-7704-4237-B5F7-E3387A66467B}.Ad-Hoc|iPhoneSimulator.Build.0 = Release|x86
		{B53DC533-7704-4237-B5F7-E3387A66467B}.Ad-Hoc|iPhoneSimulator.Deploy.0 = Release|x86
		{B53DC533-7704-4237-B5F7-E3387A66467B}.Ad-Hoc|x64.ActiveCfg = Release|x64
		{B53DC533-7704-4237-B5F7-E3387A66467B}.Ad-Hoc|x64.Build.0 = Release|x64
		{B53DC533-7704-4237-B5F7-E3387A66467B}.Ad-Hoc|x64.Deploy.0 = Release|x64
		{B53DC533-7704-4237-B5F7-E3387A66467B}.Ad-Hoc|x86.ActiveCfg = Release|x86
		{B53DC533-7704-4237-B5F7-E3387A66467B}.Ad-Hoc|x86.Build.0 = Release|x86
		{B53DC533-7704-4237-B5F7-E3387A66467B}.Ad-Hoc|x86.Deploy.0 = Release|x86
		{B53DC533-7704-4237-B5F7-E3387A66467B}.AppStore|Any CPU.ActiveCfg = Release|x86
		{B53DC533-7704-4237-B5F7-E3387A66467B}.AppStore|Any CPU.Build.0 = Release|x86
		{B53DC533-7704-4237-B5F7-E3387A66467B}.AppStore|Any CPU.Deploy.0 = Release|x86
		{B53DC533-7704-4237-B5F7-E3387A66467B}.AppStore|ARM.ActiveCfg = Release|ARM
		{B53DC533-7704-4237-B5F7-E3387A66467B}.AppStore|ARM.Build.0 = Release|ARM
		{B53DC533-7704-4237-B5F7-E3387A66467B}.AppStore|ARM.Deploy.0 = Release|ARM
		{B53DC533-7704-4237-B5F7-E3387A66467B}.AppStore|iPhone.ActiveCfg = Release|x86
		{B53DC533-7704-4237-B5F7-E3387A66467B}.AppStore|iPhone.Build.0 = Release|x86
		{B53DC533-7704-4237-B5F7-E3387A66467B}.AppStore|iPhone.Deploy.0 = Release|x86
		{B53DC533-7704-4237-B5F7-E3387A66467B}.AppStore|iPhoneSimulator.ActiveCfg = Release|x86
		{B53DC533-7704-4237-B5F7-E3387A66467B}.AppStore|iPhoneSimulator.Build.0 = Release|x86
		{B53DC533-7704-4237-B5F7-E3387A66467B}.AppStore|iPhoneSimulator.Deploy.0 = Release|x86
		{B53DC533-7704-4237-B5F7-E3387A66467B}.AppStore|x64.ActiveCfg = Release|x64
		{B53DC533-7704-4237-B5F7-E3387A66467B}.AppStore|x64.Build.0 = Release|x64
		{B53DC533-7704-4237-B5F7-E3387A66467B}.AppStore|x64.Deploy.0 = Release|x64
		{B53DC533-7704-4237-B5F7-E3387A66467B}.AppStore|x86.ActiveCfg = Release|x86
		{B53DC533-7704-4237-B5F7-E3387A66467B}.AppStore|x86.Build.0 = Release|x86
		{B53DC533-7704-4237-B5F7-E3387A66467B}.AppStore|x86.Deploy.0 = Release|x86
		{B53DC533-7704-4237-B5F7-E3387A66467B}.Debug|Any CPU.ActiveCfg = Debug|x86
		{B53DC533-7704-4237-B5F7-E3387A66467B}.Debug|Any CPU.Build.0 = Debug|x86
		{B53DC533-7704-4237-B5F7-E3387A66467B}.Debug|Any CPU.Deploy.0 = Debug|x86
		{B53DC533-7704-4237-B5F7-E3387A66467B}.Debug|ARM.ActiveCfg = Debug|ARM
		{B53DC533-7704-4237-B5F7-E3387A66467B}.Debug|ARM.Build.0 = Debug|ARM
		{B53DC533-7704-4237-B5F7-E3387A66467B}.Debug|ARM.Deploy.0 = Debug|ARM
		{B53DC533-7704-4237-B5F7-E3387A66467B}.Debug|iPhone.ActiveCfg = Debug|x86
		{B53DC533-7704-4237-B5F7-E3387A66467B}.Debug|iPhone.Build.0 = Debug|x86
		{B53DC533-7704-4237-B5F7-E3387A66467B}.Debug|iPhone.Deploy.0 = Debug|x86
		{B53DC533-7704-4237-B5F7-E3387A66467B}.Debug|iPhoneSimulator.ActiveCfg = Debug|x86
		{B53DC533-7704-4237-B5F7-E3387A66467B}.Debug|iPhoneSimulator.Build.0 = Debug|x86
		{B53DC533-7704-4237-B5F7-E3387A66467B}.Debug|iPhoneSimulator.Deploy.0 = Debug|x86
		{B53DC533-7704-4237-B5F7-E3387A66467B}.Debug|x64.ActiveCfg = Debug|x64
		{B53DC533-7704-4237-B5F7-E3387A66467B}.Debug|x64.Build.0 = Debug|x64
		{B53DC533-7704-4237-B5F7-E3387A66467B}.Debug|x64.Deploy.0 = Debug|x64
		{B53DC533-7704-4237-B5F7-E3387A66467B}.Debug|x86.ActiveCfg = Debug|x86
		{B53DC533-7704-4237-B5F7-E3387A66467B}.Debug|x86.Build.0 = Debug|x86
		{B53DC533-7704-4237-B5F7-E3387A66467B}.Debug|x86.Deploy.0 = Debug|x86
		{B53DC533-7704-4237-B5F7-E3387A66467B}.Release|Any CPU.ActiveCfg = Release|x86
		{B53DC533-7704-4237-B5F7-E3387A66467B}.Release|Any CPU.Build.0 = Release|x86
		{B53DC533-7704-4237-B5F7-E3387A66467B}.Release|Any CPU.Deploy.0 = Release|x86
		{B53DC533-7704-4237-B5F7-E3387A66467B}.Release|ARM.ActiveCfg = Release|ARM
		{B53DC533-7704-4237-B5F7-E3387A66467B}.Release|ARM.Build.0 = Release|ARM
		{B53DC533-7704-4237-B5F7-E3387A66467B}.Release|ARM.Deploy.0 = Release|ARM
		{B53DC533-7704-4237-B5F7-E3387A66467B}.Release|iPhone.ActiveCfg = Release|x86
		{B53DC533-7704-4237-B5F7-E3387A66467B}.Release|iPhone.Build.0 = Release|x86
		{B53DC533-7704-4237-B5F7-E3387A66467B}.Release|iPhone.Deploy.0 = Release|x86
		{B53DC533-7704-4237-B5F7-E3387A66467B}.Release|iPhoneSimulator.ActiveCfg = Release|x86
		{B53DC533-7704-4237-B5F7-E3387A66467B}.Release|iPhoneSimulator.Build.0 = Release|x86
		{B53DC533-7704-4237-B5F7-E3387A66467B}.Release|iPhoneSimulator.Deploy.0 = Release|x86
		{B53DC533-7704-4237-B5F7-E3387A66467B}.Release|x64.ActiveCfg = Release|x64
		{B53DC533-7704-4237-B5F7-E3387A66467B}.Release|x64.Build.0 = Release|x64
		{B53DC533-7704-4237-B5F7-E3387A66467B}.Release|x64.Deploy.0 = Release|x64
		{B53DC533-7704-4237-B5F7-E3387A66467B}.Release|x86.ActiveCfg = Release|x86
		{B53DC533-7704-4237-B5F7-E3387A66467B}.Release|x86.Build.0 = Release|x86
		{B53DC533-7704-4237-B5F7-E3387A66467B}.Release|x86.Deploy.0 = Release|x86
	EndGlobalSection
	GlobalSection(SolutionProperties) = preSolution
		HideSolutionNode = FALSE
	EndGlobalSection
	GlobalSection(ExtensibilityGlobals) = postSolution
		SolutionGuid = {EFD741D7-5D0F-462A-BF3F-027E53FFCAE7}
	EndGlobalSection
EndGlobal
