
Microsoft Visual Studio Solution File, Format Version 12.00
# Visual Studio 15
VisualStudioVersion = 15.0.28010.2046
MinimumVisualStudioVersion = 10.0.40219.1
Project("{FAE04EC0-301F-11D3-BF4B-00C04F79EFBC}") = "App1820.Android", "App1820\App1820.Android\App1820.Android.csproj", "{82C57D69-2E76-40D4-9D11-BA480005B1FD}"
EndProject
Project("{FAE04EC0-301F-11D3-BF4B-00C04F79EFBC}") = "App1820.iOS", "App1820\App1820.iOS\App1820.iOS.csproj", "{E2484415-F8CD-455F-88F0-FEAF50A981F7}"
EndProject
Project("{FAE04EC0-301F-11D3-BF4B-00C04F79EFBC}") = "App1820.UWP", "App1820\App1820.UWP\App1820.UWP.csproj", "{87637467-1013-4CF4-91A3-21A3F14A6CAF}"
EndProject
Project("{FAE04EC0-301F-11D3-BF4B-00C04F79EFBC}") = "App1820", "App1820\App1820\App1820.csproj", "{47B91A0D-C397-42E9-B648-075A00AD9C40}"
EndProject
Global
	GlobalSection(SolutionConfigurationPlatforms) = preSolution
		Ad-Hoc|Any CPU = Ad-Hoc|Any CPU
		Ad-Hoc|ARM = Ad-Hoc|ARM
		Ad-Hoc|iPhone = Ad-Hoc|iPhone
		Ad-Hoc|iPhoneSimulator = Ad-Hoc|iPhoneSimulator
		Ad-Hoc|x64 = Ad-Hoc|x64
		Ad-Hoc|x86 = Ad-Hoc|x86
		AppStore|Any CPU = AppStore|Any CPU
		AppStore|ARM = AppStore|ARM
		AppStore|iPhone = AppStore|iPhone
		AppStore|iPhoneSimulator = AppStore|iPhoneSimulator
		AppStore|x64 = AppStore|x64
		AppStore|x86 = AppStore|x86
		Debug|Any CPU = Debug|Any CPU
		Debug|ARM = Debug|ARM
		Debug|iPhone = Debug|iPhone
		Debug|iPhoneSimulator = Debug|iPhoneSimulator
		Debug|x64 = Debug|x64
		Debug|x86 = Debug|x86
		Release|Any CPU = Release|Any CPU
		Release|ARM = Release|ARM
		Release|iPhone = Release|iPhone
		Release|iPhoneSimulator = Release|iPhoneSimulator
		Release|x64 = Release|x64
		Release|x86 = Release|x86
	EndGlobalSection
	GlobalSection(ProjectConfigurationPlatforms) = postSolution
		{82C57D69-2E76-40D4-9D11-BA480005B1FD}.Ad-Hoc|Any CPU.ActiveCfg = Release|Any CPU
		{82C57D69-2E76-40D4-9D11-BA480005B1FD}.Ad-Hoc|Any CPU.Build.0 = Release|Any CPU
		{82C57D69-2E76-40D4-9D11-BA480005B1FD}.Ad-Hoc|Any CPU.Deploy.0 = Release|Any CPU
		{82C57D69-2E76-40D4-9D11-BA480005B1FD}.Ad-Hoc|ARM.ActiveCfg = Release|Any CPU
		{82C57D69-2E76-40D4-9D11-BA480005B1FD}.Ad-Hoc|ARM.Build.0 = Release|Any CPU
		{82C57D69-2E76-40D4-9D11-BA480005B1FD}.Ad-Hoc|ARM.Deploy.0 = Release|Any CPU
		{82C57D69-2E76-40D4-9D11-BA480005B1FD}.Ad-Hoc|iPhone.ActiveCfg = Release|Any CPU
		{82C57D69-2E76-40D4-9D11-BA480005B1FD}.Ad-Hoc|iPhone.Build.0 = Release|Any CPU
		{82C57D69-2E76-40D4-9D11-BA480005B1FD}.Ad-Hoc|iPhone.Deploy.0 = Release|Any CPU
		{82C57D69-2E76-40D4-9D11-BA480005B1FD}.Ad-Hoc|iPhoneSimulator.ActiveCfg = Release|Any CPU
		{82C57D69-2E76-40D4-9D11-BA480005B1FD}.Ad-Hoc|iPhoneSimulator.Build.0 = Release|Any CPU
		{82C57D69-2E76-40D4-9D11-BA480005B1FD}.Ad-Hoc|iPhoneSimulator.Deploy.0 = Release|Any CPU
		{82C57D69-2E76-40D4-9D11-BA480005B1FD}.Ad-Hoc|x64.ActiveCfg = Release|Any CPU
		{82C57D69-2E76-40D4-9D11-BA480005B1FD}.Ad-Hoc|x64.Build.0 = Release|Any CPU
		{82C57D69-2E76-40D4-9D11-BA480005B1FD}.Ad-Hoc|x64.Deploy.0 = Release|Any CPU
		{82C57D69-2E76-40D4-9D11-BA480005B1FD}.Ad-Hoc|x86.ActiveCfg = Release|Any CPU
		{82C57D69-2E76-40D4-9D11-BA480005B1FD}.Ad-Hoc|x86.Build.0 = Release|Any CPU
		{82C57D69-2E76-40D4-9D11-BA480005B1FD}.Ad-Hoc|x86.Deploy.0 = Release|Any CPU
		{82C57D69-2E76-40D4-9D11-BA480005B1FD}.AppStore|Any CPU.ActiveCfg = Release|Any CPU
		{82C57D69-2E76-40D4-9D11-BA480005B1FD}.AppStore|Any CPU.Build.0 = Release|Any CPU
		{82C57D69-2E76-40D4-9D11-BA480005B1FD}.AppStore|Any CPU.Deploy.0 = Release|Any CPU
		{82C57D69-2E76-40D4-9D11-BA480005B1FD}.AppStore|ARM.ActiveCfg = Release|Any CPU
		{82C57D69-2E76-40D4-9D11-BA480005B1FD}.AppStore|ARM.Build.0 = Release|Any CPU
		{82C57D69-2E76-40D4-9D11-BA480005B1FD}.AppStore|ARM.Deploy.0 = Release|Any CPU
		{82C57D69-2E76-40D4-9D11-BA480005B1FD}.AppStore|iPhone.ActiveCfg = Release|Any CPU
		{82C57D69-2E76-40D4-9D11-BA480005B1FD}.AppStore|iPhone.Build.0 = Release|Any CPU
		{82C57D69-2E76-40D4-9D11-BA480005B1FD}.AppStore|iPhone.Deploy.0 = Release|Any CPU
		{82C57D69-2E76-40D4-9D11-BA480005B1FD}.AppStore|iPhoneSimulator.ActiveCfg = Release|Any CPU
		{82C57D69-2E76-40D4-9D11-BA480005B1FD}.AppStore|iPhoneSimulator.Build.0 = Release|Any CPU
		{82C57D69-2E76-40D4-9D11-BA480005B1FD}.AppStore|iPhoneSimulator.Deploy.0 = Release|Any CPU
		{82C57D69-2E76-40D4-9D11-BA480005B1FD}.AppStore|x64.ActiveCfg = Release|Any CPU
		{82C57D69-2E76-40D4-9D11-BA480005B1FD}.AppStore|x64.Build.0 = Release|Any CPU
		{82C57D69-2E76-40D4-9D11-BA480005B1FD}.AppStore|x64.Deploy.0 = Release|Any CPU
		{82C57D69-2E76-40D4-9D11-BA480005B1FD}.AppStore|x86.ActiveCfg = Release|Any CPU
		{82C57D69-2E76-40D4-9D11-BA480005B1FD}.AppStore|x86.Build.0 = Release|Any CPU
		{82C57D69-2E76-40D4-9D11-BA480005B1FD}.AppStore|x86.Deploy.0 = Release|Any CPU
		{82C57D69-2E76-40D4-9D11-BA480005B1FD}.Debug|Any CPU.ActiveCfg = Debug|Any CPU
		{82C57D69-2E76-40D4-9D11-BA480005B1FD}.Debug|Any CPU.Build.0 = Debug|Any CPU
		{82C57D69-2E76-40D4-9D11-BA480005B1FD}.Debug|Any CPU.Deploy.0 = Debug|Any CPU
		{82C57D69-2E76-40D4-9D11-BA480005B1FD}.Debug|ARM.ActiveCfg = Debug|Any CPU
		{82C57D69-2E76-40D4-9D11-BA480005B1FD}.Debug|ARM.Build.0 = Debug|Any CPU
		{82C57D69-2E76-40D4-9D11-BA480005B1FD}.Debug|ARM.Deploy.0 = Debug|Any CPU
		{82C57D69-2E76-40D4-9D11-BA480005B1FD}.Debug|iPhone.ActiveCfg = Debug|Any CPU
		{82C57D69-2E76-40D4-9D11-BA480005B1FD}.Debug|iPhone.Build.0 = Debug|Any CPU
		{82C57D69-2E76-40D4-9D11-BA480005B1FD}.Debug|iPhone.Deploy.0 = Debug|Any CPU
		{82C57D69-2E76-40D4-9D11-BA480005B1FD}.Debug|iPhoneSimulator.ActiveCfg = Debug|Any CPU
		{82C57D69-2E76-40D4-9D11-BA480005B1FD}.Debug|iPhoneSimulator.Build.0 = Debug|Any CPU
		{82C57D69-2E76-40D4-9D11-BA480005B1FD}.Debug|iPhoneSimulator.Deploy.0 = Debug|Any CPU
		{82C57D69-2E76-40D4-9D11-BA480005B1FD}.Debug|x64.ActiveCfg = Debug|Any CPU
		{82C57D69-2E76-40D4-9D11-BA480005B1FD}.Debug|x64.Build.0 = Debug|Any CPU
		{82C57D69-2E76-40D4-9D11-BA480005B1FD}.Debug|x64.Deploy.0 = Debug|Any CPU
		{82C57D69-2E76-40D4-9D11-BA480005B1FD}.Debug|x86.ActiveCfg = Debug|Any CPU
		{82C57D69-2E76-40D4-9D11-BA480005B1FD}.Debug|x86.Build.0 = Debug|Any CPU
		{82C57D69-2E76-40D4-9D11-BA480005B1FD}.Debug|x86.Deploy.0 = Debug|Any CPU
		{82C57D69-2E76-40D4-9D11-BA480005B1FD}.Release|Any CPU.ActiveCfg = Release|Any CPU
		{82C57D69-2E76-40D4-9D11-BA480005B1FD}.Release|Any CPU.Build.0 = Release|Any CPU
		{82C57D69-2E76-40D4-9D11-BA480005B1FD}.Release|Any CPU.Deploy.0 = Release|Any CPU
		{82C57D69-2E76-40D4-9D11-BA480005B1FD}.Release|ARM.ActiveCfg = Release|Any CPU
		{82C57D69-2E76-40D4-9D11-BA480005B1FD}.Release|ARM.Build.0 = Release|Any CPU
		{82C57D69-2E76-40D4-9D11-BA480005B1FD}.Release|ARM.Deploy.0 = Release|Any CPU
		{82C57D69-2E76-40D4-9D11-BA480005B1FD}.Release|iPhone.ActiveCfg = Release|Any CPU
		{82C57D69-2E76-40D4-9D11-BA480005B1FD}.Release|iPhone.Build.0 = Release|Any CPU
		{82C57D69-2E76-40D4-9D11-BA480005B1FD}.Release|iPhone.Deploy.0 = Release|Any CPU
		{82C57D69-2E76-40D4-9D11-BA480005B1FD}.Release|iPhoneSimulator.ActiveCfg = Release|Any CPU
		{82C57D69-2E76-40D4-9D11-BA480005B1FD}.Release|iPhoneSimulator.Build.0 = Release|Any CPU
		{82C57D69-2E76-40D4-9D11-BA480005B1FD}.Release|iPhoneSimulator.Deploy.0 = Release|Any CPU
		{82C57D69-2E76-40D4-9D11-BA480005B1FD}.Release|x64.ActiveCfg = Release|Any CPU
		{82C57D69-2E76-40D4-9D11-BA480005B1FD}.Release|x64.Build.0 = Release|Any CPU
		{82C57D69-2E76-40D4-9D11-BA480005B1FD}.Release|x64.Deploy.0 = Release|Any CPU
		{82C57D69-2E76-40D4-9D11-BA480005B1FD}.Release|x86.ActiveCfg = Release|Any CPU
		{82C57D69-2E76-40D4-9D11-BA480005B1FD}.Release|x86.Build.0 = Release|Any CPU
		{82C57D69-2E76-40D4-9D11-BA480005B1FD}.Release|x86.Deploy.0 = Release|Any CPU
		{E2484415-F8CD-455F-88F0-FEAF50A981F7}.Ad-Hoc|Any CPU.ActiveCfg = Ad-Hoc|iPhone
		{E2484415-F8CD-455F-88F0-FEAF50A981F7}.Ad-Hoc|Any CPU.Build.0 = Ad-Hoc|iPhone
		{E2484415-F8CD-455F-88F0-FEAF50A981F7}.Ad-Hoc|Any CPU.Deploy.0 = Ad-Hoc|iPhone
		{E2484415-F8CD-455F-88F0-FEAF50A981F7}.Ad-Hoc|ARM.ActiveCfg = Ad-Hoc|iPhone
		{E2484415-F8CD-455F-88F0-FEAF50A981F7}.Ad-Hoc|ARM.Build.0 = Ad-Hoc|iPhone
		{E2484415-F8CD-455F-88F0-FEAF50A981F7}.Ad-Hoc|ARM.Deploy.0 = Ad-Hoc|iPhone
		{E2484415-F8CD-455F-88F0-FEAF50A981F7}.Ad-Hoc|iPhone.ActiveCfg = Ad-Hoc|iPhone
		{E2484415-F8CD-455F-88F0-FEAF50A981F7}.Ad-Hoc|iPhone.Build.0 = Ad-Hoc|iPhone
		{E2484415-F8CD-455F-88F0-FEAF50A981F7}.Ad-Hoc|iPhone.Deploy.0 = Ad-Hoc|iPhone
		{E2484415-F8CD-455F-88F0-FEAF50A981F7}.Ad-Hoc|iPhoneSimulator.ActiveCfg = Ad-Hoc|iPhoneSimulator
		{E2484415-F8CD-455F-88F0-FEAF50A981F7}.Ad-Hoc|iPhoneSimulator.Build.0 = Ad-Hoc|iPhoneSimulator
		{E2484415-F8CD-455F-88F0-FEAF50A981F7}.Ad-Hoc|iPhoneSimulator.Deploy.0 = Ad-Hoc|iPhoneSimulator
		{E2484415-F8CD-455F-88F0-FEAF50A981F7}.Ad-Hoc|x64.ActiveCfg = Ad-Hoc|iPhone
		{E2484415-F8CD-455F-88F0-FEAF50A981F7}.Ad-Hoc|x64.Build.0 = Ad-Hoc|iPhone
		{E2484415-F8CD-455F-88F0-FEAF50A981F7}.Ad-Hoc|x64.Deploy.0 = Ad-Hoc|iPhone
		{E2484415-F8CD-455F-88F0-FEAF50A981F7}.Ad-Hoc|x86.ActiveCfg = Ad-Hoc|iPhone
		{E2484415-F8CD-455F-88F0-FEAF50A981F7}.Ad-Hoc|x86.Build.0 = Ad-Hoc|iPhone
		{E2484415-F8CD-455F-88F0-FEAF50A981F7}.Ad-Hoc|x86.Deploy.0 = Ad-Hoc|iPhone
		{E2484415-F8CD-455F-88F0-FEAF50A981F7}.AppStore|Any CPU.ActiveCfg = AppStore|iPhone
		{E2484415-F8CD-455F-88F0-FEAF50A981F7}.AppStore|Any CPU.Build.0 = AppStore|iPhone
		{E2484415-F8CD-455F-88F0-FEAF50A981F7}.AppStore|Any CPU.Deploy.0 = AppStore|iPhone
		{E2484415-F8CD-455F-88F0-FEAF50A981F7}.AppStore|ARM.ActiveCfg = AppStore|iPhone
		{E2484415-F8CD-455F-88F0-FEAF50A981F7}.AppStore|ARM.Build.0 = AppStore|iPhone
		{E2484415-F8CD-455F-88F0-FEAF50A981F7}.AppStore|ARM.Deploy.0 = AppStore|iPhone
		{E2484415-F8CD-455F-88F0-FEAF50A981F7}.AppStore|iPhone.ActiveCfg = AppStore|iPhone
		{E2484415-F8CD-455F-88F0-FEAF50A981F7}.AppStore|iPhone.Build.0 = AppStore|iPhone
		{E2484415-F8CD-455F-88F0-FEAF50A981F7}.AppStore|iPhone.Deploy.0 = AppStore|iPhone
		{E2484415-F8CD-455F-88F0-FEAF50A981F7}.AppStore|iPhoneSimulator.ActiveCfg = AppStore|iPhoneSimulator
		{E2484415-F8CD-455F-88F0-FEAF50A981F7}.AppStore|iPhoneSimulator.Build.0 = AppStore|iPhoneSimulator
		{E2484415-F8CD-455F-88F0-FEAF50A981F7}.AppStore|iPhoneSimulator.Deploy.0 = AppStore|iPhoneSimulator
		{E2484415-F8CD-455F-88F0-FEAF50A981F7}.AppStore|x64.ActiveCfg = AppStore|iPhone
		{E2484415-F8CD-455F-88F0-FEAF50A981F7}.AppStore|x64.Build.0 = AppStore|iPhone
		{E2484415-F8CD-455F-88F0-FEAF50A981F7}.AppStore|x64.Deploy.0 = AppStore|iPhone
		{E2484415-F8CD-455F-88F0-FEAF50A981F7}.AppStore|x86.ActiveCfg = AppStore|iPhone
		{E2484415-F8CD-455F-88F0-FEAF50A981F7}.AppStore|x86.Build.0 = AppStore|iPhone
		{E2484415-F8CD-455F-88F0-FEAF50A981F7}.AppStore|x86.Deploy.0 = AppStore|iPhone
		{E2484415-F8CD-455F-88F0-FEAF50A981F7}.Debug|Any CPU.ActiveCfg = Debug|iPhone
		{E2484415-F8CD-455F-88F0-FEAF50A981F7}.Debug|Any CPU.Build.0 = Debug|iPhone
		{E2484415-F8CD-455F-88F0-FEAF50A981F7}.Debug|Any CPU.Deploy.0 = Debug|iPhone
		{E2484415-F8CD-455F-88F0-FEAF50A981F7}.Debug|ARM.ActiveCfg = Debug|iPhone
		{E2484415-F8CD-455F-88F0-FEAF50A981F7}.Debug|ARM.Build.0 = Debug|iPhone
		{E2484415-F8CD-455F-88F0-FEAF50A981F7}.Debug|ARM.Deploy.0 = Debug|iPhone
		{E2484415-F8CD-455F-88F0-FEAF50A981F7}.Debug|iPhone.ActiveCfg = Debug|iPhone
		{E2484415-F8CD-455F-88F0-FEAF50A981F7}.Debug|iPhone.Build.0 = Debug|iPhone
		{E2484415-F8CD-455F-88F0-FEAF50A981F7}.Debug|iPhone.Deploy.0 = Debug|iPhone
		{E2484415-F8CD-455F-88F0-FEAF50A981F7}.Debug|iPhoneSimulator.ActiveCfg = Debug|iPhoneSimulator
		{E2484415-F8CD-455F-88F0-FEAF50A981F7}.Debug|iPhoneSimulator.Build.0 = Debug|iPhoneSimulator
		{E2484415-F8CD-455F-88F0-FEAF50A981F7}.Debug|iPhoneSimulator.Deploy.0 = Debug|iPhoneSimulator
		{E2484415-F8CD-455F-88F0-FEAF50A981F7}.Debug|x64.ActiveCfg = Debug|iPhone
		{E2484415-F8CD-455F-88F0-FEAF50A981F7}.Debug|x64.Build.0 = Debug|iPhone
		{E2484415-F8CD-455F-88F0-FEAF50A981F7}.Debug|x64.Deploy.0 = Debug|iPhone
		{E2484415-F8CD-455F-88F0-FEAF50A981F7}.Debug|x86.ActiveCfg = Debug|iPhoneSimulator
		{E2484415-F8CD-455F-88F0-FEAF50A981F7}.Debug|x86.Build.0 = Debug|iPhoneSimulator
		{E2484415-F8CD-455F-88F0-FEAF50A981F7}.Debug|x86.Deploy.0 = Debug|iPhoneSimulator
		{E2484415-F8CD-455F-88F0-FEAF50A981F7}.Release|Any CPU.ActiveCfg = Release|iPhone
		{E2484415-F8CD-455F-88F0-FEAF50A981F7}.Release|Any CPU.Build.0 = Release|iPhone
		{E2484415-F8CD-455F-88F0-FEAF50A981F7}.Release|Any CPU.Deploy.0 = Release|iPhone
		{E2484415-F8CD-455F-88F0-FEAF50A981F7}.Release|ARM.ActiveCfg = Release|iPhone
		{E2484415-F8CD-455F-88F0-FEAF50A981F7}.Release|ARM.Build.0 = Release|iPhone
		{E2484415-F8CD-455F-88F0-FEAF50A981F7}.Release|ARM.Deploy.0 = Release|iPhone
		{E2484415-F8CD-455F-88F0-FEAF50A981F7}.Release|iPhone.ActiveCfg = Release|iPhone
		{E2484415-F8CD-455F-88F0-FEAF50A981F7}.Release|iPhone.Build.0 = Release|iPhone
		{E2484415-F8CD-455F-88F0-FEAF50A981F7}.Release|iPhone.Deploy.0 = Release|iPhone
		{E2484415-F8CD-455F-88F0-FEAF50A981F7}.Release|iPhoneSimulator.ActiveCfg = Release|iPhoneSimulator
		{E2484415-F8CD-455F-88F0-FEAF50A981F7}.Release|iPhoneSimulator.Build.0 = Release|iPhoneSimulator
		{E2484415-F8CD-455F-88F0-FEAF50A981F7}.Release|iPhoneSimulator.Deploy.0 = Release|iPhoneSimulator
		{E2484415-F8CD-455F-88F0-FEAF50A981F7}.Release|x64.ActiveCfg = Release|iPhone
		{E2484415-F8CD-455F-88F0-FEAF50A981F7}.Release|x64.Build.0 = Release|iPhone
		{E2484415-F8CD-455F-88F0-FEAF50A981F7}.Release|x64.Deploy.0 = Release|iPhone
		{E2484415-F8CD-455F-88F0-FEAF50A981F7}.Release|x86.ActiveCfg = Release|iPhone
		{E2484415-F8CD-455F-88F0-FEAF50A981F7}.Release|x86.Build.0 = Release|iPhone
		{E2484415-F8CD-455F-88F0-FEAF50A981F7}.Release|x86.Deploy.0 = Release|iPhone
		{87637467-1013-4CF4-91A3-21A3F14A6CAF}.Ad-Hoc|Any CPU.ActiveCfg = Release|x86
		{87637467-1013-4CF4-91A3-21A3F14A6CAF}.Ad-Hoc|Any CPU.Build.0 = Release|x86
		{87637467-1013-4CF4-91A3-21A3F14A6CAF}.Ad-Hoc|Any CPU.Deploy.0 = Release|x86
		{87637467-1013-4CF4-91A3-21A3F14A6CAF}.Ad-Hoc|ARM.ActiveCfg = Release|ARM
		{87637467-1013-4CF4-91A3-21A3F14A6CAF}.Ad-Hoc|ARM.Build.0 = Release|ARM
		{87637467-1013-4CF4-91A3-21A3F14A6CAF}.Ad-Hoc|ARM.Deploy.0 = Release|ARM
		{87637467-1013-4CF4-91A3-21A3F14A6CAF}.Ad-Hoc|iPhone.ActiveCfg = Release|x86
		{87637467-1013-4CF4-91A3-21A3F14A6CAF}.Ad-Hoc|iPhone.Build.0 = Release|x86
		{87637467-1013-4CF4-91A3-21A3F14A6CAF}.Ad-Hoc|iPhone.Deploy.0 = Release|x86
		{87637467-1013-4CF4-91A3-21A3F14A6CAF}.Ad-Hoc|iPhoneSimulator.ActiveCfg = Release|x86
		{87637467-1013-4CF4-91A3-21A3F14A6CAF}.Ad-Hoc|iPhoneSimulator.Build.0 = Release|x86
		{87637467-1013-4CF4-91A3-21A3F14A6CAF}.Ad-Hoc|iPhoneSimulator.Deploy.0 = Release|x86
		{87637467-1013-4CF4-91A3-21A3F14A6CAF}.Ad-Hoc|x64.ActiveCfg = Release|x64
		{87637467-1013-4CF4-91A3-21A3F14A6CAF}.Ad-Hoc|x64.Build.0 = Release|x64
		{87637467-1013-4CF4-91A3-21A3F14A6CAF}.Ad-Hoc|x64.Deploy.0 = Release|x64
		{87637467-1013-4CF4-91A3-21A3F14A6CAF}.Ad-Hoc|x86.ActiveCfg = Release|x86
		{87637467-1013-4CF4-91A3-21A3F14A6CAF}.Ad-Hoc|x86.Build.0 = Release|x86
		{87637467-1013-4CF4-91A3-21A3F14A6CAF}.Ad-Hoc|x86.Deploy.0 = Release|x86
		{87637467-1013-4CF4-91A3-21A3F14A6CAF}.AppStore|Any CPU.ActiveCfg = Release|x86
		{87637467-1013-4CF4-91A3-21A3F14A6CAF}.AppStore|Any CPU.Build.0 = Release|x86
		{87637467-1013-4CF4-91A3-21A3F14A6CAF}.AppStore|Any CPU.Deploy.0 = Release|x86
		{87637467-1013-4CF4-91A3-21A3F14A6CAF}.AppStore|ARM.ActiveCfg = Release|ARM
		{87637467-1013-4CF4-91A3-21A3F14A6CAF}.AppStore|ARM.Build.0 = Release|ARM
		{87637467-1013-4CF4-91A3-21A3F14A6CAF}.AppStore|ARM.Deploy.0 = Release|ARM
		{87637467-1013-4CF4-91A3-21A3F14A6CAF}.AppStore|iPhone.ActiveCfg = Release|x86
		{87637467-1013-4CF4-91A3-21A3F14A6CAF}.AppStore|iPhone.Build.0 = Release|x86
		{87637467-1013-4CF4-91A3-21A3F14A6CAF}.AppStore|iPhone.Deploy.0 = Release|x86
		{87637467-1013-4CF4-91A3-21A3F14A6CAF}.AppStore|iPhoneSimulator.ActiveCfg = Release|x86
		{87637467-1013-4CF4-91A3-21A3F14A6CAF}.AppStore|iPhoneSimulator.Build.0 = Release|x86
		{87637467-1013-4CF4-91A3-21A3F14A6CAF}.AppStore|iPhoneSimulator.Deploy.0 = Release|x86
		{87637467-1013-4CF4-91A3-21A3F14A6CAF}.AppStore|x64.ActiveCfg = Release|x64
		{87637467-1013-4CF4-91A3-21A3F14A6CAF}.AppStore|x64.Build.0 = Release|x64
		{87637467-1013-4CF4-91A3-21A3F14A6CAF}.AppStore|x64.Deploy.0 = Release|x64
		{87637467-1013-4CF4-91A3-21A3F14A6CAF}.AppStore|x86.ActiveCfg = Release|x86
		{87637467-1013-4CF4-91A3-21A3F14A6CAF}.AppStore|x86.Build.0 = Release|x86
		{87637467-1013-4CF4-91A3-21A3F14A6CAF}.AppStore|x86.Deploy.0 = Release|x86
		{87637467-1013-4CF4-91A3-21A3F14A6CAF}.Debug|Any CPU.ActiveCfg = Debug|x86
		{87637467-1013-4CF4-91A3-21A3F14A6CAF}.Debug|Any CPU.Build.0 = Debug|x86
		{87637467-1013-4CF4-91A3-21A3F14A6CAF}.Debug|Any CPU.Deploy.0 = Debug|x86
		{87637467-1013-4CF4-91A3-21A3F14A6CAF}.Debug|ARM.ActiveCfg = Debug|ARM
		{87637467-1013-4CF4-91A3-21A3F14A6CAF}.Debug|ARM.Build.0 = Debug|ARM
		{87637467-1013-4CF4-91A3-21A3F14A6CAF}.Debug|ARM.Deploy.0 = Debug|ARM
		{87637467-1013-4CF4-91A3-21A3F14A6CAF}.Debug|iPhone.ActiveCfg = Debug|x86
		{87637467-1013-4CF4-91A3-21A3F14A6CAF}.Debug|iPhone.Build.0 = Debug|x86
		{87637467-1013-4CF4-91A3-21A3F14A6CAF}.Debug|iPhone.Deploy.0 = Debug|x86
		{87637467-1013-4CF4-91A3-21A3F14A6CAF}.Debug|iPhoneSimulator.ActiveCfg = Debug|x86
		{87637467-1013-4CF4-91A3-21A3F14A6CAF}.Debug|iPhoneSimulator.Build.0 = Debug|x86
		{87637467-1013-4CF4-91A3-21A3F14A6CAF}.Debug|iPhoneSimulator.Deploy.0 = Debug|x86
		{87637467-1013-4CF4-91A3-21A3F14A6CAF}.Debug|x64.ActiveCfg = Debug|x64
		{87637467-1013-4CF4-91A3-21A3F14A6CAF}.Debug|x64.Build.0 = Debug|x64
		{87637467-1013-4CF4-91A3-21A3F14A6CAF}.Debug|x64.Deploy.0 = Debug|x64
		{87637467-1013-4CF4-91A3-21A3F14A6CAF}.Debug|x86.ActiveCfg = Debug|x86
		{87637467-1013-4CF4-91A3-21A3F14A6CAF}.Debug|x86.Build.0 = Debug|x86
		{87637467-1013-4CF4-91A3-21A3F14A6CAF}.Debug|x86.Deploy.0 = Debug|x86
		{87637467-1013-4CF4-91A3-21A3F14A6CAF}.Release|Any CPU.ActiveCfg = Release|x86
		{87637467-1013-4CF4-91A3-21A3F14A6CAF}.Release|Any CPU.Build.0 = Release|x86
		{87637467-1013-4CF4-91A3-21A3F14A6CAF}.Release|Any CPU.Deploy.0 = Release|x86
		{87637467-1013-4CF4-91A3-21A3F14A6CAF}.Release|ARM.ActiveCfg = Release|ARM
		{87637467-1013-4CF4-91A3-21A3F14A6CAF}.Release|ARM.Build.0 = Release|ARM
		{87637467-1013-4CF4-91A3-21A3F14A6CAF}.Release|ARM.Deploy.0 = Release|ARM
		{87637467-1013-4CF4-91A3-21A3F14A6CAF}.Release|iPhone.ActiveCfg = Release|x86
		{87637467-1013-4CF4-91A3-21A3F14A6CAF}.Release|iPhone.Build.0 = Release|x86
		{87637467-1013-4CF4-91A3-21A3F14A6CAF}.Release|iPhone.Deploy.0 = Release|x86
		{87637467-1013-4CF4-91A3-21A3F14A6CAF}.Release|iPhoneSimulator.ActiveCfg = Release|x86
		{87637467-1013-4CF4-91A3-21A3F14A6CAF}.Release|iPhoneSimulator.Build.0 = Release|x86
		{87637467-1013-4CF4-91A3-21A3F14A6CAF}.Release|iPhoneSimulator.Deploy.0 = Release|x86
		{87637467-1013-4CF4-91A3-21A3F14A6CAF}.Release|x64.ActiveCfg = Release|x64
		{87637467-1013-4CF4-91A3-21A3F14A6CAF}.Release|x64.Build.0 = Release|x64
		{87637467-1013-4CF4-91A3-21A3F14A6CAF}.Release|x64.Deploy.0 = Release|x64
		{87637467-1013-4CF4-91A3-21A3F14A6CAF}.Release|x86.ActiveCfg = Release|x86
		{87637467-1013-4CF4-91A3-21A3F14A6CAF}.Release|x86.Build.0 = Release|x86
		{87637467-1013-4CF4-91A3-21A3F14A6CAF}.Release|x86.Deploy.0 = Release|x86
		{47B91A0D-C397-42E9-B648-075A00AD9C40}.Ad-Hoc|Any CPU.ActiveCfg = Debug|Any CPU
		{47B91A0D-C397-42E9-B648-075A00AD9C40}.Ad-Hoc|Any CPU.Build.0 = Debug|Any CPU
		{47B91A0D-C397-42E9-B648-075A00AD9C40}.Ad-Hoc|Any CPU.Deploy.0 = Debug|Any CPU
		{47B91A0D-C397-42E9-B648-075A00AD9C40}.Ad-Hoc|ARM.ActiveCfg = Debug|Any CPU
		{47B91A0D-C397-42E9-B648-075A00AD9C40}.Ad-Hoc|ARM.Build.0 = Debug|Any CPU
		{47B91A0D-C397-42E9-B648-075A00AD9C40}.Ad-Hoc|ARM.Deploy.0 = Debug|Any CPU
		{47B91A0D-C397-42E9-B648-075A00AD9C40}.Ad-Hoc|iPhone.ActiveCfg = Debug|Any CPU
		{47B91A0D-C397-42E9-B648-075A00AD9C40}.Ad-Hoc|iPhone.Build.0 = Debug|Any CPU
		{47B91A0D-C397-42E9-B648-075A00AD9C40}.Ad-Hoc|iPhone.Deploy.0 = Debug|Any CPU
		{47B91A0D-C397-42E9-B648-075A00AD9C40}.Ad-Hoc|iPhoneSimulator.ActiveCfg = Debug|Any CPU
		{47B91A0D-C397-42E9-B648-075A00AD9C40}.Ad-Hoc|iPhoneSimulator.Build.0 = Debug|Any CPU
		{47B91A0D-C397-42E9-B648-075A00AD9C40}.Ad-Hoc|iPhoneSimulator.Deploy.0 = Debug|Any CPU
		{47B91A0D-C397-42E9-B648-075A00AD9C40}.Ad-Hoc|x64.ActiveCfg = Debug|Any CPU
		{47B91A0D-C397-42E9-B648-075A00AD9C40}.Ad-Hoc|x64.Build.0 = Debug|Any CPU
		{47B91A0D-C397-42E9-B648-075A00AD9C40}.Ad-Hoc|x64.Deploy.0 = Debug|Any CPU
		{47B91A0D-C397-42E9-B648-075A00AD9C40}.Ad-Hoc|x86.ActiveCfg = Debug|Any CPU
		{47B91A0D-C397-42E9-B648-075A00AD9C40}.Ad-Hoc|x86.Build.0 = Debug|Any CPU
		{47B91A0D-C397-42E9-B648-075A00AD9C40}.Ad-Hoc|x86.Deploy.0 = Debug|Any CPU
		{47B91A0D-C397-42E9-B648-075A00AD9C40}.AppStore|Any CPU.ActiveCfg = Debug|Any CPU
		{47B91A0D-C397-42E9-B648-075A00AD9C40}.AppStore|Any CPU.Build.0 = Debug|Any CPU
		{47B91A0D-C397-42E9-B648-075A00AD9C40}.AppStore|Any CPU.Deploy.0 = Debug|Any CPU
		{47B91A0D-C397-42E9-B648-075A00AD9C40}.AppStore|ARM.ActiveCfg = Debug|Any CPU
		{47B91A0D-C397-42E9-B648-075A00AD9C40}.AppStore|ARM.Build.0 = Debug|Any CPU
		{47B91A0D-C397-42E9-B648-075A00AD9C40}.AppStore|ARM.Deploy.0 = Debug|Any CPU
		{47B91A0D-C397-42E9-B648-075A00AD9C40}.AppStore|iPhone.ActiveCfg = Debug|Any CPU
		{47B91A0D-C397-42E9-B648-075A00AD9C40}.AppStore|iPhone.Build.0 = Debug|Any CPU
		{47B91A0D-C397-42E9-B648-075A00AD9C40}.AppStore|iPhone.Deploy.0 = Debug|Any CPU
		{47B91A0D-C397-42E9-B648-075A00AD9C40}.AppStore|iPhoneSimulator.ActiveCfg = Debug|Any CPU
		{47B91A0D-C397-42E9-B648-075A00AD9C40}.AppStore|iPhoneSimulator.Build.0 = Debug|Any CPU
		{47B91A0D-C397-42E9-B648-075A00AD9C40}.AppStore|iPhoneSimulator.Deploy.0 = Debug|Any CPU
		{47B91A0D-C397-42E9-B648-075A00AD9C40}.AppStore|x64.ActiveCfg = Debug|Any CPU
		{47B91A0D-C397-42E9-B648-075A00AD9C40}.AppStore|x64.Build.0 = Debug|Any CPU
		{47B91A0D-C397-42E9-B648-075A00AD9C40}.AppStore|x64.Deploy.0 = Debug|Any CPU
		{47B91A0D-C397-42E9-B648-075A00AD9C40}.AppStore|x86.ActiveCfg = Debug|Any CPU
		{47B91A0D-C397-42E9-B648-075A00AD9C40}.AppStore|x86.Build.0 = Debug|Any CPU
		{47B91A0D-C397-42E9-B648-075A00AD9C40}.AppStore|x86.Deploy.0 = Debug|Any CPU
		{47B91A0D-C397-42E9-B648-075A00AD9C40}.Debug|Any CPU.ActiveCfg = Debug|Any CPU
		{47B91A0D-C397-42E9-B648-075A00AD9C40}.Debug|Any CPU.Build.0 = Debug|Any CPU
		{47B91A0D-C397-42E9-B648-075A00AD9C40}.Debug|Any CPU.Deploy.0 = Debug|Any CPU
		{47B91A0D-C397-42E9-B648-075A00AD9C40}.Debug|ARM.ActiveCfg = Debug|Any CPU
		{47B91A0D-C397-42E9-B648-075A00AD9C40}.Debug|ARM.Build.0 = Debug|Any CPU
		{47B91A0D-C397-42E9-B648-075A00AD9C40}.Debug|ARM.Deploy.0 = Debug|Any CPU
		{47B91A0D-C397-42E9-B648-075A00AD9C40}.Debug|iPhone.ActiveCfg = Debug|Any CPU
		{47B91A0D-C397-42E9-B648-075A00AD9C40}.Debug|iPhone.Build.0 = Debug|Any CPU
		{47B91A0D-C397-42E9-B648-075A00AD9C40}.Debug|iPhone.Deploy.0 = Debug|Any CPU
		{47B91A0D-C397-42E9-B648-075A00AD9C40}.Debug|iPhoneSimulator.ActiveCfg = Debug|Any CPU
		{47B91A0D-C397-42E9-B648-075A00AD9C40}.Debug|iPhoneSimulator.Build.0 = Debug|Any CPU
		{47B91A0D-C397-42E9-B648-075A00AD9C40}.Debug|iPhoneSimulator.Deploy.0 = Debug|Any CPU
		{47B91A0D-C397-42E9-B648-075A00AD9C40}.Debug|x64.ActiveCfg = Debug|Any CPU
		{47B91A0D-C397-42E9-B648-075A00AD9C40}.Debug|x64.Build.0 = Debug|Any CPU
		{47B91A0D-C397-42E9-B648-075A00AD9C40}.Debug|x64.Deploy.0 = Debug|Any CPU
		{47B91A0D-C397-42E9-B648-075A00AD9C40}.Debug|x86.ActiveCfg = Debug|Any CPU
		{47B91A0D-C397-42E9-B648-075A00AD9C40}.Debug|x86.Build.0 = Debug|Any CPU
		{47B91A0D-C397-42E9-B648-075A00AD9C40}.Debug|x86.Deploy.0 = Debug|Any CPU
		{47B91A0D-C397-42E9-B648-075A00AD9C40}.Release|Any CPU.ActiveCfg = Release|Any CPU
		{47B91A0D-C397-42E9-B648-075A00AD9C40}.Release|Any CPU.Build.0 = Release|Any CPU
		{47B91A0D-C397-42E9-B648-075A00AD9C40}.Release|Any CPU.Deploy.0 = Release|Any CPU
		{47B91A0D-C397-42E9-B648-075A00AD9C40}.Release|ARM.ActiveCfg = Release|Any CPU
		{47B91A0D-C397-42E9-B648-075A00AD9C40}.Release|ARM.Build.0 = Release|Any CPU
		{47B91A0D-C397-42E9-B648-075A00AD9C40}.Release|ARM.Deploy.0 = Release|Any CPU
		{47B91A0D-C397-42E9-B648-075A00AD9C40}.Release|iPhone.ActiveCfg = Release|Any CPU
		{47B91A0D-C397-42E9-B648-075A00AD9C40}.Release|iPhone.Build.0 = Release|Any CPU
		{47B91A0D-C397-42E9-B648-075A00AD9C40}.Release|iPhone.Deploy.0 = Release|Any CPU
		{47B91A0D-C397-42E9-B648-075A00AD9C40}.Release|iPhoneSimulator.ActiveCfg = Release|Any CPU
		{47B91A0D-C397-42E9-B648-075A00AD9C40}.Release|iPhoneSimulator.Build.0 = Release|Any CPU
		{47B91A0D-C397-42E9-B648-075A00AD9C40}.Release|iPhoneSimulator.Deploy.0 = Release|Any CPU
		{47B91A0D-C397-42E9-B648-075A00AD9C40}.Release|x64.ActiveCfg = Release|Any CPU
		{47B91A0D-C397-42E9-B648-075A00AD9C40}.Release|x64.Build.0 = Release|Any CPU
		{47B91A0D-C397-42E9-B648-075A00AD9C40}.Release|x64.Deploy.0 = Release|Any CPU
		{47B91A0D-C397-42E9-B648-075A00AD9C40}.Release|x86.ActiveCfg = Release|Any CPU
		{47B91A0D-C397-42E9-B648-075A00AD9C40}.Release|x86.Build.0 = Release|Any CPU
		{47B91A0D-C397-42E9-B648-075A00AD9C40}.Release|x86.Deploy.0 = Release|Any CPU
	EndGlobalSection
	GlobalSection(SolutionProperties) = preSolution
		HideSolutionNode = FALSE
	EndGlobalSection
	GlobalSection(ExtensibilityGlobals) = postSolution
		SolutionGuid = {FB3A8382-86EF-4977-91C4-7216DFA63BBA}
	EndGlobalSection
EndGlobal
