
Microsoft Visual Studio Solution File, Format Version 12.00
# Visual Studio 15
VisualStudioVersion = 15.0.27703.2026
MinimumVisualStudioVersion = 10.0.40219.1
Project("{FAE04EC0-301F-11D3-BF4B-00C04F79EFBC}") = "App1750.Android", "App1750\App1750.Android\App1750.Android.csproj", "{5F2EE4BF-80E4-4C81-BDBC-F9F3CBEC7326}"
EndProject
Project("{FAE04EC0-301F-11D3-BF4B-00C04F79EFBC}") = "App1750.iOS", "App1750\App1750.iOS\App1750.iOS.csproj", "{F5FE206D-556A-410D-B849-C13A75B4B95C}"
EndProject
Project("{FAE04EC0-301F-11D3-BF4B-00C04F79EFBC}") = "App1750.UWP", "App1750\App1750.UWP\App1750.UWP.csproj", "{3C9669ED-5404-4CA2-9D9B-EDBA24979506}"
EndProject
Project("{D954291E-2A0B-460D-934E-DC6B0785DB48}") = "App1750", "App1750\App1750\App1750.shproj", "{1277BDE6-E4C4-4EE4-A3CE-50806BF4A2EC}"
EndProject
Global
	GlobalSection(SharedMSBuildProjectFiles) = preSolution
		App1750\App1750\App1750.projitems*{1277bde6-e4c4-4ee4-a3ce-50806bf4a2ec}*SharedItemsImports = 13
		App1750\App1750\App1750.projitems*{3c9669ed-5404-4ca2-9d9b-edba24979506}*SharedItemsImports = 4
		App1750\App1750\App1750.projitems*{5f2ee4bf-80e4-4c81-bdbc-f9f3cbec7326}*SharedItemsImports = 4
		App1750\App1750\App1750.projitems*{f5fe206d-556a-410d-b849-c13a75b4b95c}*SharedItemsImports = 4
	EndGlobalSection
	GlobalSection(SolutionConfigurationPlatforms) = preSolution
		Ad-Hoc|Any CPU = Ad-Hoc|Any CPU
		Ad-Hoc|ARM = Ad-Hoc|ARM
		Ad-Hoc|iPhone = Ad-Hoc|iPhone
		Ad-Hoc|iPhoneSimulator = Ad-Hoc|iPhoneSimulator
		Ad-Hoc|x64 = Ad-Hoc|x64
		Ad-Hoc|x86 = Ad-Hoc|x86
		AppStore|Any CPU = AppStore|Any CPU
		AppStore|ARM = AppStore|ARM
		AppStore|iPhone = AppStore|iPhone
		AppStore|iPhoneSimulator = AppStore|iPhoneSimulator
		AppStore|x64 = AppStore|x64
		AppStore|x86 = AppStore|x86
		Debug|Any CPU = Debug|Any CPU
		Debug|ARM = Debug|ARM
		Debug|iPhone = Debug|iPhone
		Debug|iPhoneSimulator = Debug|iPhoneSimulator
		Debug|x64 = Debug|x64
		Debug|x86 = Debug|x86
		Release|Any CPU = Release|Any CPU
		Release|ARM = Release|ARM
		Release|iPhone = Release|iPhone
		Release|iPhoneSimulator = Release|iPhoneSimulator
		Release|x64 = Release|x64
		Release|x86 = Release|x86
	EndGlobalSection
	GlobalSection(ProjectConfigurationPlatforms) = postSolution
		{5F2EE4BF-80E4-4C81-BDBC-F9F3CBEC7326}.Ad-Hoc|Any CPU.ActiveCfg = Release|Any CPU
		{5F2EE4BF-80E4-4C81-BDBC-F9F3CBEC7326}.Ad-Hoc|Any CPU.Build.0 = Release|Any CPU
		{5F2EE4BF-80E4-4C81-BDBC-F9F3CBEC7326}.Ad-Hoc|Any CPU.Deploy.0 = Release|Any CPU
		{5F2EE4BF-80E4-4C81-BDBC-F9F3CBEC7326}.Ad-Hoc|ARM.ActiveCfg = Release|Any CPU
		{5F2EE4BF-80E4-4C81-BDBC-F9F3CBEC7326}.Ad-Hoc|ARM.Build.0 = Release|Any CPU
		{5F2EE4BF-80E4-4C81-BDBC-F9F3CBEC7326}.Ad-Hoc|ARM.Deploy.0 = Release|Any CPU
		{5F2EE4BF-80E4-4C81-BDBC-F9F3CBEC7326}.Ad-Hoc|iPhone.ActiveCfg = Release|Any CPU
		{5F2EE4BF-80E4-4C81-BDBC-F9F3CBEC7326}.Ad-Hoc|iPhone.Build.0 = Release|Any CPU
		{5F2EE4BF-80E4-4C81-BDBC-F9F3CBEC7326}.Ad-Hoc|iPhone.Deploy.0 = Release|Any CPU
		{5F2EE4BF-80E4-4C81-BDBC-F9F3CBEC7326}.Ad-Hoc|iPhoneSimulator.ActiveCfg = Release|Any CPU
		{5F2EE4BF-80E4-4C81-BDBC-F9F3CBEC7326}.Ad-Hoc|iPhoneSimulator.Build.0 = Release|Any CPU
		{5F2EE4BF-80E4-4C81-BDBC-F9F3CBEC7326}.Ad-Hoc|iPhoneSimulator.Deploy.0 = Release|Any CPU
		{5F2EE4BF-80E4-4C81-BDBC-F9F3CBEC7326}.Ad-Hoc|x64.ActiveCfg = Release|Any CPU
		{5F2EE4BF-80E4-4C81-BDBC-F9F3CBEC7326}.Ad-Hoc|x64.Build.0 = Release|Any CPU
		{5F2EE4BF-80E4-4C81-BDBC-F9F3CBEC7326}.Ad-Hoc|x64.Deploy.0 = Release|Any CPU
		{5F2EE4BF-80E4-4C81-BDBC-F9F3CBEC7326}.Ad-Hoc|x86.ActiveCfg = Release|Any CPU
		{5F2EE4BF-80E4-4C81-BDBC-F9F3CBEC7326}.Ad-Hoc|x86.Build.0 = Release|Any CPU
		{5F2EE4BF-80E4-4C81-BDBC-F9F3CBEC7326}.Ad-Hoc|x86.Deploy.0 = Release|Any CPU
		{5F2EE4BF-80E4-4C81-BDBC-F9F3CBEC7326}.AppStore|Any CPU.ActiveCfg = Release|Any CPU
		{5F2EE4BF-80E4-4C81-BDBC-F9F3CBEC7326}.AppStore|Any CPU.Build.0 = Release|Any CPU
		{5F2EE4BF-80E4-4C81-BDBC-F9F3CBEC7326}.AppStore|Any CPU.Deploy.0 = Release|Any CPU
		{5F2EE4BF-80E4-4C81-BDBC-F9F3CBEC7326}.AppStore|ARM.ActiveCfg = Release|Any CPU
		{5F2EE4BF-80E4-4C81-BDBC-F9F3CBEC7326}.AppStore|ARM.Build.0 = Release|Any CPU
		{5F2EE4BF-80E4-4C81-BDBC-F9F3CBEC7326}.AppStore|ARM.Deploy.0 = Release|Any CPU
		{5F2EE4BF-80E4-4C81-BDBC-F9F3CBEC7326}.AppStore|iPhone.ActiveCfg = Release|Any CPU
		{5F2EE4BF-80E4-4C81-BDBC-F9F3CBEC7326}.AppStore|iPhone.Build.0 = Release|Any CPU
		{5F2EE4BF-80E4-4C81-BDBC-F9F3CBEC7326}.AppStore|iPhone.Deploy.0 = Release|Any CPU
		{5F2EE4BF-80E4-4C81-BDBC-F9F3CBEC7326}.AppStore|iPhoneSimulator.ActiveCfg = Release|Any CPU
		{5F2EE4BF-80E4-4C81-BDBC-F9F3CBEC7326}.AppStore|iPhoneSimulator.Build.0 = Release|Any CPU
		{5F2EE4BF-80E4-4C81-BDBC-F9F3CBEC7326}.AppStore|iPhoneSimulator.Deploy.0 = Release|Any CPU
		{5F2EE4BF-80E4-4C81-BDBC-F9F3CBEC7326}.AppStore|x64.ActiveCfg = Release|Any CPU
		{5F2EE4BF-80E4-4C81-BDBC-F9F3CBEC7326}.AppStore|x64.Build.0 = Release|Any CPU
		{5F2EE4BF-80E4-4C81-BDBC-F9F3CBEC7326}.AppStore|x64.Deploy.0 = Release|Any CPU
		{5F2EE4BF-80E4-4C81-BDBC-F9F3CBEC7326}.AppStore|x86.ActiveCfg = Release|Any CPU
		{5F2EE4BF-80E4-4C81-BDBC-F9F3CBEC7326}.AppStore|x86.Build.0 = Release|Any CPU
		{5F2EE4BF-80E4-4C81-BDBC-F9F3CBEC7326}.AppStore|x86.Deploy.0 = Release|Any CPU
		{5F2EE4BF-80E4-4C81-BDBC-F9F3CBEC7326}.Debug|Any CPU.ActiveCfg = Debug|Any CPU
		{5F2EE4BF-80E4-4C81-BDBC-F9F3CBEC7326}.Debug|Any CPU.Build.0 = Debug|Any CPU
		{5F2EE4BF-80E4-4C81-BDBC-F9F3CBEC7326}.Debug|Any CPU.Deploy.0 = Debug|Any CPU
		{5F2EE4BF-80E4-4C81-BDBC-F9F3CBEC7326}.Debug|ARM.ActiveCfg = Debug|Any CPU
		{5F2EE4BF-80E4-4C81-BDBC-F9F3CBEC7326}.Debug|ARM.Build.0 = Debug|Any CPU
		{5F2EE4BF-80E4-4C81-BDBC-F9F3CBEC7326}.Debug|ARM.Deploy.0 = Debug|Any CPU
		{5F2EE4BF-80E4-4C81-BDBC-F9F3CBEC7326}.Debug|iPhone.ActiveCfg = Debug|Any CPU
		{5F2EE4BF-80E4-4C81-BDBC-F9F3CBEC7326}.Debug|iPhone.Build.0 = Debug|Any CPU
		{5F2EE4BF-80E4-4C81-BDBC-F9F3CBEC7326}.Debug|iPhone.Deploy.0 = Debug|Any CPU
		{5F2EE4BF-80E4-4C81-BDBC-F9F3CBEC7326}.Debug|iPhoneSimulator.ActiveCfg = Debug|Any CPU
		{5F2EE4BF-80E4-4C81-BDBC-F9F3CBEC7326}.Debug|iPhoneSimulator.Build.0 = Debug|Any CPU
		{5F2EE4BF-80E4-4C81-BDBC-F9F3CBEC7326}.Debug|iPhoneSimulator.Deploy.0 = Debug|Any CPU
		{5F2EE4BF-80E4-4C81-BDBC-F9F3CBEC7326}.Debug|x64.ActiveCfg = Debug|Any CPU
		{5F2EE4BF-80E4-4C81-BDBC-F9F3CBEC7326}.Debug|x64.Build.0 = Debug|Any CPU
		{5F2EE4BF-80E4-4C81-BDBC-F9F3CBEC7326}.Debug|x64.Deploy.0 = Debug|Any CPU
		{5F2EE4BF-80E4-4C81-BDBC-F9F3CBEC7326}.Debug|x86.ActiveCfg = Debug|Any CPU
		{5F2EE4BF-80E4-4C81-BDBC-F9F3CBEC7326}.Debug|x86.Build.0 = Debug|Any CPU
		{5F2EE4BF-80E4-4C81-BDBC-F9F3CBEC7326}.Debug|x86.Deploy.0 = Debug|Any CPU
		{5F2EE4BF-80E4-4C81-BDBC-F9F3CBEC7326}.Release|Any CPU.ActiveCfg = Release|Any CPU
		{5F2EE4BF-80E4-4C81-BDBC-F9F3CBEC7326}.Release|Any CPU.Build.0 = Release|Any CPU
		{5F2EE4BF-80E4-4C81-BDBC-F9F3CBEC7326}.Release|Any CPU.Deploy.0 = Release|Any CPU
		{5F2EE4BF-80E4-4C81-BDBC-F9F3CBEC7326}.Release|ARM.ActiveCfg = Release|Any CPU
		{5F2EE4BF-80E4-4C81-BDBC-F9F3CBEC7326}.Release|ARM.Build.0 = Release|Any CPU
		{5F2EE4BF-80E4-4C81-BDBC-F9F3CBEC7326}.Release|ARM.Deploy.0 = Release|Any CPU
		{5F2EE4BF-80E4-4C81-BDBC-F9F3CBEC7326}.Release|iPhone.ActiveCfg = Release|Any CPU
		{5F2EE4BF-80E4-4C81-BDBC-F9F3CBEC7326}.Release|iPhone.Build.0 = Release|Any CPU
		{5F2EE4BF-80E4-4C81-BDBC-F9F3CBEC7326}.Release|iPhone.Deploy.0 = Release|Any CPU
		{5F2EE4BF-80E4-4C81-BDBC-F9F3CBEC7326}.Release|iPhoneSimulator.ActiveCfg = Release|Any CPU
		{5F2EE4BF-80E4-4C81-BDBC-F9F3CBEC7326}.Release|iPhoneSimulator.Build.0 = Release|Any CPU
		{5F2EE4BF-80E4-4C81-BDBC-F9F3CBEC7326}.Release|iPhoneSimulator.Deploy.0 = Release|Any CPU
		{5F2EE4BF-80E4-4C81-BDBC-F9F3CBEC7326}.Release|x64.ActiveCfg = Release|Any CPU
		{5F2EE4BF-80E4-4C81-BDBC-F9F3CBEC7326}.Release|x64.Build.0 = Release|Any CPU
		{5F2EE4BF-80E4-4C81-BDBC-F9F3CBEC7326}.Release|x64.Deploy.0 = Release|Any CPU
		{5F2EE4BF-80E4-4C81-BDBC-F9F3CBEC7326}.Release|x86.ActiveCfg = Release|Any CPU
		{5F2EE4BF-80E4-4C81-BDBC-F9F3CBEC7326}.Release|x86.Build.0 = Release|Any CPU
		{5F2EE4BF-80E4-4C81-BDBC-F9F3CBEC7326}.Release|x86.Deploy.0 = Release|Any CPU
		{F5FE206D-556A-410D-B849-C13A75B4B95C}.Ad-Hoc|Any CPU.ActiveCfg = Ad-Hoc|iPhone
		{F5FE206D-556A-410D-B849-C13A75B4B95C}.Ad-Hoc|Any CPU.Build.0 = Ad-Hoc|iPhone
		{F5FE206D-556A-410D-B849-C13A75B4B95C}.Ad-Hoc|Any CPU.Deploy.0 = Ad-Hoc|iPhone
		{F5FE206D-556A-410D-B849-C13A75B4B95C}.Ad-Hoc|ARM.ActiveCfg = Ad-Hoc|iPhone
		{F5FE206D-556A-410D-B849-C13A75B4B95C}.Ad-Hoc|ARM.Build.0 = Ad-Hoc|iPhone
		{F5FE206D-556A-410D-B849-C13A75B4B95C}.Ad-Hoc|ARM.Deploy.0 = Ad-Hoc|iPhone
		{F5FE206D-556A-410D-B849-C13A75B4B95C}.Ad-Hoc|iPhone.ActiveCfg = Ad-Hoc|iPhone
		{F5FE206D-556A-410D-B849-C13A75B4B95C}.Ad-Hoc|iPhone.Build.0 = Ad-Hoc|iPhone
		{F5FE206D-556A-410D-B849-C13A75B4B95C}.Ad-Hoc|iPhone.Deploy.0 = Ad-Hoc|iPhone
		{F5FE206D-556A-410D-B849-C13A75B4B95C}.Ad-Hoc|iPhoneSimulator.ActiveCfg = Ad-Hoc|iPhoneSimulator
		{F5FE206D-556A-410D-B849-C13A75B4B95C}.Ad-Hoc|iPhoneSimulator.Build.0 = Ad-Hoc|iPhoneSimulator
		{F5FE206D-556A-410D-B849-C13A75B4B95C}.Ad-Hoc|iPhoneSimulator.Deploy.0 = Ad-Hoc|iPhoneSimulator
		{F5FE206D-556A-410D-B849-C13A75B4B95C}.Ad-Hoc|x64.ActiveCfg = Ad-Hoc|iPhone
		{F5FE206D-556A-410D-B849-C13A75B4B95C}.Ad-Hoc|x64.Build.0 = Ad-Hoc|iPhone
		{F5FE206D-556A-410D-B849-C13A75B4B95C}.Ad-Hoc|x64.Deploy.0 = Ad-Hoc|iPhone
		{F5FE206D-556A-410D-B849-C13A75B4B95C}.Ad-Hoc|x86.ActiveCfg = Ad-Hoc|iPhone
		{F5FE206D-556A-410D-B849-C13A75B4B95C}.Ad-Hoc|x86.Build.0 = Ad-Hoc|iPhone
		{F5FE206D-556A-410D-B849-C13A75B4B95C}.Ad-Hoc|x86.Deploy.0 = Ad-Hoc|iPhone
		{F5FE206D-556A-410D-B849-C13A75B4B95C}.AppStore|Any CPU.ActiveCfg = AppStore|iPhone
		{F5FE206D-556A-410D-B849-C13A75B4B95C}.AppStore|Any CPU.Build.0 = AppStore|iPhone
		{F5FE206D-556A-410D-B849-C13A75B4B95C}.AppStore|Any CPU.Deploy.0 = AppStore|iPhone
		{F5FE206D-556A-410D-B849-C13A75B4B95C}.AppStore|ARM.ActiveCfg = AppStore|iPhone
		{F5FE206D-556A-410D-B849-C13A75B4B95C}.AppStore|ARM.Build.0 = AppStore|iPhone
		{F5FE206D-556A-410D-B849-C13A75B4B95C}.AppStore|ARM.Deploy.0 = AppStore|iPhone
		{F5FE206D-556A-410D-B849-C13A75B4B95C}.AppStore|iPhone.ActiveCfg = AppStore|iPhone
		{F5FE206D-556A-410D-B849-C13A75B4B95C}.AppStore|iPhone.Build.0 = AppStore|iPhone
		{F5FE206D-556A-410D-B849-C13A75B4B95C}.AppStore|iPhone.Deploy.0 = AppStore|iPhone
		{F5FE206D-556A-410D-B849-C13A75B4B95C}.AppStore|iPhoneSimulator.ActiveCfg = AppStore|iPhoneSimulator
		{F5FE206D-556A-410D-B849-C13A75B4B95C}.AppStore|iPhoneSimulator.Build.0 = AppStore|iPhoneSimulator
		{F5FE206D-556A-410D-B849-C13A75B4B95C}.AppStore|iPhoneSimulator.Deploy.0 = AppStore|iPhoneSimulator
		{F5FE206D-556A-410D-B849-C13A75B4B95C}.AppStore|x64.ActiveCfg = AppStore|iPhone
		{F5FE206D-556A-410D-B849-C13A75B4B95C}.AppStore|x64.Build.0 = AppStore|iPhone
		{F5FE206D-556A-410D-B849-C13A75B4B95C}.AppStore|x64.Deploy.0 = AppStore|iPhone
		{F5FE206D-556A-410D-B849-C13A75B4B95C}.AppStore|x86.ActiveCfg = AppStore|iPhone
		{F5FE206D-556A-410D-B849-C13A75B4B95C}.AppStore|x86.Build.0 = AppStore|iPhone
		{F5FE206D-556A-410D-B849-C13A75B4B95C}.AppStore|x86.Deploy.0 = AppStore|iPhone
		{F5FE206D-556A-410D-B849-C13A75B4B95C}.Debug|Any CPU.ActiveCfg = Debug|iPhone
		{F5FE206D-556A-410D-B849-C13A75B4B95C}.Debug|Any CPU.Build.0 = Debug|iPhone
		{F5FE206D-556A-410D-B849-C13A75B4B95C}.Debug|Any CPU.Deploy.0 = Debug|iPhone
		{F5FE206D-556A-410D-B849-C13A75B4B95C}.Debug|ARM.ActiveCfg = Debug|iPhone
		{F5FE206D-556A-410D-B849-C13A75B4B95C}.Debug|ARM.Build.0 = Debug|iPhone
		{F5FE206D-556A-410D-B849-C13A75B4B95C}.Debug|ARM.Deploy.0 = Debug|iPhone
		{F5FE206D-556A-410D-B849-C13A75B4B95C}.Debug|iPhone.ActiveCfg = Debug|iPhone
		{F5FE206D-556A-410D-B849-C13A75B4B95C}.Debug|iPhone.Build.0 = Debug|iPhone
		{F5FE206D-556A-410D-B849-C13A75B4B95C}.Debug|iPhone.Deploy.0 = Debug|iPhone
		{F5FE206D-556A-410D-B849-C13A75B4B95C}.Debug|iPhoneSimulator.ActiveCfg = Debug|iPhoneSimulator
		{F5FE206D-556A-410D-B849-C13A75B4B95C}.Debug|iPhoneSimulator.Build.0 = Debug|iPhoneSimulator
		{F5FE206D-556A-410D-B849-C13A75B4B95C}.Debug|iPhoneSimulator.Deploy.0 = Debug|iPhoneSimulator
		{F5FE206D-556A-410D-B849-C13A75B4B95C}.Debug|x64.ActiveCfg = Debug|iPhone
		{F5FE206D-556A-410D-B849-C13A75B4B95C}.Debug|x64.Build.0 = Debug|iPhone
		{F5FE206D-556A-410D-B849-C13A75B4B95C}.Debug|x64.Deploy.0 = Debug|iPhone
		{F5FE206D-556A-410D-B849-C13A75B4B95C}.Debug|x86.ActiveCfg = Debug|iPhoneSimulator
		{F5FE206D-556A-410D-B849-C13A75B4B95C}.Debug|x86.Build.0 = Debug|iPhoneSimulator
		{F5FE206D-556A-410D-B849-C13A75B4B95C}.Debug|x86.Deploy.0 = Debug|iPhoneSimulator
		{F5FE206D-556A-410D-B849-C13A75B4B95C}.Release|Any CPU.ActiveCfg = Release|iPhone
		{F5FE206D-556A-410D-B849-C13A75B4B95C}.Release|Any CPU.Build.0 = Release|iPhone
		{F5FE206D-556A-410D-B849-C13A75B4B95C}.Release|Any CPU.Deploy.0 = Release|iPhone
		{F5FE206D-556A-410D-B849-C13A75B4B95C}.Release|ARM.ActiveCfg = Release|iPhone
		{F5FE206D-556A-410D-B849-C13A75B4B95C}.Release|ARM.Build.0 = Release|iPhone
		{F5FE206D-556A-410D-B849-C13A75B4B95C}.Release|ARM.Deploy.0 = Release|iPhone
		{F5FE206D-556A-410D-B849-C13A75B4B95C}.Release|iPhone.ActiveCfg = Release|iPhone
		{F5FE206D-556A-410D-B849-C13A75B4B95C}.Release|iPhone.Build.0 = Release|iPhone
		{F5FE206D-556A-410D-B849-C13A75B4B95C}.Release|iPhone.Deploy.0 = Release|iPhone
		{F5FE206D-556A-410D-B849-C13A75B4B95C}.Release|iPhoneSimulator.ActiveCfg = Release|iPhoneSimulator
		{F5FE206D-556A-410D-B849-C13A75B4B95C}.Release|iPhoneSimulator.Build.0 = Release|iPhoneSimulator
		{F5FE206D-556A-410D-B849-C13A75B4B95C}.Release|iPhoneSimulator.Deploy.0 = Release|iPhoneSimulator
		{F5FE206D-556A-410D-B849-C13A75B4B95C}.Release|x64.ActiveCfg = Release|iPhone
		{F5FE206D-556A-410D-B849-C13A75B4B95C}.Release|x64.Build.0 = Release|iPhone
		{F5FE206D-556A-410D-B849-C13A75B4B95C}.Release|x64.Deploy.0 = Release|iPhone
		{F5FE206D-556A-410D-B849-C13A75B4B95C}.Release|x86.ActiveCfg = Release|iPhone
		{F5FE206D-556A-410D-B849-C13A75B4B95C}.Release|x86.Build.0 = Release|iPhone
		{F5FE206D-556A-410D-B849-C13A75B4B95C}.Release|x86.Deploy.0 = Release|iPhone
		{3C9669ED-5404-4CA2-9D9B-EDBA24979506}.Ad-Hoc|Any CPU.ActiveCfg = Release|x86
		{3C9669ED-5404-4CA2-9D9B-EDBA24979506}.Ad-Hoc|Any CPU.Build.0 = Release|x86
		{3C9669ED-5404-4CA2-9D9B-EDBA24979506}.Ad-Hoc|Any CPU.Deploy.0 = Release|x86
		{3C9669ED-5404-4CA2-9D9B-EDBA24979506}.Ad-Hoc|ARM.ActiveCfg = Release|ARM
		{3C9669ED-5404-4CA2-9D9B-EDBA24979506}.Ad-Hoc|ARM.Build.0 = Release|ARM
		{3C9669ED-5404-4CA2-9D9B-EDBA24979506}.Ad-Hoc|ARM.Deploy.0 = Release|ARM
		{3C9669ED-5404-4CA2-9D9B-EDBA24979506}.Ad-Hoc|iPhone.ActiveCfg = Release|x86
		{3C9669ED-5404-4CA2-9D9B-EDBA24979506}.Ad-Hoc|iPhone.Build.0 = Release|x86
		{3C9669ED-5404-4CA2-9D9B-EDBA24979506}.Ad-Hoc|iPhone.Deploy.0 = Release|x86
		{3C9669ED-5404-4CA2-9D9B-EDBA24979506}.Ad-Hoc|iPhoneSimulator.ActiveCfg = Release|x86
		{3C9669ED-5404-4CA2-9D9B-EDBA24979506}.Ad-Hoc|iPhoneSimulator.Build.0 = Release|x86
		{3C9669ED-5404-4CA2-9D9B-EDBA24979506}.Ad-Hoc|iPhoneSimulator.Deploy.0 = Release|x86
		{3C9669ED-5404-4CA2-9D9B-EDBA24979506}.Ad-Hoc|x64.ActiveCfg = Release|x64
		{3C9669ED-5404-4CA2-9D9B-EDBA24979506}.Ad-Hoc|x64.Build.0 = Release|x64
		{3C9669ED-5404-4CA2-9D9B-EDBA24979506}.Ad-Hoc|x64.Deploy.0 = Release|x64
		{3C9669ED-5404-4CA2-9D9B-EDBA24979506}.Ad-Hoc|x86.ActiveCfg = Release|x86
		{3C9669ED-5404-4CA2-9D9B-EDBA24979506}.Ad-Hoc|x86.Build.0 = Release|x86
		{3C9669ED-5404-4CA2-9D9B-EDBA24979506}.Ad-Hoc|x86.Deploy.0 = Release|x86
		{3C9669ED-5404-4CA2-9D9B-EDBA24979506}.AppStore|Any CPU.ActiveCfg = Release|x86
		{3C9669ED-5404-4CA2-9D9B-EDBA24979506}.AppStore|Any CPU.Build.0 = Release|x86
		{3C9669ED-5404-4CA2-9D9B-EDBA24979506}.AppStore|Any CPU.Deploy.0 = Release|x86
		{3C9669ED-5404-4CA2-9D9B-EDBA24979506}.AppStore|ARM.ActiveCfg = Release|ARM
		{3C9669ED-5404-4CA2-9D9B-EDBA24979506}.AppStore|ARM.Build.0 = Release|ARM
		{3C9669ED-5404-4CA2-9D9B-EDBA24979506}.AppStore|ARM.Deploy.0 = Release|ARM
		{3C9669ED-5404-4CA2-9D9B-EDBA24979506}.AppStore|iPhone.ActiveCfg = Release|x86
		{3C9669ED-5404-4CA2-9D9B-EDBA24979506}.AppStore|iPhone.Build.0 = Release|x86
		{3C9669ED-5404-4CA2-9D9B-EDBA24979506}.AppStore|iPhone.Deploy.0 = Release|x86
		{3C9669ED-5404-4CA2-9D9B-EDBA24979506}.AppStore|iPhoneSimulator.ActiveCfg = Release|x86
		{3C9669ED-5404-4CA2-9D9B-EDBA24979506}.AppStore|iPhoneSimulator.Build.0 = Release|x86
		{3C9669ED-5404-4CA2-9D9B-EDBA24979506}.AppStore|iPhoneSimulator.Deploy.0 = Release|x86
		{3C9669ED-5404-4CA2-9D9B-EDBA24979506}.AppStore|x64.ActiveCfg = Release|x64
		{3C9669ED-5404-4CA2-9D9B-EDBA24979506}.AppStore|x64.Build.0 = Release|x64
		{3C9669ED-5404-4CA2-9D9B-EDBA24979506}.AppStore|x64.Deploy.0 = Release|x64
		{3C9669ED-5404-4CA2-9D9B-EDBA24979506}.AppStore|x86.ActiveCfg = Release|x86
		{3C9669ED-5404-4CA2-9D9B-EDBA24979506}.AppStore|x86.Build.0 = Release|x86
		{3C9669ED-5404-4CA2-9D9B-EDBA24979506}.AppStore|x86.Deploy.0 = Release|x86
		{3C9669ED-5404-4CA2-9D9B-EDBA24979506}.Debug|Any CPU.ActiveCfg = Debug|x86
		{3C9669ED-5404-4CA2-9D9B-EDBA24979506}.Debug|Any CPU.Build.0 = Debug|x86
		{3C9669ED-5404-4CA2-9D9B-EDBA24979506}.Debug|Any CPU.Deploy.0 = Debug|x86
		{3C9669ED-5404-4CA2-9D9B-EDBA24979506}.Debug|ARM.ActiveCfg = Debug|ARM
		{3C9669ED-5404-4CA2-9D9B-EDBA24979506}.Debug|ARM.Build.0 = Debug|ARM
		{3C9669ED-5404-4CA2-9D9B-EDBA24979506}.Debug|ARM.Deploy.0 = Debug|ARM
		{3C9669ED-5404-4CA2-9D9B-EDBA24979506}.Debug|iPhone.ActiveCfg = Debug|x86
		{3C9669ED-5404-4CA2-9D9B-EDBA24979506}.Debug|iPhone.Build.0 = Debug|x86
		{3C9669ED-5404-4CA2-9D9B-EDBA24979506}.Debug|iPhone.Deploy.0 = Debug|x86
		{3C9669ED-5404-4CA2-9D9B-EDBA24979506}.Debug|iPhoneSimulator.ActiveCfg = Debug|x86
		{3C9669ED-5404-4CA2-9D9B-EDBA24979506}.Debug|iPhoneSimulator.Build.0 = Debug|x86
		{3C9669ED-5404-4CA2-9D9B-EDBA24979506}.Debug|iPhoneSimulator.Deploy.0 = Debug|x86
		{3C9669ED-5404-4CA2-9D9B-EDBA24979506}.Debug|x64.ActiveCfg = Debug|x64
		{3C9669ED-5404-4CA2-9D9B-EDBA24979506}.Debug|x64.Build.0 = Debug|x64
		{3C9669ED-5404-4CA2-9D9B-EDBA24979506}.Debug|x64.Deploy.0 = Debug|x64
		{3C9669ED-5404-4CA2-9D9B-EDBA24979506}.Debug|x86.ActiveCfg = Debug|x86
		{3C9669ED-5404-4CA2-9D9B-EDBA24979506}.Debug|x86.Build.0 = Debug|x86
		{3C9669ED-5404-4CA2-9D9B-EDBA24979506}.Debug|x86.Deploy.0 = Debug|x86
		{3C9669ED-5404-4CA2-9D9B-EDBA24979506}.Release|Any CPU.ActiveCfg = Release|x86
		{3C9669ED-5404-4CA2-9D9B-EDBA24979506}.Release|Any CPU.Build.0 = Release|x86
		{3C9669ED-5404-4CA2-9D9B-EDBA24979506}.Release|Any CPU.Deploy.0 = Release|x86
		{3C9669ED-5404-4CA2-9D9B-EDBA24979506}.Release|ARM.ActiveCfg = Release|ARM
		{3C9669ED-5404-4CA2-9D9B-EDBA24979506}.Release|ARM.Build.0 = Release|ARM
		{3C9669ED-5404-4CA2-9D9B-EDBA24979506}.Release|ARM.Deploy.0 = Release|ARM
		{3C9669ED-5404-4CA2-9D9B-EDBA24979506}.Release|iPhone.ActiveCfg = Release|x86
		{3C9669ED-5404-4CA2-9D9B-EDBA24979506}.Release|iPhone.Build.0 = Release|x86
		{3C9669ED-5404-4CA2-9D9B-EDBA24979506}.Release|iPhone.Deploy.0 = Release|x86
		{3C9669ED-5404-4CA2-9D9B-EDBA24979506}.Release|iPhoneSimulator.ActiveCfg = Release|x86
		{3C9669ED-5404-4CA2-9D9B-EDBA24979506}.Release|iPhoneSimulator.Build.0 = Release|x86
		{3C9669ED-5404-4CA2-9D9B-EDBA24979506}.Release|iPhoneSimulator.Deploy.0 = Release|x86
		{3C9669ED-5404-4CA2-9D9B-EDBA24979506}.Release|x64.ActiveCfg = Release|x64
		{3C9669ED-5404-4CA2-9D9B-EDBA24979506}.Release|x64.Build.0 = Release|x64
		{3C9669ED-5404-4CA2-9D9B-EDBA24979506}.Release|x64.Deploy.0 = Release|x64
		{3C9669ED-5404-4CA2-9D9B-EDBA24979506}.Release|x86.ActiveCfg = Release|x86
		{3C9669ED-5404-4CA2-9D9B-EDBA24979506}.Release|x86.Build.0 = Release|x86
		{3C9669ED-5404-4CA2-9D9B-EDBA24979506}.Release|x86.Deploy.0 = Release|x86
	EndGlobalSection
	GlobalSection(SolutionProperties) = preSolution
		HideSolutionNode = FALSE
	EndGlobalSection
	GlobalSection(ExtensibilityGlobals) = postSolution
		SolutionGuid = {BE5B893D-D1C2-49DD-9E2D-002A2265F6CC}
	EndGlobalSection
EndGlobal
