
Microsoft Visual Studio Solution File, Format Version 12.00
# Visual Studio 15
VisualStudioVersion = 15.0.27703.2026
MinimumVisualStudioVersion = 10.0.40219.1
Project("{FAE04EC0-301F-11D3-BF4B-00C04F79EFBC}") = "App1740.Android", "App1740\App1740.Android\App1740.Android.csproj", "{86172DAF-D300-4769-A47B-78D9F0E627E4}"
EndProject
Project("{FAE04EC0-301F-11D3-BF4B-00C04F79EFBC}") = "App1740.iOS", "App1740\App1740.iOS\App1740.iOS.csproj", "{8B971F9F-AC10-43EB-BEF4-141CF0BA70D9}"
EndProject
Project("{FAE04EC0-301F-11D3-BF4B-00C04F79EFBC}") = "App1740.UWP", "App1740\App1740.UWP\App1740.UWP.csproj", "{5F167F94-3FEA-44C3-80FE-D11F6F7FCA16}"
EndProject
Project("{D954291E-2A0B-460D-934E-DC6B0785DB48}") = "App1740", "App1740\App1740\App1740.shproj", "{FCC08D19-71F4-4A2F-9E83-EF1E4D063088}"
EndProject
Global
	GlobalSection(SharedMSBuildProjectFiles) = preSolution
		App1740\App1740\App1740.projitems*{5f167f94-3fea-44c3-80fe-d11f6f7fca16}*SharedItemsImports = 4
		App1740\App1740\App1740.projitems*{86172daf-d300-4769-a47b-78d9f0e627e4}*SharedItemsImports = 4
		App1740\App1740\App1740.projitems*{8b971f9f-ac10-43eb-bef4-141cf0ba70d9}*SharedItemsImports = 4
		App1740\App1740\App1740.projitems*{fcc08d19-71f4-4a2f-9e83-ef1e4d063088}*SharedItemsImports = 13
	EndGlobalSection
	GlobalSection(SolutionConfigurationPlatforms) = preSolution
		Ad-Hoc|Any CPU = Ad-Hoc|Any CPU
		Ad-Hoc|ARM = Ad-Hoc|ARM
		Ad-Hoc|iPhone = Ad-Hoc|iPhone
		Ad-Hoc|iPhoneSimulator = Ad-Hoc|iPhoneSimulator
		Ad-Hoc|x64 = Ad-Hoc|x64
		Ad-Hoc|x86 = Ad-Hoc|x86
		AppStore|Any CPU = AppStore|Any CPU
		AppStore|ARM = AppStore|ARM
		AppStore|iPhone = AppStore|iPhone
		AppStore|iPhoneSimulator = AppStore|iPhoneSimulator
		AppStore|x64 = AppStore|x64
		AppStore|x86 = AppStore|x86
		Debug|Any CPU = Debug|Any CPU
		Debug|ARM = Debug|ARM
		Debug|iPhone = Debug|iPhone
		Debug|iPhoneSimulator = Debug|iPhoneSimulator
		Debug|x64 = Debug|x64
		Debug|x86 = Debug|x86
		Release|Any CPU = Release|Any CPU
		Release|ARM = Release|ARM
		Release|iPhone = Release|iPhone
		Release|iPhoneSimulator = Release|iPhoneSimulator
		Release|x64 = Release|x64
		Release|x86 = Release|x86
	EndGlobalSection
	GlobalSection(ProjectConfigurationPlatforms) = postSolution
		{86172DAF-D300-4769-A47B-78D9F0E627E4}.Ad-Hoc|Any CPU.ActiveCfg = Release|Any CPU
		{86172DAF-D300-4769-A47B-78D9F0E627E4}.Ad-Hoc|Any CPU.Build.0 = Release|Any CPU
		{86172DAF-D300-4769-A47B-78D9F0E627E4}.Ad-Hoc|Any CPU.Deploy.0 = Release|Any CPU
		{86172DAF-D300-4769-A47B-78D9F0E627E4}.Ad-Hoc|ARM.ActiveCfg = Release|Any CPU
		{86172DAF-D300-4769-A47B-78D9F0E627E4}.Ad-Hoc|ARM.Build.0 = Release|Any CPU
		{86172DAF-D300-4769-A47B-78D9F0E627E4}.Ad-Hoc|ARM.Deploy.0 = Release|Any CPU
		{86172DAF-D300-4769-A47B-78D9F0E627E4}.Ad-Hoc|iPhone.ActiveCfg = Release|Any CPU
		{86172DAF-D300-4769-A47B-78D9F0E627E4}.Ad-Hoc|iPhone.Build.0 = Release|Any CPU
		{86172DAF-D300-4769-A47B-78D9F0E627E4}.Ad-Hoc|iPhone.Deploy.0 = Release|Any CPU
		{86172DAF-D300-4769-A47B-78D9F0E627E4}.Ad-Hoc|iPhoneSimulator.ActiveCfg = Release|Any CPU
		{86172DAF-D300-4769-A47B-78D9F0E627E4}.Ad-Hoc|iPhoneSimulator.Build.0 = Release|Any CPU
		{86172DAF-D300-4769-A47B-78D9F0E627E4}.Ad-Hoc|iPhoneSimulator.Deploy.0 = Release|Any CPU
		{86172DAF-D300-4769-A47B-78D9F0E627E4}.Ad-Hoc|x64.ActiveCfg = Release|Any CPU
		{86172DAF-D300-4769-A47B-78D9F0E627E4}.Ad-Hoc|x64.Build.0 = Release|Any CPU
		{86172DAF-D300-4769-A47B-78D9F0E627E4}.Ad-Hoc|x64.Deploy.0 = Release|Any CPU
		{86172DAF-D300-4769-A47B-78D9F0E627E4}.Ad-Hoc|x86.ActiveCfg = Release|Any CPU
		{86172DAF-D300-4769-A47B-78D9F0E627E4}.Ad-Hoc|x86.Build.0 = Release|Any CPU
		{86172DAF-D300-4769-A47B-78D9F0E627E4}.Ad-Hoc|x86.Deploy.0 = Release|Any CPU
		{86172DAF-D300-4769-A47B-78D9F0E627E4}.AppStore|Any CPU.ActiveCfg = Release|Any CPU
		{86172DAF-D300-4769-A47B-78D9F0E627E4}.AppStore|Any CPU.Build.0 = Release|Any CPU
		{86172DAF-D300-4769-A47B-78D9F0E627E4}.AppStore|Any CPU.Deploy.0 = Release|Any CPU
		{86172DAF-D300-4769-A47B-78D9F0E627E4}.AppStore|ARM.ActiveCfg = Release|Any CPU
		{86172DAF-D300-4769-A47B-78D9F0E627E4}.AppStore|ARM.Build.0 = Release|Any CPU
		{86172DAF-D300-4769-A47B-78D9F0E627E4}.AppStore|ARM.Deploy.0 = Release|Any CPU
		{86172DAF-D300-4769-A47B-78D9F0E627E4}.AppStore|iPhone.ActiveCfg = Release|Any CPU
		{86172DAF-D300-4769-A47B-78D9F0E627E4}.AppStore|iPhone.Build.0 = Release|Any CPU
		{86172DAF-D300-4769-A47B-78D9F0E627E4}.AppStore|iPhone.Deploy.0 = Release|Any CPU
		{86172DAF-D300-4769-A47B-78D9F0E627E4}.AppStore|iPhoneSimulator.ActiveCfg = Release|Any CPU
		{86172DAF-D300-4769-A47B-78D9F0E627E4}.AppStore|iPhoneSimulator.Build.0 = Release|Any CPU
		{86172DAF-D300-4769-A47B-78D9F0E627E4}.AppStore|iPhoneSimulator.Deploy.0 = Release|Any CPU
		{86172DAF-D300-4769-A47B-78D9F0E627E4}.AppStore|x64.ActiveCfg = Release|Any CPU
		{86172DAF-D300-4769-A47B-78D9F0E627E4}.AppStore|x64.Build.0 = Release|Any CPU
		{86172DAF-D300-4769-A47B-78D9F0E627E4}.AppStore|x64.Deploy.0 = Release|Any CPU
		{86172DAF-D300-4769-A47B-78D9F0E627E4}.AppStore|x86.ActiveCfg = Release|Any CPU
		{86172DAF-D300-4769-A47B-78D9F0E627E4}.AppStore|x86.Build.0 = Release|Any CPU
		{86172DAF-D300-4769-A47B-78D9F0E627E4}.AppStore|x86.Deploy.0 = Release|Any CPU
		{86172DAF-D300-4769-A47B-78D9F0E627E4}.Debug|Any CPU.ActiveCfg = Debug|Any CPU
		{86172DAF-D300-4769-A47B-78D9F0E627E4}.Debug|Any CPU.Build.0 = Debug|Any CPU
		{86172DAF-D300-4769-A47B-78D9F0E627E4}.Debug|Any CPU.Deploy.0 = Debug|Any CPU
		{86172DAF-D300-4769-A47B-78D9F0E627E4}.Debug|ARM.ActiveCfg = Debug|Any CPU
		{86172DAF-D300-4769-A47B-78D9F0E627E4}.Debug|ARM.Build.0 = Debug|Any CPU
		{86172DAF-D300-4769-A47B-78D9F0E627E4}.Debug|ARM.Deploy.0 = Debug|Any CPU
		{86172DAF-D300-4769-A47B-78D9F0E627E4}.Debug|iPhone.ActiveCfg = Debug|Any CPU
		{86172DAF-D300-4769-A47B-78D9F0E627E4}.Debug|iPhone.Build.0 = Debug|Any CPU
		{86172DAF-D300-4769-A47B-78D9F0E627E4}.Debug|iPhone.Deploy.0 = Debug|Any CPU
		{86172DAF-D300-4769-A47B-78D9F0E627E4}.Debug|iPhoneSimulator.ActiveCfg = Debug|Any CPU
		{86172DAF-D300-4769-A47B-78D9F0E627E4}.Debug|iPhoneSimulator.Build.0 = Debug|Any CPU
		{86172DAF-D300-4769-A47B-78D9F0E627E4}.Debug|iPhoneSimulator.Deploy.0 = Debug|Any CPU
		{86172DAF-D300-4769-A47B-78D9F0E627E4}.Debug|x64.ActiveCfg = Debug|Any CPU
		{86172DAF-D300-4769-A47B-78D9F0E627E4}.Debug|x64.Build.0 = Debug|Any CPU
		{86172DAF-D300-4769-A47B-78D9F0E627E4}.Debug|x64.Deploy.0 = Debug|Any CPU
		{86172DAF-D300-4769-A47B-78D9F0E627E4}.Debug|x86.ActiveCfg = Debug|Any CPU
		{86172DAF-D300-4769-A47B-78D9F0E627E4}.Debug|x86.Build.0 = Debug|Any CPU
		{86172DAF-D300-4769-A47B-78D9F0E627E4}.Debug|x86.Deploy.0 = Debug|Any CPU
		{86172DAF-D300-4769-A47B-78D9F0E627E4}.Release|Any CPU.ActiveCfg = Release|Any CPU
		{86172DAF-D300-4769-A47B-78D9F0E627E4}.Release|Any CPU.Build.0 = Release|Any CPU
		{86172DAF-D300-4769-A47B-78D9F0E627E4}.Release|Any CPU.Deploy.0 = Release|Any CPU
		{86172DAF-D300-4769-A47B-78D9F0E627E4}.Release|ARM.ActiveCfg = Release|Any CPU
		{86172DAF-D300-4769-A47B-78D9F0E627E4}.Release|ARM.Build.0 = Release|Any CPU
		{86172DAF-D300-4769-A47B-78D9F0E627E4}.Release|ARM.Deploy.0 = Release|Any CPU
		{86172DAF-D300-4769-A47B-78D9F0E627E4}.Release|iPhone.ActiveCfg = Release|Any CPU
		{86172DAF-D300-4769-A47B-78D9F0E627E4}.Release|iPhone.Build.0 = Release|Any CPU
		{86172DAF-D300-4769-A47B-78D9F0E627E4}.Release|iPhone.Deploy.0 = Release|Any CPU
		{86172DAF-D300-4769-A47B-78D9F0E627E4}.Release|iPhoneSimulator.ActiveCfg = Release|Any CPU
		{86172DAF-D300-4769-A47B-78D9F0E627E4}.Release|iPhoneSimulator.Build.0 = Release|Any CPU
		{86172DAF-D300-4769-A47B-78D9F0E627E4}.Release|iPhoneSimulator.Deploy.0 = Release|Any CPU
		{86172DAF-D300-4769-A47B-78D9F0E627E4}.Release|x64.ActiveCfg = Release|Any CPU
		{86172DAF-D300-4769-A47B-78D9F0E627E4}.Release|x64.Build.0 = Release|Any CPU
		{86172DAF-D300-4769-A47B-78D9F0E627E4}.Release|x64.Deploy.0 = Release|Any CPU
		{86172DAF-D300-4769-A47B-78D9F0E627E4}.Release|x86.ActiveCfg = Release|Any CPU
		{86172DAF-D300-4769-A47B-78D9F0E627E4}.Release|x86.Build.0 = Release|Any CPU
		{86172DAF-D300-4769-A47B-78D9F0E627E4}.Release|x86.Deploy.0 = Release|Any CPU
		{8B971F9F-AC10-43EB-BEF4-141CF0BA70D9}.Ad-Hoc|Any CPU.ActiveCfg = Ad-Hoc|iPhone
		{8B971F9F-AC10-43EB-BEF4-141CF0BA70D9}.Ad-Hoc|Any CPU.Build.0 = Ad-Hoc|iPhone
		{8B971F9F-AC10-43EB-BEF4-141CF0BA70D9}.Ad-Hoc|Any CPU.Deploy.0 = Ad-Hoc|iPhone
		{8B971F9F-AC10-43EB-BEF4-141CF0BA70D9}.Ad-Hoc|ARM.ActiveCfg = Ad-Hoc|iPhone
		{8B971F9F-AC10-43EB-BEF4-141CF0BA70D9}.Ad-Hoc|ARM.Build.0 = Ad-Hoc|iPhone
		{8B971F9F-AC10-43EB-BEF4-141CF0BA70D9}.Ad-Hoc|ARM.Deploy.0 = Ad-Hoc|iPhone
		{8B971F9F-AC10-43EB-BEF4-141CF0BA70D9}.Ad-Hoc|iPhone.ActiveCfg = Ad-Hoc|iPhone
		{8B971F9F-AC10-43EB-BEF4-141CF0BA70D9}.Ad-Hoc|iPhone.Build.0 = Ad-Hoc|iPhone
		{8B971F9F-AC10-43EB-BEF4-141CF0BA70D9}.Ad-Hoc|iPhone.Deploy.0 = Ad-Hoc|iPhone
		{8B971F9F-AC10-43EB-BEF4-141CF0BA70D9}.Ad-Hoc|iPhoneSimulator.ActiveCfg = Ad-Hoc|iPhoneSimulator
		{8B971F9F-AC10-43EB-BEF4-141CF0BA70D9}.Ad-Hoc|iPhoneSimulator.Build.0 = Ad-Hoc|iPhoneSimulator
		{8B971F9F-AC10-43EB-BEF4-141CF0BA70D9}.Ad-Hoc|iPhoneSimulator.Deploy.0 = Ad-Hoc|iPhoneSimulator
		{8B971F9F-AC10-43EB-BEF4-141CF0BA70D9}.Ad-Hoc|x64.ActiveCfg = Ad-Hoc|iPhone
		{8B971F9F-AC10-43EB-BEF4-141CF0BA70D9}.Ad-Hoc|x64.Build.0 = Ad-Hoc|iPhone
		{8B971F9F-AC10-43EB-BEF4-141CF0BA70D9}.Ad-Hoc|x64.Deploy.0 = Ad-Hoc|iPhone
		{8B971F9F-AC10-43EB-BEF4-141CF0BA70D9}.Ad-Hoc|x86.ActiveCfg = Ad-Hoc|iPhone
		{8B971F9F-AC10-43EB-BEF4-141CF0BA70D9}.Ad-Hoc|x86.Build.0 = Ad-Hoc|iPhone
		{8B971F9F-AC10-43EB-BEF4-141CF0BA70D9}.Ad-Hoc|x86.Deploy.0 = Ad-Hoc|iPhone
		{8B971F9F-AC10-43EB-BEF4-141CF0BA70D9}.AppStore|Any CPU.ActiveCfg = AppStore|iPhone
		{8B971F9F-AC10-43EB-BEF4-141CF0BA70D9}.AppStore|Any CPU.Build.0 = AppStore|iPhone
		{8B971F9F-AC10-43EB-BEF4-141CF0BA70D9}.AppStore|Any CPU.Deploy.0 = AppStore|iPhone
		{8B971F9F-AC10-43EB-BEF4-141CF0BA70D9}.AppStore|ARM.ActiveCfg = AppStore|iPhone
		{8B971F9F-AC10-43EB-BEF4-141CF0BA70D9}.AppStore|ARM.Build.0 = AppStore|iPhone
		{8B971F9F-AC10-43EB-BEF4-141CF0BA70D9}.AppStore|ARM.Deploy.0 = AppStore|iPhone
		{8B971F9F-AC10-43EB-BEF4-141CF0BA70D9}.AppStore|iPhone.ActiveCfg = AppStore|iPhone
		{8B971F9F-AC10-43EB-BEF4-141CF0BA70D9}.AppStore|iPhone.Build.0 = AppStore|iPhone
		{8B971F9F-AC10-43EB-BEF4-141CF0BA70D9}.AppStore|iPhone.Deploy.0 = AppStore|iPhone
		{8B971F9F-AC10-43EB-BEF4-141CF0BA70D9}.AppStore|iPhoneSimulator.ActiveCfg = AppStore|iPhoneSimulator
		{8B971F9F-AC10-43EB-BEF4-141CF0BA70D9}.AppStore|iPhoneSimulator.Build.0 = AppStore|iPhoneSimulator
		{8B971F9F-AC10-43EB-BEF4-141CF0BA70D9}.AppStore|iPhoneSimulator.Deploy.0 = AppStore|iPhoneSimulator
		{8B971F9F-AC10-43EB-BEF4-141CF0BA70D9}.AppStore|x64.ActiveCfg = AppStore|iPhone
		{8B971F9F-AC10-43EB-BEF4-141CF0BA70D9}.AppStore|x64.Build.0 = AppStore|iPhone
		{8B971F9F-AC10-43EB-BEF4-141CF0BA70D9}.AppStore|x64.Deploy.0 = AppStore|iPhone
		{8B971F9F-AC10-43EB-BEF4-141CF0BA70D9}.AppStore|x86.ActiveCfg = AppStore|iPhone
		{8B971F9F-AC10-43EB-BEF4-141CF0BA70D9}.AppStore|x86.Build.0 = AppStore|iPhone
		{8B971F9F-AC10-43EB-BEF4-141CF0BA70D9}.AppStore|x86.Deploy.0 = AppStore|iPhone
		{8B971F9F-AC10-43EB-BEF4-141CF0BA70D9}.Debug|Any CPU.ActiveCfg = Debug|iPhone
		{8B971F9F-AC10-43EB-BEF4-141CF0BA70D9}.Debug|Any CPU.Build.0 = Debug|iPhone
		{8B971F9F-AC10-43EB-BEF4-141CF0BA70D9}.Debug|Any CPU.Deploy.0 = Debug|iPhone
		{8B971F9F-AC10-43EB-BEF4-141CF0BA70D9}.Debug|ARM.ActiveCfg = Debug|iPhone
		{8B971F9F-AC10-43EB-BEF4-141CF0BA70D9}.Debug|ARM.Build.0 = Debug|iPhone
		{8B971F9F-AC10-43EB-BEF4-141CF0BA70D9}.Debug|ARM.Deploy.0 = Debug|iPhone
		{8B971F9F-AC10-43EB-BEF4-141CF0BA70D9}.Debug|iPhone.ActiveCfg = Debug|iPhone
		{8B971F9F-AC10-43EB-BEF4-141CF0BA70D9}.Debug|iPhone.Build.0 = Debug|iPhone
		{8B971F9F-AC10-43EB-BEF4-141CF0BA70D9}.Debug|iPhone.Deploy.0 = Debug|iPhone
		{8B971F9F-AC10-43EB-BEF4-141CF0BA70D9}.Debug|iPhoneSimulator.ActiveCfg = Debug|iPhoneSimulator
		{8B971F9F-AC10-43EB-BEF4-141CF0BA70D9}.Debug|iPhoneSimulator.Build.0 = Debug|iPhoneSimulator
		{8B971F9F-AC10-43EB-BEF4-141CF0BA70D9}.Debug|iPhoneSimulator.Deploy.0 = Debug|iPhoneSimulator
		{8B971F9F-AC10-43EB-BEF4-141CF0BA70D9}.Debug|x64.ActiveCfg = Debug|iPhone
		{8B971F9F-AC10-43EB-BEF4-141CF0BA70D9}.Debug|x64.Build.0 = Debug|iPhone
		{8B971F9F-AC10-43EB-BEF4-141CF0BA70D9}.Debug|x64.Deploy.0 = Debug|iPhone
		{8B971F9F-AC10-43EB-BEF4-141CF0BA70D9}.Debug|x86.ActiveCfg = Debug|iPhoneSimulator
		{8B971F9F-AC10-43EB-BEF4-141CF0BA70D9}.Debug|x86.Build.0 = Debug|iPhoneSimulator
		{8B971F9F-AC10-43EB-BEF4-141CF0BA70D9}.Debug|x86.Deploy.0 = Debug|iPhoneSimulator
		{8B971F9F-AC10-43EB-BEF4-141CF0BA70D9}.Release|Any CPU.ActiveCfg = Release|iPhone
		{8B971F9F-AC10-43EB-BEF4-141CF0BA70D9}.Release|Any CPU.Build.0 = Release|iPhone
		{8B971F9F-AC10-43EB-BEF4-141CF0BA70D9}.Release|Any CPU.Deploy.0 = Release|iPhone
		{8B971F9F-AC10-43EB-BEF4-141CF0BA70D9}.Release|ARM.ActiveCfg = Release|iPhone
		{8B971F9F-AC10-43EB-BEF4-141CF0BA70D9}.Release|ARM.Build.0 = Release|iPhone
		{8B971F9F-AC10-43EB-BEF4-141CF0BA70D9}.Release|ARM.Deploy.0 = Release|iPhone
		{8B971F9F-AC10-43EB-BEF4-141CF0BA70D9}.Release|iPhone.ActiveCfg = Release|iPhone
		{8B971F9F-AC10-43EB-BEF4-141CF0BA70D9}.Release|iPhone.Build.0 = Release|iPhone
		{8B971F9F-AC10-43EB-BEF4-141CF0BA70D9}.Release|iPhone.Deploy.0 = Release|iPhone
		{8B971F9F-AC10-43EB-BEF4-141CF0BA70D9}.Release|iPhoneSimulator.ActiveCfg = Release|iPhoneSimulator
		{8B971F9F-AC10-43EB-BEF4-141CF0BA70D9}.Release|iPhoneSimulator.Build.0 = Release|iPhoneSimulator
		{8B971F9F-AC10-43EB-BEF4-141CF0BA70D9}.Release|iPhoneSimulator.Deploy.0 = Release|iPhoneSimulator
		{8B971F9F-AC10-43EB-BEF4-141CF0BA70D9}.Release|x64.ActiveCfg = Release|iPhone
		{8B971F9F-AC10-43EB-BEF4-141CF0BA70D9}.Release|x64.Build.0 = Release|iPhone
		{8B971F9F-AC10-43EB-BEF4-141CF0BA70D9}.Release|x64.Deploy.0 = Release|iPhone
		{8B971F9F-AC10-43EB-BEF4-141CF0BA70D9}.Release|x86.ActiveCfg = Release|iPhone
		{8B971F9F-AC10-43EB-BEF4-141CF0BA70D9}.Release|x86.Build.0 = Release|iPhone
		{8B971F9F-AC10-43EB-BEF4-141CF0BA70D9}.Release|x86.Deploy.0 = Release|iPhone
		{5F167F94-3FEA-44C3-80FE-D11F6F7FCA16}.Ad-Hoc|Any CPU.ActiveCfg = Release|x86
		{5F167F94-3FEA-44C3-80FE-D11F6F7FCA16}.Ad-Hoc|Any CPU.Build.0 = Release|x86
		{5F167F94-3FEA-44C3-80FE-D11F6F7FCA16}.Ad-Hoc|Any CPU.Deploy.0 = Release|x86
		{5F167F94-3FEA-44C3-80FE-D11F6F7FCA16}.Ad-Hoc|ARM.ActiveCfg = Release|ARM
		{5F167F94-3FEA-44C3-80FE-D11F6F7FCA16}.Ad-Hoc|ARM.Build.0 = Release|ARM
		{5F167F94-3FEA-44C3-80FE-D11F6F7FCA16}.Ad-Hoc|ARM.Deploy.0 = Release|ARM
		{5F167F94-3FEA-44C3-80FE-D11F6F7FCA16}.Ad-Hoc|iPhone.ActiveCfg = Release|x86
		{5F167F94-3FEA-44C3-80FE-D11F6F7FCA16}.Ad-Hoc|iPhone.Build.0 = Release|x86
		{5F167F94-3FEA-44C3-80FE-D11F6F7FCA16}.Ad-Hoc|iPhone.Deploy.0 = Release|x86
		{5F167F94-3FEA-44C3-80FE-D11F6F7FCA16}.Ad-Hoc|iPhoneSimulator.ActiveCfg = Release|x86
		{5F167F94-3FEA-44C3-80FE-D11F6F7FCA16}.Ad-Hoc|iPhoneSimulator.Build.0 = Release|x86
		{5F167F94-3FEA-44C3-80FE-D11F6F7FCA16}.Ad-Hoc|iPhoneSimulator.Deploy.0 = Release|x86
		{5F167F94-3FEA-44C3-80FE-D11F6F7FCA16}.Ad-Hoc|x64.ActiveCfg = Release|x64
		{5F167F94-3FEA-44C3-80FE-D11F6F7FCA16}.Ad-Hoc|x64.Build.0 = Release|x64
		{5F167F94-3FEA-44C3-80FE-D11F6F7FCA16}.Ad-Hoc|x64.Deploy.0 = Release|x64
		{5F167F94-3FEA-44C3-80FE-D11F6F7FCA16}.Ad-Hoc|x86.ActiveCfg = Release|x86
		{5F167F94-3FEA-44C3-80FE-D11F6F7FCA16}.Ad-Hoc|x86.Build.0 = Release|x86
		{5F167F94-3FEA-44C3-80FE-D11F6F7FCA16}.Ad-Hoc|x86.Deploy.0 = Release|x86
		{5F167F94-3FEA-44C3-80FE-D11F6F7FCA16}.AppStore|Any CPU.ActiveCfg = Release|x86
		{5F167F94-3FEA-44C3-80FE-D11F6F7FCA16}.AppStore|Any CPU.Build.0 = Release|x86
		{5F167F94-3FEA-44C3-80FE-D11F6F7FCA16}.AppStore|Any CPU.Deploy.0 = Release|x86
		{5F167F94-3FEA-44C3-80FE-D11F6F7FCA16}.AppStore|ARM.ActiveCfg = Release|ARM
		{5F167F94-3FEA-44C3-80FE-D11F6F7FCA16}.AppStore|ARM.Build.0 = Release|ARM
		{5F167F94-3FEA-44C3-80FE-D11F6F7FCA16}.AppStore|ARM.Deploy.0 = Release|ARM
		{5F167F94-3FEA-44C3-80FE-D11F6F7FCA16}.AppStore|iPhone.ActiveCfg = Release|x86
		{5F167F94-3FEA-44C3-80FE-D11F6F7FCA16}.AppStore|iPhone.Build.0 = Release|x86
		{5F167F94-3FEA-44C3-80FE-D11F6F7FCA16}.AppStore|iPhone.Deploy.0 = Release|x86
		{5F167F94-3FEA-44C3-80FE-D11F6F7FCA16}.AppStore|iPhoneSimulator.ActiveCfg = Release|x86
		{5F167F94-3FEA-44C3-80FE-D11F6F7FCA16}.AppStore|iPhoneSimulator.Build.0 = Release|x86
		{5F167F94-3FEA-44C3-80FE-D11F6F7FCA16}.AppStore|iPhoneSimulator.Deploy.0 = Release|x86
		{5F167F94-3FEA-44C3-80FE-D11F6F7FCA16}.AppStore|x64.ActiveCfg = Release|x64
		{5F167F94-3FEA-44C3-80FE-D11F6F7FCA16}.AppStore|x64.Build.0 = Release|x64
		{5F167F94-3FEA-44C3-80FE-D11F6F7FCA16}.AppStore|x64.Deploy.0 = Release|x64
		{5F167F94-3FEA-44C3-80FE-D11F6F7FCA16}.AppStore|x86.ActiveCfg = Release|x86
		{5F167F94-3FEA-44C3-80FE-D11F6F7FCA16}.AppStore|x86.Build.0 = Release|x86
		{5F167F94-3FEA-44C3-80FE-D11F6F7FCA16}.AppStore|x86.Deploy.0 = Release|x86
		{5F167F94-3FEA-44C3-80FE-D11F6F7FCA16}.Debug|Any CPU.ActiveCfg = Debug|x86
		{5F167F94-3FEA-44C3-80FE-D11F6F7FCA16}.Debug|Any CPU.Build.0 = Debug|x86
		{5F167F94-3FEA-44C3-80FE-D11F6F7FCA16}.Debug|Any CPU.Deploy.0 = Debug|x86
		{5F167F94-3FEA-44C3-80FE-D11F6F7FCA16}.Debug|ARM.ActiveCfg = Debug|ARM
		{5F167F94-3FEA-44C3-80FE-D11F6F7FCA16}.Debug|ARM.Build.0 = Debug|ARM
		{5F167F94-3FEA-44C3-80FE-D11F6F7FCA16}.Debug|ARM.Deploy.0 = Debug|ARM
		{5F167F94-3FEA-44C3-80FE-D11F6F7FCA16}.Debug|iPhone.ActiveCfg = Debug|x86
		{5F167F94-3FEA-44C3-80FE-D11F6F7FCA16}.Debug|iPhone.Build.0 = Debug|x86
		{5F167F94-3FEA-44C3-80FE-D11F6F7FCA16}.Debug|iPhone.Deploy.0 = Debug|x86
		{5F167F94-3FEA-44C3-80FE-D11F6F7FCA16}.Debug|iPhoneSimulator.ActiveCfg = Debug|x86
		{5F167F94-3FEA-44C3-80FE-D11F6F7FCA16}.Debug|iPhoneSimulator.Build.0 = Debug|x86
		{5F167F94-3FEA-44C3-80FE-D11F6F7FCA16}.Debug|iPhoneSimulator.Deploy.0 = Debug|x86
		{5F167F94-3FEA-44C3-80FE-D11F6F7FCA16}.Debug|x64.ActiveCfg = Debug|x64
		{5F167F94-3FEA-44C3-80FE-D11F6F7FCA16}.Debug|x64.Build.0 = Debug|x64
		{5F167F94-3FEA-44C3-80FE-D11F6F7FCA16}.Debug|x64.Deploy.0 = Debug|x64
		{5F167F94-3FEA-44C3-80FE-D11F6F7FCA16}.Debug|x86.ActiveCfg = Debug|x86
		{5F167F94-3FEA-44C3-80FE-D11F6F7FCA16}.Debug|x86.Build.0 = Debug|x86
		{5F167F94-3FEA-44C3-80FE-D11F6F7FCA16}.Debug|x86.Deploy.0 = Debug|x86
		{5F167F94-3FEA-44C3-80FE-D11F6F7FCA16}.Release|Any CPU.ActiveCfg = Release|x86
		{5F167F94-3FEA-44C3-80FE-D11F6F7FCA16}.Release|Any CPU.Build.0 = Release|x86
		{5F167F94-3FEA-44C3-80FE-D11F6F7FCA16}.Release|Any CPU.Deploy.0 = Release|x86
		{5F167F94-3FEA-44C3-80FE-D11F6F7FCA16}.Release|ARM.ActiveCfg = Release|ARM
		{5F167F94-3FEA-44C3-80FE-D11F6F7FCA16}.Release|ARM.Build.0 = Release|ARM
		{5F167F94-3FEA-44C3-80FE-D11F6F7FCA16}.Release|ARM.Deploy.0 = Release|ARM
		{5F167F94-3FEA-44C3-80FE-D11F6F7FCA16}.Release|iPhone.ActiveCfg = Release|x86
		{5F167F94-3FEA-44C3-80FE-D11F6F7FCA16}.Release|iPhone.Build.0 = Release|x86
		{5F167F94-3FEA-44C3-80FE-D11F6F7FCA16}.Release|iPhone.Deploy.0 = Release|x86
		{5F167F94-3FEA-44C3-80FE-D11F6F7FCA16}.Release|iPhoneSimulator.ActiveCfg = Release|x86
		{5F167F94-3FEA-44C3-80FE-D11F6F7FCA16}.Release|iPhoneSimulator.Build.0 = Release|x86
		{5F167F94-3FEA-44C3-80FE-D11F6F7FCA16}.Release|iPhoneSimulator.Deploy.0 = Release|x86
		{5F167F94-3FEA-44C3-80FE-D11F6F7FCA16}.Release|x64.ActiveCfg = Release|x64
		{5F167F94-3FEA-44C3-80FE-D11F6F7FCA16}.Release|x64.Build.0 = Release|x64
		{5F167F94-3FEA-44C3-80FE-D11F6F7FCA16}.Release|x64.Deploy.0 = Release|x64
		{5F167F94-3FEA-44C3-80FE-D11F6F7FCA16}.Release|x86.ActiveCfg = Release|x86
		{5F167F94-3FEA-44C3-80FE-D11F6F7FCA16}.Release|x86.Build.0 = Release|x86
		{5F167F94-3FEA-44C3-80FE-D11F6F7FCA16}.Release|x86.Deploy.0 = Release|x86
	EndGlobalSection
	GlobalSection(SolutionProperties) = preSolution
		HideSolutionNode = FALSE
	EndGlobalSection
	GlobalSection(ExtensibilityGlobals) = postSolution
		SolutionGuid = {8CA8AB20-A2FE-46E1-ADAF-554FA953E003}
	EndGlobalSection
EndGlobal
