
Microsoft Visual Studio Solution File, Format Version 12.00
# Visual Studio 15
VisualStudioVersion = 15.0.27703.2026
MinimumVisualStudioVersion = 10.0.40219.1
Project("{FAE04EC0-301F-11D3-BF4B-00C04F79EFBC}") = "App1720.Android", "App1720\App1720.Android\App1720.Android.csproj", "{19F93CFD-6333-4D6A-ADB9-60825D323528}"
EndProject
Project("{FAE04EC0-301F-11D3-BF4B-00C04F79EFBC}") = "App1720.iOS", "App1720\App1720.iOS\App1720.iOS.csproj", "{E4889602-9F61-4FDA-AB6C-4F408169C5EF}"
EndProject
Project("{FAE04EC0-301F-11D3-BF4B-00C04F79EFBC}") = "App1720.UWP", "App1720\App1720.UWP\App1720.UWP.csproj", "{85495354-C71E-44B4-BC86-F99A925729DB}"
EndProject
Project("{D954291E-2A0B-460D-934E-DC6B0785DB48}") = "App1720", "App1720\App1720\App1720.shproj", "{2747D6C3-0C6F-4238-B152-0E7800564ACA}"
EndProject
Global
	GlobalSection(SharedMSBuildProjectFiles) = preSolution
		App1720\App1720\App1720.projitems*{19f93cfd-6333-4d6a-adb9-60825d323528}*SharedItemsImports = 4
		App1720\App1720\App1720.projitems*{2747d6c3-0c6f-4238-b152-0e7800564aca}*SharedItemsImports = 13
		App1720\App1720\App1720.projitems*{85495354-c71e-44b4-bc86-f99a925729db}*SharedItemsImports = 4
		App1720\App1720\App1720.projitems*{e4889602-9f61-4fda-ab6c-4f408169c5ef}*SharedItemsImports = 4
	EndGlobalSection
	GlobalSection(SolutionConfigurationPlatforms) = preSolution
		Ad-Hoc|Any CPU = Ad-Hoc|Any CPU
		Ad-Hoc|ARM = Ad-Hoc|ARM
		Ad-Hoc|iPhone = Ad-Hoc|iPhone
		Ad-Hoc|iPhoneSimulator = Ad-Hoc|iPhoneSimulator
		Ad-Hoc|x64 = Ad-Hoc|x64
		Ad-Hoc|x86 = Ad-Hoc|x86
		AppStore|Any CPU = AppStore|Any CPU
		AppStore|ARM = AppStore|ARM
		AppStore|iPhone = AppStore|iPhone
		AppStore|iPhoneSimulator = AppStore|iPhoneSimulator
		AppStore|x64 = AppStore|x64
		AppStore|x86 = AppStore|x86
		Debug|Any CPU = Debug|Any CPU
		Debug|ARM = Debug|ARM
		Debug|iPhone = Debug|iPhone
		Debug|iPhoneSimulator = Debug|iPhoneSimulator
		Debug|x64 = Debug|x64
		Debug|x86 = Debug|x86
		Release|Any CPU = Release|Any CPU
		Release|ARM = Release|ARM
		Release|iPhone = Release|iPhone
		Release|iPhoneSimulator = Release|iPhoneSimulator
		Release|x64 = Release|x64
		Release|x86 = Release|x86
	EndGlobalSection
	GlobalSection(ProjectConfigurationPlatforms) = postSolution
		{19F93CFD-6333-4D6A-ADB9-60825D323528}.Ad-Hoc|Any CPU.ActiveCfg = Release|Any CPU
		{19F93CFD-6333-4D6A-ADB9-60825D323528}.Ad-Hoc|Any CPU.Build.0 = Release|Any CPU
		{19F93CFD-6333-4D6A-ADB9-60825D323528}.Ad-Hoc|Any CPU.Deploy.0 = Release|Any CPU
		{19F93CFD-6333-4D6A-ADB9-60825D323528}.Ad-Hoc|ARM.ActiveCfg = Release|Any CPU
		{19F93CFD-6333-4D6A-ADB9-60825D323528}.Ad-Hoc|ARM.Build.0 = Release|Any CPU
		{19F93CFD-6333-4D6A-ADB9-60825D323528}.Ad-Hoc|ARM.Deploy.0 = Release|Any CPU
		{19F93CFD-6333-4D6A-ADB9-60825D323528}.Ad-Hoc|iPhone.ActiveCfg = Release|Any CPU
		{19F93CFD-6333-4D6A-ADB9-60825D323528}.Ad-Hoc|iPhone.Build.0 = Release|Any CPU
		{19F93CFD-6333-4D6A-ADB9-60825D323528}.Ad-Hoc|iPhone.Deploy.0 = Release|Any CPU
		{19F93CFD-6333-4D6A-ADB9-60825D323528}.Ad-Hoc|iPhoneSimulator.ActiveCfg = Release|Any CPU
		{19F93CFD-6333-4D6A-ADB9-60825D323528}.Ad-Hoc|iPhoneSimulator.Build.0 = Release|Any CPU
		{19F93CFD-6333-4D6A-ADB9-60825D323528}.Ad-Hoc|iPhoneSimulator.Deploy.0 = Release|Any CPU
		{19F93CFD-6333-4D6A-ADB9-60825D323528}.Ad-Hoc|x64.ActiveCfg = Release|Any CPU
		{19F93CFD-6333-4D6A-ADB9-60825D323528}.Ad-Hoc|x64.Build.0 = Release|Any CPU
		{19F93CFD-6333-4D6A-ADB9-60825D323528}.Ad-Hoc|x64.Deploy.0 = Release|Any CPU
		{19F93CFD-6333-4D6A-ADB9-60825D323528}.Ad-Hoc|x86.ActiveCfg = Release|Any CPU
		{19F93CFD-6333-4D6A-ADB9-60825D323528}.Ad-Hoc|x86.Build.0 = Release|Any CPU
		{19F93CFD-6333-4D6A-ADB9-60825D323528}.Ad-Hoc|x86.Deploy.0 = Release|Any CPU
		{19F93CFD-6333-4D6A-ADB9-60825D323528}.AppStore|Any CPU.ActiveCfg = Release|Any CPU
		{19F93CFD-6333-4D6A-ADB9-60825D323528}.AppStore|Any CPU.Build.0 = Release|Any CPU
		{19F93CFD-6333-4D6A-ADB9-60825D323528}.AppStore|Any CPU.Deploy.0 = Release|Any CPU
		{19F93CFD-6333-4D6A-ADB9-60825D323528}.AppStore|ARM.ActiveCfg = Release|Any CPU
		{19F93CFD-6333-4D6A-ADB9-60825D323528}.AppStore|ARM.Build.0 = Release|Any CPU
		{19F93CFD-6333-4D6A-ADB9-60825D323528}.AppStore|ARM.Deploy.0 = Release|Any CPU
		{19F93CFD-6333-4D6A-ADB9-60825D323528}.AppStore|iPhone.ActiveCfg = Release|Any CPU
		{19F93CFD-6333-4D6A-ADB9-60825D323528}.AppStore|iPhone.Build.0 = Release|Any CPU
		{19F93CFD-6333-4D6A-ADB9-60825D323528}.AppStore|iPhone.Deploy.0 = Release|Any CPU
		{19F93CFD-6333-4D6A-ADB9-60825D323528}.AppStore|iPhoneSimulator.ActiveCfg = Release|Any CPU
		{19F93CFD-6333-4D6A-ADB9-60825D323528}.AppStore|iPhoneSimulator.Build.0 = Release|Any CPU
		{19F93CFD-6333-4D6A-ADB9-60825D323528}.AppStore|iPhoneSimulator.Deploy.0 = Release|Any CPU
		{19F93CFD-6333-4D6A-ADB9-60825D323528}.AppStore|x64.ActiveCfg = Release|Any CPU
		{19F93CFD-6333-4D6A-ADB9-60825D323528}.AppStore|x64.Build.0 = Release|Any CPU
		{19F93CFD-6333-4D6A-ADB9-60825D323528}.AppStore|x64.Deploy.0 = Release|Any CPU
		{19F93CFD-6333-4D6A-ADB9-60825D323528}.AppStore|x86.ActiveCfg = Release|Any CPU
		{19F93CFD-6333-4D6A-ADB9-60825D323528}.AppStore|x86.Build.0 = Release|Any CPU
		{19F93CFD-6333-4D6A-ADB9-60825D323528}.AppStore|x86.Deploy.0 = Release|Any CPU
		{19F93CFD-6333-4D6A-ADB9-60825D323528}.Debug|Any CPU.ActiveCfg = Debug|Any CPU
		{19F93CFD-6333-4D6A-ADB9-60825D323528}.Debug|Any CPU.Build.0 = Debug|Any CPU
		{19F93CFD-6333-4D6A-ADB9-60825D323528}.Debug|Any CPU.Deploy.0 = Debug|Any CPU
		{19F93CFD-6333-4D6A-ADB9-60825D323528}.Debug|ARM.ActiveCfg = Debug|Any CPU
		{19F93CFD-6333-4D6A-ADB9-60825D323528}.Debug|ARM.Build.0 = Debug|Any CPU
		{19F93CFD-6333-4D6A-ADB9-60825D323528}.Debug|ARM.Deploy.0 = Debug|Any CPU
		{19F93CFD-6333-4D6A-ADB9-60825D323528}.Debug|iPhone.ActiveCfg = Debug|Any CPU
		{19F93CFD-6333-4D6A-ADB9-60825D323528}.Debug|iPhone.Build.0 = Debug|Any CPU
		{19F93CFD-6333-4D6A-ADB9-60825D323528}.Debug|iPhone.Deploy.0 = Debug|Any CPU
		{19F93CFD-6333-4D6A-ADB9-60825D323528}.Debug|iPhoneSimulator.ActiveCfg = Debug|Any CPU
		{19F93CFD-6333-4D6A-ADB9-60825D323528}.Debug|iPhoneSimulator.Build.0 = Debug|Any CPU
		{19F93CFD-6333-4D6A-ADB9-60825D323528}.Debug|iPhoneSimulator.Deploy.0 = Debug|Any CPU
		{19F93CFD-6333-4D6A-ADB9-60825D323528}.Debug|x64.ActiveCfg = Debug|Any CPU
		{19F93CFD-6333-4D6A-ADB9-60825D323528}.Debug|x64.Build.0 = Debug|Any CPU
		{19F93CFD-6333-4D6A-ADB9-60825D323528}.Debug|x64.Deploy.0 = Debug|Any CPU
		{19F93CFD-6333-4D6A-ADB9-60825D323528}.Debug|x86.ActiveCfg = Debug|Any CPU
		{19F93CFD-6333-4D6A-ADB9-60825D323528}.Debug|x86.Build.0 = Debug|Any CPU
		{19F93CFD-6333-4D6A-ADB9-60825D323528}.Debug|x86.Deploy.0 = Debug|Any CPU
		{19F93CFD-6333-4D6A-ADB9-60825D323528}.Release|Any CPU.ActiveCfg = Release|Any CPU
		{19F93CFD-6333-4D6A-ADB9-60825D323528}.Release|Any CPU.Build.0 = Release|Any CPU
		{19F93CFD-6333-4D6A-ADB9-60825D323528}.Release|Any CPU.Deploy.0 = Release|Any CPU
		{19F93CFD-6333-4D6A-ADB9-60825D323528}.Release|ARM.ActiveCfg = Release|Any CPU
		{19F93CFD-6333-4D6A-ADB9-60825D323528}.Release|ARM.Build.0 = Release|Any CPU
		{19F93CFD-6333-4D6A-ADB9-60825D323528}.Release|ARM.Deploy.0 = Release|Any CPU
		{19F93CFD-6333-4D6A-ADB9-60825D323528}.Release|iPhone.ActiveCfg = Release|Any CPU
		{19F93CFD-6333-4D6A-ADB9-60825D323528}.Release|iPhone.Build.0 = Release|Any CPU
		{19F93CFD-6333-4D6A-ADB9-60825D323528}.Release|iPhone.Deploy.0 = Release|Any CPU
		{19F93CFD-6333-4D6A-ADB9-60825D323528}.Release|iPhoneSimulator.ActiveCfg = Release|Any CPU
		{19F93CFD-6333-4D6A-ADB9-60825D323528}.Release|iPhoneSimulator.Build.0 = Release|Any CPU
		{19F93CFD-6333-4D6A-ADB9-60825D323528}.Release|iPhoneSimulator.Deploy.0 = Release|Any CPU
		{19F93CFD-6333-4D6A-ADB9-60825D323528}.Release|x64.ActiveCfg = Release|Any CPU
		{19F93CFD-6333-4D6A-ADB9-60825D323528}.Release|x64.Build.0 = Release|Any CPU
		{19F93CFD-6333-4D6A-ADB9-60825D323528}.Release|x64.Deploy.0 = Release|Any CPU
		{19F93CFD-6333-4D6A-ADB9-60825D323528}.Release|x86.ActiveCfg = Release|Any CPU
		{19F93CFD-6333-4D6A-ADB9-60825D323528}.Release|x86.Build.0 = Release|Any CPU
		{19F93CFD-6333-4D6A-ADB9-60825D323528}.Release|x86.Deploy.0 = Release|Any CPU
		{E4889602-9F61-4FDA-AB6C-4F408169C5EF}.Ad-Hoc|Any CPU.ActiveCfg = Ad-Hoc|iPhone
		{E4889602-9F61-4FDA-AB6C-4F408169C5EF}.Ad-Hoc|Any CPU.Build.0 = Ad-Hoc|iPhone
		{E4889602-9F61-4FDA-AB6C-4F408169C5EF}.Ad-Hoc|Any CPU.Deploy.0 = Ad-Hoc|iPhone
		{E4889602-9F61-4FDA-AB6C-4F408169C5EF}.Ad-Hoc|ARM.ActiveCfg = Ad-Hoc|iPhone
		{E4889602-9F61-4FDA-AB6C-4F408169C5EF}.Ad-Hoc|ARM.Build.0 = Ad-Hoc|iPhone
		{E4889602-9F61-4FDA-AB6C-4F408169C5EF}.Ad-Hoc|ARM.Deploy.0 = Ad-Hoc|iPhone
		{E4889602-9F61-4FDA-AB6C-4F408169C5EF}.Ad-Hoc|iPhone.ActiveCfg = Ad-Hoc|iPhone
		{E4889602-9F61-4FDA-AB6C-4F408169C5EF}.Ad-Hoc|iPhone.Build.0 = Ad-Hoc|iPhone
		{E4889602-9F61-4FDA-AB6C-4F408169C5EF}.Ad-Hoc|iPhone.Deploy.0 = Ad-Hoc|iPhone
		{E4889602-9F61-4FDA-AB6C-4F408169C5EF}.Ad-Hoc|iPhoneSimulator.ActiveCfg = Ad-Hoc|iPhoneSimulator
		{E4889602-9F61-4FDA-AB6C-4F408169C5EF}.Ad-Hoc|iPhoneSimulator.Build.0 = Ad-Hoc|iPhoneSimulator
		{E4889602-9F61-4FDA-AB6C-4F408169C5EF}.Ad-Hoc|iPhoneSimulator.Deploy.0 = Ad-Hoc|iPhoneSimulator
		{E4889602-9F61-4FDA-AB6C-4F408169C5EF}.Ad-Hoc|x64.ActiveCfg = Ad-Hoc|iPhone
		{E4889602-9F61-4FDA-AB6C-4F408169C5EF}.Ad-Hoc|x64.Build.0 = Ad-Hoc|iPhone
		{E4889602-9F61-4FDA-AB6C-4F408169C5EF}.Ad-Hoc|x64.Deploy.0 = Ad-Hoc|iPhone
		{E4889602-9F61-4FDA-AB6C-4F408169C5EF}.Ad-Hoc|x86.ActiveCfg = Ad-Hoc|iPhone
		{E4889602-9F61-4FDA-AB6C-4F408169C5EF}.Ad-Hoc|x86.Build.0 = Ad-Hoc|iPhone
		{E4889602-9F61-4FDA-AB6C-4F408169C5EF}.Ad-Hoc|x86.Deploy.0 = Ad-Hoc|iPhone
		{E4889602-9F61-4FDA-AB6C-4F408169C5EF}.AppStore|Any CPU.ActiveCfg = AppStore|iPhone
		{E4889602-9F61-4FDA-AB6C-4F408169C5EF}.AppStore|Any CPU.Build.0 = AppStore|iPhone
		{E4889602-9F61-4FDA-AB6C-4F408169C5EF}.AppStore|Any CPU.Deploy.0 = AppStore|iPhone
		{E4889602-9F61-4FDA-AB6C-4F408169C5EF}.AppStore|ARM.ActiveCfg = AppStore|iPhone
		{E4889602-9F61-4FDA-AB6C-4F408169C5EF}.AppStore|ARM.Build.0 = AppStore|iPhone
		{E4889602-9F61-4FDA-AB6C-4F408169C5EF}.AppStore|ARM.Deploy.0 = AppStore|iPhone
		{E4889602-9F61-4FDA-AB6C-4F408169C5EF}.AppStore|iPhone.ActiveCfg = AppStore|iPhone
		{E4889602-9F61-4FDA-AB6C-4F408169C5EF}.AppStore|iPhone.Build.0 = AppStore|iPhone
		{E4889602-9F61-4FDA-AB6C-4F408169C5EF}.AppStore|iPhone.Deploy.0 = AppStore|iPhone
		{E4889602-9F61-4FDA-AB6C-4F408169C5EF}.AppStore|iPhoneSimulator.ActiveCfg = AppStore|iPhoneSimulator
		{E4889602-9F61-4FDA-AB6C-4F408169C5EF}.AppStore|iPhoneSimulator.Build.0 = AppStore|iPhoneSimulator
		{E4889602-9F61-4FDA-AB6C-4F408169C5EF}.AppStore|iPhoneSimulator.Deploy.0 = AppStore|iPhoneSimulator
		{E4889602-9F61-4FDA-AB6C-4F408169C5EF}.AppStore|x64.ActiveCfg = AppStore|iPhone
		{E4889602-9F61-4FDA-AB6C-4F408169C5EF}.AppStore|x64.Build.0 = AppStore|iPhone
		{E4889602-9F61-4FDA-AB6C-4F408169C5EF}.AppStore|x64.Deploy.0 = AppStore|iPhone
		{E4889602-9F61-4FDA-AB6C-4F408169C5EF}.AppStore|x86.ActiveCfg = AppStore|iPhone
		{E4889602-9F61-4FDA-AB6C-4F408169C5EF}.AppStore|x86.Build.0 = AppStore|iPhone
		{E4889602-9F61-4FDA-AB6C-4F408169C5EF}.AppStore|x86.Deploy.0 = AppStore|iPhone
		{E4889602-9F61-4FDA-AB6C-4F408169C5EF}.Debug|Any CPU.ActiveCfg = Debug|iPhone
		{E4889602-9F61-4FDA-AB6C-4F408169C5EF}.Debug|Any CPU.Build.0 = Debug|iPhone
		{E4889602-9F61-4FDA-AB6C-4F408169C5EF}.Debug|Any CPU.Deploy.0 = Debug|iPhone
		{E4889602-9F61-4FDA-AB6C-4F408169C5EF}.Debug|ARM.ActiveCfg = Debug|iPhone
		{E4889602-9F61-4FDA-AB6C-4F408169C5EF}.Debug|ARM.Build.0 = Debug|iPhone
		{E4889602-9F61-4FDA-AB6C-4F408169C5EF}.Debug|ARM.Deploy.0 = Debug|iPhone
		{E4889602-9F61-4FDA-AB6C-4F408169C5EF}.Debug|iPhone.ActiveCfg = Debug|iPhone
		{E4889602-9F61-4FDA-AB6C-4F408169C5EF}.Debug|iPhone.Build.0 = Debug|iPhone
		{E4889602-9F61-4FDA-AB6C-4F408169C5EF}.Debug|iPhone.Deploy.0 = Debug|iPhone
		{E4889602-9F61-4FDA-AB6C-4F408169C5EF}.Debug|iPhoneSimulator.ActiveCfg = Debug|iPhoneSimulator
		{E4889602-9F61-4FDA-AB6C-4F408169C5EF}.Debug|iPhoneSimulator.Build.0 = Debug|iPhoneSimulator
		{E4889602-9F61-4FDA-AB6C-4F408169C5EF}.Debug|iPhoneSimulator.Deploy.0 = Debug|iPhoneSimulator
		{E4889602-9F61-4FDA-AB6C-4F408169C5EF}.Debug|x64.ActiveCfg = Debug|iPhone
		{E4889602-9F61-4FDA-AB6C-4F408169C5EF}.Debug|x64.Build.0 = Debug|iPhone
		{E4889602-9F61-4FDA-AB6C-4F408169C5EF}.Debug|x64.Deploy.0 = Debug|iPhone
		{E4889602-9F61-4FDA-AB6C-4F408169C5EF}.Debug|x86.ActiveCfg = Debug|iPhoneSimulator
		{E4889602-9F61-4FDA-AB6C-4F408169C5EF}.Debug|x86.Build.0 = Debug|iPhoneSimulator
		{E4889602-9F61-4FDA-AB6C-4F408169C5EF}.Debug|x86.Deploy.0 = Debug|iPhoneSimulator
		{E4889602-9F61-4FDA-AB6C-4F408169C5EF}.Release|Any CPU.ActiveCfg = Release|iPhone
		{E4889602-9F61-4FDA-AB6C-4F408169C5EF}.Release|Any CPU.Build.0 = Release|iPhone
		{E4889602-9F61-4FDA-AB6C-4F408169C5EF}.Release|Any CPU.Deploy.0 = Release|iPhone
		{E4889602-9F61-4FDA-AB6C-4F408169C5EF}.Release|ARM.ActiveCfg = Release|iPhone
		{E4889602-9F61-4FDA-AB6C-4F408169C5EF}.Release|ARM.Build.0 = Release|iPhone
		{E4889602-9F61-4FDA-AB6C-4F408169C5EF}.Release|ARM.Deploy.0 = Release|iPhone
		{E4889602-9F61-4FDA-AB6C-4F408169C5EF}.Release|iPhone.ActiveCfg = Release|iPhone
		{E4889602-9F61-4FDA-AB6C-4F408169C5EF}.Release|iPhone.Build.0 = Release|iPhone
		{E4889602-9F61-4FDA-AB6C-4F408169C5EF}.Release|iPhone.Deploy.0 = Release|iPhone
		{E4889602-9F61-4FDA-AB6C-4F408169C5EF}.Release|iPhoneSimulator.ActiveCfg = Release|iPhoneSimulator
		{E4889602-9F61-4FDA-AB6C-4F408169C5EF}.Release|iPhoneSimulator.Build.0 = Release|iPhoneSimulator
		{E4889602-9F61-4FDA-AB6C-4F408169C5EF}.Release|iPhoneSimulator.Deploy.0 = Release|iPhoneSimulator
		{E4889602-9F61-4FDA-AB6C-4F408169C5EF}.Release|x64.ActiveCfg = Release|iPhone
		{E4889602-9F61-4FDA-AB6C-4F408169C5EF}.Release|x64.Build.0 = Release|iPhone
		{E4889602-9F61-4FDA-AB6C-4F408169C5EF}.Release|x64.Deploy.0 = Release|iPhone
		{E4889602-9F61-4FDA-AB6C-4F408169C5EF}.Release|x86.ActiveCfg = Release|iPhone
		{E4889602-9F61-4FDA-AB6C-4F408169C5EF}.Release|x86.Build.0 = Release|iPhone
		{E4889602-9F61-4FDA-AB6C-4F408169C5EF}.Release|x86.Deploy.0 = Release|iPhone
		{85495354-C71E-44B4-BC86-F99A925729DB}.Ad-Hoc|Any CPU.ActiveCfg = Release|x86
		{85495354-C71E-44B4-BC86-F99A925729DB}.Ad-Hoc|Any CPU.Build.0 = Release|x86
		{85495354-C71E-44B4-BC86-F99A925729DB}.Ad-Hoc|Any CPU.Deploy.0 = Release|x86
		{85495354-C71E-44B4-BC86-F99A925729DB}.Ad-Hoc|ARM.ActiveCfg = Release|ARM
		{85495354-C71E-44B4-BC86-F99A925729DB}.Ad-Hoc|ARM.Build.0 = Release|ARM
		{85495354-C71E-44B4-BC86-F99A925729DB}.Ad-Hoc|ARM.Deploy.0 = Release|ARM
		{85495354-C71E-44B4-BC86-F99A925729DB}.Ad-Hoc|iPhone.ActiveCfg = Release|x86
		{85495354-C71E-44B4-BC86-F99A925729DB}.Ad-Hoc|iPhone.Build.0 = Release|x86
		{85495354-C71E-44B4-BC86-F99A925729DB}.Ad-Hoc|iPhone.Deploy.0 = Release|x86
		{85495354-C71E-44B4-BC86-F99A925729DB}.Ad-Hoc|iPhoneSimulator.ActiveCfg = Release|x86
		{85495354-C71E-44B4-BC86-F99A925729DB}.Ad-Hoc|iPhoneSimulator.Build.0 = Release|x86
		{85495354-C71E-44B4-BC86-F99A925729DB}.Ad-Hoc|iPhoneSimulator.Deploy.0 = Release|x86
		{85495354-C71E-44B4-BC86-F99A925729DB}.Ad-Hoc|x64.ActiveCfg = Release|x64
		{85495354-C71E-44B4-BC86-F99A925729DB}.Ad-Hoc|x64.Build.0 = Release|x64
		{85495354-C71E-44B4-BC86-F99A925729DB}.Ad-Hoc|x64.Deploy.0 = Release|x64
		{85495354-C71E-44B4-BC86-F99A925729DB}.Ad-Hoc|x86.ActiveCfg = Release|x86
		{85495354-C71E-44B4-BC86-F99A925729DB}.Ad-Hoc|x86.Build.0 = Release|x86
		{85495354-C71E-44B4-BC86-F99A925729DB}.Ad-Hoc|x86.Deploy.0 = Release|x86
		{85495354-C71E-44B4-BC86-F99A925729DB}.AppStore|Any CPU.ActiveCfg = Release|x86
		{85495354-C71E-44B4-BC86-F99A925729DB}.AppStore|Any CPU.Build.0 = Release|x86
		{85495354-C71E-44B4-BC86-F99A925729DB}.AppStore|Any CPU.Deploy.0 = Release|x86
		{85495354-C71E-44B4-BC86-F99A925729DB}.AppStore|ARM.ActiveCfg = Release|ARM
		{85495354-C71E-44B4-BC86-F99A925729DB}.AppStore|ARM.Build.0 = Release|ARM
		{85495354-C71E-44B4-BC86-F99A925729DB}.AppStore|ARM.Deploy.0 = Release|ARM
		{85495354-C71E-44B4-BC86-F99A925729DB}.AppStore|iPhone.ActiveCfg = Release|x86
		{85495354-C71E-44B4-BC86-F99A925729DB}.AppStore|iPhone.Build.0 = Release|x86
		{85495354-C71E-44B4-BC86-F99A925729DB}.AppStore|iPhone.Deploy.0 = Release|x86
		{85495354-C71E-44B4-BC86-F99A925729DB}.AppStore|iPhoneSimulator.ActiveCfg = Release|x86
		{85495354-C71E-44B4-BC86-F99A925729DB}.AppStore|iPhoneSimulator.Build.0 = Release|x86
		{85495354-C71E-44B4-BC86-F99A925729DB}.AppStore|iPhoneSimulator.Deploy.0 = Release|x86
		{85495354-C71E-44B4-BC86-F99A925729DB}.AppStore|x64.ActiveCfg = Release|x64
		{85495354-C71E-44B4-BC86-F99A925729DB}.AppStore|x64.Build.0 = Release|x64
		{85495354-C71E-44B4-BC86-F99A925729DB}.AppStore|x64.Deploy.0 = Release|x64
		{85495354-C71E-44B4-BC86-F99A925729DB}.AppStore|x86.ActiveCfg = Release|x86
		{85495354-C71E-44B4-BC86-F99A925729DB}.AppStore|x86.Build.0 = Release|x86
		{85495354-C71E-44B4-BC86-F99A925729DB}.AppStore|x86.Deploy.0 = Release|x86
		{85495354-C71E-44B4-BC86-F99A925729DB}.Debug|Any CPU.ActiveCfg = Debug|x86
		{85495354-C71E-44B4-BC86-F99A925729DB}.Debug|Any CPU.Build.0 = Debug|x86
		{85495354-C71E-44B4-BC86-F99A925729DB}.Debug|Any CPU.Deploy.0 = Debug|x86
		{85495354-C71E-44B4-BC86-F99A925729DB}.Debug|ARM.ActiveCfg = Debug|ARM
		{85495354-C71E-44B4-BC86-F99A925729DB}.Debug|ARM.Build.0 = Debug|ARM
		{85495354-C71E-44B4-BC86-F99A925729DB}.Debug|ARM.Deploy.0 = Debug|ARM
		{85495354-C71E-44B4-BC86-F99A925729DB}.Debug|iPhone.ActiveCfg = Debug|x86
		{85495354-C71E-44B4-BC86-F99A925729DB}.Debug|iPhone.Build.0 = Debug|x86
		{85495354-C71E-44B4-BC86-F99A925729DB}.Debug|iPhone.Deploy.0 = Debug|x86
		{85495354-C71E-44B4-BC86-F99A925729DB}.Debug|iPhoneSimulator.ActiveCfg = Debug|x86
		{85495354-C71E-44B4-BC86-F99A925729DB}.Debug|iPhoneSimulator.Build.0 = Debug|x86
		{85495354-C71E-44B4-BC86-F99A925729DB}.Debug|iPhoneSimulator.Deploy.0 = Debug|x86
		{85495354-C71E-44B4-BC86-F99A925729DB}.Debug|x64.ActiveCfg = Debug|x64
		{85495354-C71E-44B4-BC86-F99A925729DB}.Debug|x64.Build.0 = Debug|x64
		{85495354-C71E-44B4-BC86-F99A925729DB}.Debug|x64.Deploy.0 = Debug|x64
		{85495354-C71E-44B4-BC86-F99A925729DB}.Debug|x86.ActiveCfg = Debug|x86
		{85495354-C71E-44B4-BC86-F99A925729DB}.Debug|x86.Build.0 = Debug|x86
		{85495354-C71E-44B4-BC86-F99A925729DB}.Debug|x86.Deploy.0 = Debug|x86
		{85495354-C71E-44B4-BC86-F99A925729DB}.Release|Any CPU.ActiveCfg = Release|x86
		{85495354-C71E-44B4-BC86-F99A925729DB}.Release|Any CPU.Build.0 = Release|x86
		{85495354-C71E-44B4-BC86-F99A925729DB}.Release|Any CPU.Deploy.0 = Release|x86
		{85495354-C71E-44B4-BC86-F99A925729DB}.Release|ARM.ActiveCfg = Release|ARM
		{85495354-C71E-44B4-BC86-F99A925729DB}.Release|ARM.Build.0 = Release|ARM
		{85495354-C71E-44B4-BC86-F99A925729DB}.Release|ARM.Deploy.0 = Release|ARM
		{85495354-C71E-44B4-BC86-F99A925729DB}.Release|iPhone.ActiveCfg = Release|x86
		{85495354-C71E-44B4-BC86-F99A925729DB}.Release|iPhone.Build.0 = Release|x86
		{85495354-C71E-44B4-BC86-F99A925729DB}.Release|iPhone.Deploy.0 = Release|x86
		{85495354-C71E-44B4-BC86-F99A925729DB}.Release|iPhoneSimulator.ActiveCfg = Release|x86
		{85495354-C71E-44B4-BC86-F99A925729DB}.Release|iPhoneSimulator.Build.0 = Release|x86
		{85495354-C71E-44B4-BC86-F99A925729DB}.Release|iPhoneSimulator.Deploy.0 = Release|x86
		{85495354-C71E-44B4-BC86-F99A925729DB}.Release|x64.ActiveCfg = Release|x64
		{85495354-C71E-44B4-BC86-F99A925729DB}.Release|x64.Build.0 = Release|x64
		{85495354-C71E-44B4-BC86-F99A925729DB}.Release|x64.Deploy.0 = Release|x64
		{85495354-C71E-44B4-BC86-F99A925729DB}.Release|x86.ActiveCfg = Release|x86
		{85495354-C71E-44B4-BC86-F99A925729DB}.Release|x86.Build.0 = Release|x86
		{85495354-C71E-44B4-BC86-F99A925729DB}.Release|x86.Deploy.0 = Release|x86
	EndGlobalSection
	GlobalSection(SolutionProperties) = preSolution
		HideSolutionNode = FALSE
	EndGlobalSection
	GlobalSection(ExtensibilityGlobals) = postSolution
		SolutionGuid = {AAF881C5-FDB7-4CA5-AC95-2CC9B92C2949}
	EndGlobalSection
EndGlobal
